// !$*UTF8*$!
{
	archiveVersion = 1;
	classes = {
	};
	objectVersion = 46;
	objects = {

/* Begin PBXBuildFile section */
		502698D2130C87D400E67974 /* README.asciidoc in Resources */ = {isa = PBXBuildFile; fileRef = 502698D1130C87D300E67974 /* README.asciidoc */; };
		7318A46B137D294800CBC7A4 /* ReadmillErrorExtensions.h in Headers */ = {isa = PBXBuildFile; fileRef = 7318A469137D294800CBC7A4 /* ReadmillErrorExtensions.h */; settings = {ATTRIBUTES = (Private, ); }; };
		7318A46C137D294800CBC7A4 /* ReadmillErrorExtensions.m in Sources */ = {isa = PBXBuildFile; fileRef = 7318A46A137D294800CBC7A4 /* ReadmillErrorExtensions.m */; };
		7318DE74142C94E50002152C /* ReadmillURLConnection.h in Headers */ = {isa = PBXBuildFile; fileRef = 7318DE72142C94E50002152C /* ReadmillURLConnection.h */; settings = {ATTRIBUTES = (Public, ); }; };
		7318DE75142C94E50002152C /* ReadmillURLConnection.m in Sources */ = {isa = PBXBuildFile; fileRef = 7318DE73142C94E50002152C /* ReadmillURLConnection.m */; };
		7318DE76142C94E50002152C /* ReadmillURLConnection.m in Sources */ = {isa = PBXBuildFile; fileRef = 7318DE73142C94E50002152C /* ReadmillURLConnection.m */; };
		734A51A4135A1DF5009F9794 /* Foundation.framework in Frameworks */ = {isa = PBXBuildFile; fileRef = 96BEAED212F05E80006028D0 /* Foundation.framework */; };
		734A51AE135A1DF5009F9794 /* UIKit.framework in Frameworks */ = {isa = PBXBuildFile; fileRef = 96BEAED012F05E80006028D0 /* UIKit.framework */; };
		734A51AF135A1DF5009F9794 /* Foundation.framework in Frameworks */ = {isa = PBXBuildFile; fileRef = 96BEAED212F05E80006028D0 /* Foundation.framework */; };
		734A51B0135A1DF5009F9794 /* CoreGraphics.framework in Frameworks */ = {isa = PBXBuildFile; fileRef = 96BEAED412F05E80006028D0 /* CoreGraphics.framework */; };
		734A51B3135A1DF5009F9794 /* libReadmillAPI.a in Frameworks */ = {isa = PBXBuildFile; fileRef = 734A51A3135A1DF5009F9794 /* libReadmillAPI.a */; };
		734A51B9135A1DF6009F9794 /* InfoPlist.strings in Resources */ = {isa = PBXBuildFile; fileRef = 734A51B7135A1DF6009F9794 /* InfoPlist.strings */; };
		734A51BC135A1DF6009F9794 /* ReadmillAPITests.h in Resources */ = {isa = PBXBuildFile; fileRef = 734A51BB135A1DF6009F9794 /* ReadmillAPITests.h */; };
		734A51BE135A1DF6009F9794 /* ReadmillAPITests.m in Sources */ = {isa = PBXBuildFile; fileRef = 734A51BD135A1DF6009F9794 /* ReadmillAPITests.m */; };
		734A51D3135A1E10009F9794 /* ReadmillURLExtensions.h in Headers */ = {isa = PBXBuildFile; fileRef = 731471C7135304F900A41B49 /* ReadmillURLExtensions.h */; settings = {ATTRIBUTES = (Private, ); }; };
		734A51D4135A1E10009F9794 /* ReadmillURLExtensions.m in Sources */ = {isa = PBXBuildFile; fileRef = 731471C8135304F900A41B49 /* ReadmillURLExtensions.m */; };
		734A51D5135A1E10009F9794 /* ReadmillDictionaryExtensions.h in Headers */ = {isa = PBXBuildFile; fileRef = 96BEAF0012F06360006028D0 /* ReadmillDictionaryExtensions.h */; settings = {ATTRIBUTES = (Private, ); }; };
		734A51D6135A1E10009F9794 /* ReadmillDictionaryExtensions.m in Sources */ = {isa = PBXBuildFile; fileRef = 96BEAF0112F06360006028D0 /* ReadmillDictionaryExtensions.m */; };
		734A51D7135A1E10009F9794 /* ReadmillStringExtensions.h in Headers */ = {isa = PBXBuildFile; fileRef = 96BEAF0212F06360006028D0 /* ReadmillStringExtensions.h */; settings = {ATTRIBUTES = (Private, ); }; };
		734A51D8135A1E10009F9794 /* ReadmillStringExtensions.m in Sources */ = {isa = PBXBuildFile; fileRef = 96BEAF0312F06360006028D0 /* ReadmillStringExtensions.m */; };
		734A51F2135A1E37009F9794 /* ReadmillBook.h in Headers */ = {isa = PBXBuildFile; fileRef = 96BEAEF512F06360006028D0 /* ReadmillBook.h */; settings = {ATTRIBUTES = (Public, ); }; };
		734A51F3135A1E37009F9794 /* ReadmillBook.m in Sources */ = {isa = PBXBuildFile; fileRef = 96BEAEF612F06360006028D0 /* ReadmillBook.m */; };
		734A51F4135A1E37009F9794 /* ReadmillReading.h in Headers */ = {isa = PBXBuildFile; fileRef = 96BEAEF712F06360006028D0 /* ReadmillReading.h */; settings = {ATTRIBUTES = (Public, ); }; };
		734A51F5135A1E37009F9794 /* ReadmillReading.m in Sources */ = {isa = PBXBuildFile; fileRef = 96BEAEF812F06360006028D0 /* ReadmillReading.m */; };
		734A51F6135A1E37009F9794 /* ReadmillReadingSession.h in Headers */ = {isa = PBXBuildFile; fileRef = 96BEAEF912F06360006028D0 /* ReadmillReadingSession.h */; settings = {ATTRIBUTES = (Public, ); }; };
		734A51F7135A1E37009F9794 /* ReadmillReadingSession.m in Sources */ = {isa = PBXBuildFile; fileRef = 96BEAEFA12F06360006028D0 /* ReadmillReadingSession.m */; };
		734A51F8135A1E37009F9794 /* ReadmillUser.h in Headers */ = {isa = PBXBuildFile; fileRef = 96BEAEFB12F06360006028D0 /* ReadmillUser.h */; settings = {ATTRIBUTES = (Public, ); }; };
		734A51F9135A1E37009F9794 /* ReadmillUser.m in Sources */ = {isa = PBXBuildFile; fileRef = 96BEAEFC12F06360006028D0 /* ReadmillUser.m */; };
		734A51FA135A1E3D009F9794 /* DismissingView.h in Headers */ = {isa = PBXBuildFile; fileRef = 73370EE71341172C00880F5B /* DismissingView.h */; settings = {ATTRIBUTES = (Public, ); }; };
		734A51FB135A1E3D009F9794 /* DismissingView.m in Sources */ = {isa = PBXBuildFile; fileRef = 73370EE81341172C00880F5B /* DismissingView.m */; };
		734A51FC135A1E41009F9794 /* ReadmillUIPresenter.h in Headers */ = {isa = PBXBuildFile; fileRef = 96E2A90212F192EF00D7D249 /* ReadmillUIPresenter.h */; settings = {ATTRIBUTES = (Public, ); }; };
		734A51FD135A1E41009F9794 /* ReadmillUIPresenter.m in Sources */ = {isa = PBXBuildFile; fileRef = 96E2A90312F192EF00D7D249 /* ReadmillUIPresenter.m */; };
		734A51FE135A1E41009F9794 /* ReadmillConnectBookUI.h in Headers */ = {isa = PBXBuildFile; fileRef = 96BEAF3712F071FA006028D0 /* ReadmillConnectBookUI.h */; settings = {ATTRIBUTES = (Public, ); }; };
		734A51FF135A1E41009F9794 /* ReadmillConnectBookUI.m in Sources */ = {isa = PBXBuildFile; fileRef = 96BEAF3812F071FA006028D0 /* ReadmillConnectBookUI.m */; };
		734A5200135A1E41009F9794 /* ReadmillViewReadingUI.h in Headers */ = {isa = PBXBuildFile; fileRef = 96BEAF3D12F0951F006028D0 /* ReadmillViewReadingUI.h */; settings = {ATTRIBUTES = (Public, ); }; };
		734A5201135A1E41009F9794 /* ReadmillViewReadingUI.m in Sources */ = {isa = PBXBuildFile; fileRef = 96BEAF3E12F0951F006028D0 /* ReadmillViewReadingUI.m */; };
		734A5202135A1E41009F9794 /* ReadmillArchiverExtensions.h in Headers */ = {isa = PBXBuildFile; fileRef = 731471EB1353601200A41B49 /* ReadmillArchiverExtensions.h */; settings = {ATTRIBUTES = (Public, ); }; };
		734A5203135A1E41009F9794 /* ReadmillArchiverExtensions.m in Sources */ = {isa = PBXBuildFile; fileRef = 731471EC1353601200A41B49 /* ReadmillArchiverExtensions.m */; };
		734A5204135A1E41009F9794 /* ReadmillAPIConstants.h in Headers */ = {isa = PBXBuildFile; fileRef = 96BEAEFD12F06360006028D0 /* ReadmillAPIConstants.h */; settings = {ATTRIBUTES = (Public, ); }; };
		734A5205135A1E41009F9794 /* ReadmillAPIWrapper.h in Headers */ = {isa = PBXBuildFile; fileRef = 96BEAEFE12F06360006028D0 /* ReadmillAPIWrapper.h */; settings = {ATTRIBUTES = (Public, ); }; };
		734A5206135A1E41009F9794 /* ReadmillAPIWrapper.m in Sources */ = {isa = PBXBuildFile; fileRef = 96BEAEFF12F06360006028D0 /* ReadmillAPIWrapper.m */; };
		734A5207135A1E46009F9794 /* ReadmillSpinner.h in Headers */ = {isa = PBXBuildFile; fileRef = 73370FA21341197300880F5B /* ReadmillSpinner.h */; settings = {ATTRIBUTES = (Public, ); }; };
		735E3E6D13E06E2900930E8C /* JSONKit.m in Sources */ = {isa = PBXBuildFile; fileRef = 735E3E6B13E06E1500930E8C /* JSONKit.m */; };
		735E41C3135A5C7500855884 /* libReadmillAPI.a in Frameworks */ = {isa = PBXBuildFile; fileRef = 734A51A3135A1DF5009F9794 /* libReadmillAPI.a */; };
		735E41C6135A601C00855884 /* ReadmillSpinner.m in Sources */ = {isa = PBXBuildFile; fileRef = 73370FA31341197300880F5B /* ReadmillSpinner.m */; };
		735E41DA135A666D00855884 /* ReadmillPing.h in Headers */ = {isa = PBXBuildFile; fileRef = 735E41D8135A666D00855884 /* ReadmillPing.h */; settings = {ATTRIBUTES = (Private, ); }; };
		735E41DB135A666D00855884 /* ReadmillPing.m in Sources */ = {isa = PBXBuildFile; fileRef = 735E41D9135A666D00855884 /* ReadmillPing.m */; };
		9647F57C12F1A0140088CAA0 /* QuartzCore.framework in Frameworks */ = {isa = PBXBuildFile; fileRef = 9647F57B12F1A0140088CAA0 /* QuartzCore.framework */; };
		9647F58012F1B04C0088CAA0 /* logo.png in Resources */ = {isa = PBXBuildFile; fileRef = 9647F57F12F1B04C0088CAA0 /* logo.png */; };
		966E3E5412F2F7290027E05F /* Readmill_SigningInViewController.m in Sources */ = {isa = PBXBuildFile; fileRef = 966E3E5212F2F7290027E05F /* Readmill_SigningInViewController.m */; };
		966E3E5512F2F7290027E05F /* Readmill_SigningInViewController.xib in Resources */ = {isa = PBXBuildFile; fileRef = 966E3E5312F2F7290027E05F /* Readmill_SigningInViewController.xib */; };
		96BEAED112F05E80006028D0 /* UIKit.framework in Frameworks */ = {isa = PBXBuildFile; fileRef = 96BEAED012F05E80006028D0 /* UIKit.framework */; };
		96BEAED312F05E80006028D0 /* Foundation.framework in Frameworks */ = {isa = PBXBuildFile; fileRef = 96BEAED212F05E80006028D0 /* Foundation.framework */; };
		96BEAED512F05E80006028D0 /* CoreGraphics.framework in Frameworks */ = {isa = PBXBuildFile; fileRef = 96BEAED412F05E80006028D0 /* CoreGraphics.framework */; };
		96F0756D12F061C800F6369D /* Readmill_FrameworkAppDelegate.m in Sources */ = {isa = PBXBuildFile; fileRef = 96F0756C12F061C800F6369D /* Readmill_FrameworkAppDelegate.m */; };
		96F0757912F0620600F6369D /* Readmill_SignedInViewController.m in Sources */ = {isa = PBXBuildFile; fileRef = 96F0757812F0620600F6369D /* Readmill_SignedInViewController.m */; };
		96F0758312F0623400F6369D /* Readmill_Framework-main.m in Sources */ = {isa = PBXBuildFile; fileRef = 96F0758012F0623400F6369D /* Readmill_Framework-main.m */; };
		96F0758612F0624100F6369D /* InfoPlist.strings in Resources */ = {isa = PBXBuildFile; fileRef = 96F0758412F0624100F6369D /* InfoPlist.strings */; };
		96F0758B12F0624F00F6369D /* MainWindow.xib in Resources */ = {isa = PBXBuildFile; fileRef = 96F0758712F0624F00F6369D /* MainWindow.xib */; };
		96F0758C12F0624F00F6369D /* Readmill_SignedInViewController.xib in Resources */ = {isa = PBXBuildFile; fileRef = 96F0758912F0624F00F6369D /* Readmill_SignedInViewController.xib */; };
/* End PBXBuildFile section */

/* Begin PBXContainerItemProxy section */
		734A51B1135A1DF5009F9794 /* PBXContainerItemProxy */ = {
			isa = PBXContainerItemProxy;
			containerPortal = 96BEAEC312F05E80006028D0 /* Project object */;
			proxyType = 1;
			remoteGlobalIDString = 734A51A2135A1DF5009F9794;
			remoteInfo = ReadmillAPI;
		};
		7393DFE913AB6E72005DF46E /* PBXContainerItemProxy */ = {
			isa = PBXContainerItemProxy;
			containerPortal = 96BEAEC312F05E80006028D0 /* Project object */;
			proxyType = 1;
			remoteGlobalIDString = 734A51A2135A1DF5009F9794;
			remoteInfo = ReadmillAPI;
		};
/* End PBXContainerItemProxy section */

/* Begin PBXFileReference section */
		502698D1130C87D300E67974 /* README.asciidoc */ = {isa = PBXFileReference; fileEncoding = 4; lastKnownFileType = text; path = README.asciidoc; sourceTree = "<group>"; };
		731471C7135304F900A41B49 /* ReadmillURLExtensions.h */ = {isa = PBXFileReference; fileEncoding = 4; lastKnownFileType = sourcecode.c.h; name = ReadmillURLExtensions.h; path = Classes/Framework/ReadmillURLExtensions.h; sourceTree = SOURCE_ROOT; };
		731471C8135304F900A41B49 /* ReadmillURLExtensions.m */ = {isa = PBXFileReference; fileEncoding = 4; lastKnownFileType = sourcecode.c.objc; name = ReadmillURLExtensions.m; path = Classes/Framework/ReadmillURLExtensions.m; sourceTree = SOURCE_ROOT; };
		731471EB1353601200A41B49 /* ReadmillArchiverExtensions.h */ = {isa = PBXFileReference; fileEncoding = 4; lastKnownFileType = sourcecode.c.h; lineEnding = 0; name = ReadmillArchiverExtensions.h; path = ../ReadmillArchiverExtensions.h; sourceTree = "<group>"; xcLanguageSpecificationIdentifier = xcode.lang.objcpp; };
		731471EC1353601200A41B49 /* ReadmillArchiverExtensions.m */ = {isa = PBXFileReference; fileEncoding = 4; lastKnownFileType = sourcecode.c.objc; lineEnding = 0; name = ReadmillArchiverExtensions.m; path = ../ReadmillArchiverExtensions.m; sourceTree = "<group>"; xcLanguageSpecificationIdentifier = xcode.lang.objc; };
		7318A469137D294800CBC7A4 /* ReadmillErrorExtensions.h */ = {isa = PBXFileReference; fileEncoding = 4; lastKnownFileType = sourcecode.c.h; name = ReadmillErrorExtensions.h; path = ../ReadmillErrorExtensions.h; sourceTree = "<group>"; };
		7318A46A137D294800CBC7A4 /* ReadmillErrorExtensions.m */ = {isa = PBXFileReference; fileEncoding = 4; lastKnownFileType = sourcecode.c.objc; name = ReadmillErrorExtensions.m; path = ../ReadmillErrorExtensions.m; sourceTree = "<group>"; };
		7318DE72142C94E50002152C /* ReadmillURLConnection.h */ = {isa = PBXFileReference; fileEncoding = 4; lastKnownFileType = sourcecode.c.h; path = ReadmillURLConnection.h; sourceTree = "<group>"; };
		7318DE73142C94E50002152C /* ReadmillURLConnection.m */ = {isa = PBXFileReference; fileEncoding = 4; lastKnownFileType = sourcecode.c.objc; path = ReadmillURLConnection.m; sourceTree = "<group>"; };
		733291061356FC0B0063FBF4 /* ReadmillFramework.app */ = {isa = PBXFileReference; explicitFileType = wrapper.application; includeInIndex = 0; path = ReadmillFramework.app; sourceTree = BUILT_PRODUCTS_DIR; };
		73370EE71341172C00880F5B /* DismissingView.h */ = {isa = PBXFileReference; fileEncoding = 4; lastKnownFileType = sourcecode.c.h; name = DismissingView.h; path = ../UI/DismissingView.h; sourceTree = "<group>"; };
		73370EE81341172C00880F5B /* DismissingView.m */ = {isa = PBXFileReference; fileEncoding = 4; lastKnownFileType = sourcecode.c.objc; name = DismissingView.m; path = ../UI/DismissingView.m; sourceTree = "<group>"; };
		73370FA21341197300880F5B /* ReadmillSpinner.h */ = {isa = PBXFileReference; fileEncoding = 4; lastKnownFileType = sourcecode.c.h; name = ReadmillSpinner.h; path = UI/ReadmillSpinner.h; sourceTree = "<group>"; };
		73370FA31341197300880F5B /* ReadmillSpinner.m */ = {isa = PBXFileReference; fileEncoding = 4; lastKnownFileType = sourcecode.c.objc; name = ReadmillSpinner.m; path = UI/ReadmillSpinner.m; sourceTree = "<group>"; };
		734A51A3135A1DF5009F9794 /* libReadmillAPI.a */ = {isa = PBXFileReference; explicitFileType = archive.ar; includeInIndex = 0; path = libReadmillAPI.a; sourceTree = BUILT_PRODUCTS_DIR; };
		734A51A7135A1DF5009F9794 /* ReadmillAPI-Prefix.pch */ = {isa = PBXFileReference; lastKnownFileType = sourcecode.c.h; path = "ReadmillAPI-Prefix.pch"; sourceTree = "<group>"; };
		734A51AD135A1DF5009F9794 /* ReadmillAPITests.octest */ = {isa = PBXFileReference; explicitFileType = wrapper.cfbundle; includeInIndex = 0; path = ReadmillAPITests.octest; sourceTree = BUILT_PRODUCTS_DIR; };
		734A51B6135A1DF6009F9794 /* ReadmillAPITests-Info.plist */ = {isa = PBXFileReference; lastKnownFileType = text.plist.xml; path = "ReadmillAPITests-Info.plist"; sourceTree = "<group>"; };
		734A51B8135A1DF6009F9794 /* en */ = {isa = PBXFileReference; lastKnownFileType = text.plist.strings; name = en; path = en.lproj/InfoPlist.strings; sourceTree = "<group>"; };
		734A51BA135A1DF6009F9794 /* ReadmillAPITests-Prefix.pch */ = {isa = PBXFileReference; lastKnownFileType = sourcecode.c.h; path = "ReadmillAPITests-Prefix.pch"; sourceTree = "<group>"; };
		734A51BB135A1DF6009F9794 /* ReadmillAPITests.h */ = {isa = PBXFileReference; lastKnownFileType = sourcecode.c.h; path = ReadmillAPITests.h; sourceTree = "<group>"; };
		734A51BD135A1DF6009F9794 /* ReadmillAPITests.m */ = {isa = PBXFileReference; lastKnownFileType = sourcecode.c.objc; lineEnding = 0; path = ReadmillAPITests.m; sourceTree = "<group>"; xcLanguageSpecificationIdentifier = xcode.lang.objc; };
		735E3E6A13E06E1500930E8C /* JSONKit.h */ = {isa = PBXFileReference; fileEncoding = 4; lastKnownFileType = sourcecode.c.h; name = JSONKit.h; path = JSONKit/JSONKit.h; sourceTree = SOURCE_ROOT; };
		735E3E6B13E06E1500930E8C /* JSONKit.m */ = {isa = PBXFileReference; fileEncoding = 4; lastKnownFileType = sourcecode.c.objc; name = JSONKit.m; path = JSONKit/JSONKit.m; sourceTree = SOURCE_ROOT; };
		735E41D8135A666D00855884 /* ReadmillPing.h */ = {isa = PBXFileReference; fileEncoding = 4; lastKnownFileType = sourcecode.c.h; lineEnding = 0; name = ReadmillPing.h; path = Classes/Framework/ReadmillPing.h; sourceTree = SOURCE_ROOT; xcLanguageSpecificationIdentifier = xcode.lang.objcpp; };
		735E41D9135A666D00855884 /* ReadmillPing.m */ = {isa = PBXFileReference; fileEncoding = 4; lastKnownFileType = sourcecode.c.objc; lineEnding = 0; name = ReadmillPing.m; path = Classes/Framework/ReadmillPing.m; sourceTree = SOURCE_ROOT; xcLanguageSpecificationIdentifier = xcode.lang.objc; };
		73C1AAA513E6AFD6006684C6 /* Readmill.bundle */ = {isa = PBXFileReference; lastKnownFileType = "wrapper.plug-in"; path = Readmill.bundle; sourceTree = SOURCE_ROOT; };
		9647F57B12F1A0140088CAA0 /* QuartzCore.framework */ = {isa = PBXFileReference; lastKnownFileType = wrapper.framework; name = QuartzCore.framework; path = System/Library/Frameworks/QuartzCore.framework; sourceTree = SDKROOT; };
		9647F57F12F1B04C0088CAA0 /* logo.png */ = {isa = PBXFileReference; lastKnownFileType = image.png; path = logo.png; sourceTree = "<group>"; };
		966E3E5112F2F7290027E05F /* Readmill_SigningInViewController.h */ = {isa = PBXFileReference; fileEncoding = 4; lastKnownFileType = sourcecode.c.h; name = Readmill_SigningInViewController.h; path = Classes/Readmill_SigningInViewController.h; sourceTree = "<group>"; };
		966E3E5212F2F7290027E05F /* Readmill_SigningInViewController.m */ = {isa = PBXFileReference; fileEncoding = 4; lastKnownFileType = sourcecode.c.objc; name = Readmill_SigningInViewController.m; path = Classes/Readmill_SigningInViewController.m; sourceTree = "<group>"; };
		966E3E5312F2F7290027E05F /* Readmill_SigningInViewController.xib */ = {isa = PBXFileReference; fileEncoding = 4; lastKnownFileType = file.xib; name = Readmill_SigningInViewController.xib; path = Classes/Readmill_SigningInViewController.xib; sourceTree = "<group>"; };
		96BEAED012F05E80006028D0 /* UIKit.framework */ = {isa = PBXFileReference; lastKnownFileType = wrapper.framework; name = UIKit.framework; path = System/Library/Frameworks/UIKit.framework; sourceTree = SDKROOT; };
		96BEAED212F05E80006028D0 /* Foundation.framework */ = {isa = PBXFileReference; lastKnownFileType = wrapper.framework; name = Foundation.framework; path = System/Library/Frameworks/Foundation.framework; sourceTree = SDKROOT; };
		96BEAED412F05E80006028D0 /* CoreGraphics.framework */ = {isa = PBXFileReference; lastKnownFileType = wrapper.framework; name = CoreGraphics.framework; path = System/Library/Frameworks/CoreGraphics.framework; sourceTree = SDKROOT; };
		96BEAEF512F06360006028D0 /* ReadmillBook.h */ = {isa = PBXFileReference; fileEncoding = 4; lastKnownFileType = sourcecode.c.h; path = ReadmillBook.h; sourceTree = "<group>"; };
		96BEAEF612F06360006028D0 /* ReadmillBook.m */ = {isa = PBXFileReference; fileEncoding = 4; lastKnownFileType = sourcecode.c.objc; path = ReadmillBook.m; sourceTree = "<group>"; };
		96BEAEF712F06360006028D0 /* ReadmillReading.h */ = {isa = PBXFileReference; fileEncoding = 4; lastKnownFileType = sourcecode.c.h; lineEnding = 0; path = ReadmillReading.h; sourceTree = "<group>"; xcLanguageSpecificationIdentifier = xcode.lang.objcpp; };
		96BEAEF812F06360006028D0 /* ReadmillReading.m */ = {isa = PBXFileReference; fileEncoding = 4; lastKnownFileType = sourcecode.c.objc; lineEnding = 0; path = ReadmillReading.m; sourceTree = "<group>"; xcLanguageSpecificationIdentifier = xcode.lang.objc; };
		96BEAEF912F06360006028D0 /* ReadmillReadingSession.h */ = {isa = PBXFileReference; fileEncoding = 4; lastKnownFileType = sourcecode.c.h; lineEnding = 0; path = ReadmillReadingSession.h; sourceTree = "<group>"; xcLanguageSpecificationIdentifier = xcode.lang.objcpp; };
		96BEAEFA12F06360006028D0 /* ReadmillReadingSession.m */ = {isa = PBXFileReference; fileEncoding = 4; lastKnownFileType = sourcecode.c.objc; lineEnding = 0; path = ReadmillReadingSession.m; sourceTree = "<group>"; xcLanguageSpecificationIdentifier = xcode.lang.objc; };
		96BEAEFB12F06360006028D0 /* ReadmillUser.h */ = {isa = PBXFileReference; fileEncoding = 4; lastKnownFileType = sourcecode.c.h; lineEnding = 0; path = ReadmillUser.h; sourceTree = "<group>"; xcLanguageSpecificationIdentifier = xcode.lang.objcpp; };
		96BEAEFC12F06360006028D0 /* ReadmillUser.m */ = {isa = PBXFileReference; fileEncoding = 4; lastKnownFileType = sourcecode.c.objc; lineEnding = 0; path = ReadmillUser.m; sourceTree = "<group>"; xcLanguageSpecificationIdentifier = xcode.lang.objc; };
		96BEAEFD12F06360006028D0 /* ReadmillAPIConstants.h */ = {isa = PBXFileReference; fileEncoding = 4; lastKnownFileType = sourcecode.c.h; path = ReadmillAPIConstants.h; sourceTree = "<group>"; };
		96BEAEFE12F06360006028D0 /* ReadmillAPIWrapper.h */ = {isa = PBXFileReference; fileEncoding = 4; lastKnownFileType = sourcecode.c.h; lineEnding = 0; path = ReadmillAPIWrapper.h; sourceTree = "<group>"; xcLanguageSpecificationIdentifier = xcode.lang.objcpp; };
		96BEAEFF12F06360006028D0 /* ReadmillAPIWrapper.m */ = {isa = PBXFileReference; fileEncoding = 4; lastKnownFileType = sourcecode.c.objc; lineEnding = 0; path = ReadmillAPIWrapper.m; sourceTree = "<group>"; xcLanguageSpecificationIdentifier = xcode.lang.objc; };
		96BEAF0012F06360006028D0 /* ReadmillDictionaryExtensions.h */ = {isa = PBXFileReference; fileEncoding = 4; lastKnownFileType = sourcecode.c.h; name = ReadmillDictionaryExtensions.h; path = ../ReadmillDictionaryExtensions.h; sourceTree = "<group>"; };
		96BEAF0112F06360006028D0 /* ReadmillDictionaryExtensions.m */ = {isa = PBXFileReference; fileEncoding = 4; lastKnownFileType = sourcecode.c.objc; name = ReadmillDictionaryExtensions.m; path = ../ReadmillDictionaryExtensions.m; sourceTree = "<group>"; };
		96BEAF0212F06360006028D0 /* ReadmillStringExtensions.h */ = {isa = PBXFileReference; fileEncoding = 4; lastKnownFileType = sourcecode.c.h; name = ReadmillStringExtensions.h; path = ../ReadmillStringExtensions.h; sourceTree = "<group>"; };
		96BEAF0312F06360006028D0 /* ReadmillStringExtensions.m */ = {isa = PBXFileReference; fileEncoding = 4; lastKnownFileType = sourcecode.c.objc; name = ReadmillStringExtensions.m; path = ../ReadmillStringExtensions.m; sourceTree = "<group>"; };
		96BEAF3712F071FA006028D0 /* ReadmillConnectBookUI.h */ = {isa = PBXFileReference; fileEncoding = 4; lastKnownFileType = sourcecode.c.h; lineEnding = 0; name = ReadmillConnectBookUI.h; path = UI/ReadmillConnectBookUI.h; sourceTree = "<group>"; xcLanguageSpecificationIdentifier = xcode.lang.objcpp; };
		96BEAF3812F071FA006028D0 /* ReadmillConnectBookUI.m */ = {isa = PBXFileReference; fileEncoding = 4; lastKnownFileType = sourcecode.c.objc; lineEnding = 0; name = ReadmillConnectBookUI.m; path = UI/ReadmillConnectBookUI.m; sourceTree = "<group>"; xcLanguageSpecificationIdentifier = xcode.lang.objc; };
		96BEAF3D12F0951F006028D0 /* ReadmillViewReadingUI.h */ = {isa = PBXFileReference; fileEncoding = 4; lastKnownFileType = sourcecode.c.h; lineEnding = 0; name = ReadmillViewReadingUI.h; path = UI/ReadmillViewReadingUI.h; sourceTree = "<group>"; xcLanguageSpecificationIdentifier = xcode.lang.objcpp; };
		96BEAF3E12F0951F006028D0 /* ReadmillViewReadingUI.m */ = {isa = PBXFileReference; fileEncoding = 4; lastKnownFileType = sourcecode.c.objc; lineEnding = 0; name = ReadmillViewReadingUI.m; path = UI/ReadmillViewReadingUI.m; sourceTree = "<group>"; xcLanguageSpecificationIdentifier = xcode.lang.objc; };
		96E2A90212F192EF00D7D249 /* ReadmillUIPresenter.h */ = {isa = PBXFileReference; fileEncoding = 4; lastKnownFileType = sourcecode.c.h; name = ReadmillUIPresenter.h; path = UI/ReadmillUIPresenter.h; sourceTree = "<group>"; };
		96E2A90312F192EF00D7D249 /* ReadmillUIPresenter.m */ = {isa = PBXFileReference; fileEncoding = 4; lastKnownFileType = sourcecode.c.objc; name = ReadmillUIPresenter.m; path = UI/ReadmillUIPresenter.m; sourceTree = "<group>"; };
		96F0756B12F061C800F6369D /* Readmill_FrameworkAppDelegate.h */ = {isa = PBXFileReference; fileEncoding = 4; lastKnownFileType = sourcecode.c.h; lineEnding = 0; name = Readmill_FrameworkAppDelegate.h; path = Classes/Readmill_FrameworkAppDelegate.h; sourceTree = "<group>"; xcLanguageSpecificationIdentifier = xcode.lang.objcpp; };
		96F0756C12F061C800F6369D /* Readmill_FrameworkAppDelegate.m */ = {isa = PBXFileReference; fileEncoding = 4; lastKnownFileType = sourcecode.c.objc; name = Readmill_FrameworkAppDelegate.m; path = Classes/Readmill_FrameworkAppDelegate.m; sourceTree = "<group>"; };
		96F0757712F0620600F6369D /* Readmill_SignedInViewController.h */ = {isa = PBXFileReference; fileEncoding = 4; lastKnownFileType = sourcecode.c.h; lineEnding = 0; name = Readmill_SignedInViewController.h; path = Classes/Readmill_SignedInViewController.h; sourceTree = "<group>"; xcLanguageSpecificationIdentifier = xcode.lang.objcpp; };
		96F0757812F0620600F6369D /* Readmill_SignedInViewController.m */ = {isa = PBXFileReference; fileEncoding = 4; lastKnownFileType = sourcecode.c.objc; lineEnding = 0; name = Readmill_SignedInViewController.m; path = Classes/Readmill_SignedInViewController.m; sourceTree = "<group>"; xcLanguageSpecificationIdentifier = xcode.lang.objc; };
		96F0757F12F0623400F6369D /* Readmill_Framework-Info.plist */ = {isa = PBXFileReference; fileEncoding = 4; lastKnownFileType = text.plist.xml; path = "Readmill_Framework-Info.plist"; sourceTree = "<group>"; };
		96F0758012F0623400F6369D /* Readmill_Framework-main.m */ = {isa = PBXFileReference; fileEncoding = 4; lastKnownFileType = sourcecode.c.objc; path = "Readmill_Framework-main.m"; sourceTree = "<group>"; };
		96F0758112F0623400F6369D /* Readmill_Framework-Prefix.pch */ = {isa = PBXFileReference; fileEncoding = 4; lastKnownFileType = sourcecode.c.h; path = "Readmill_Framework-Prefix.pch"; sourceTree = "<group>"; };
		96F0758512F0624100F6369D /* en */ = {isa = PBXFileReference; fileEncoding = 4; lastKnownFileType = text.plist.strings; name = en; path = en.lproj/InfoPlist.strings; sourceTree = "<group>"; };
		96F0758812F0624F00F6369D /* en */ = {isa = PBXFileReference; lastKnownFileType = file.xib; name = en; path = en.lproj/MainWindow.xib; sourceTree = "<group>"; };
		96F0758A12F0624F00F6369D /* en */ = {isa = PBXFileReference; lastKnownFileType = file.xib; name = en; path = en.lproj/Readmill_SignedInViewController.xib; sourceTree = "<group>"; };
/* End PBXFileReference section */

/* Begin PBXFrameworksBuildPhase section */
		734A51A0135A1DF5009F9794 /* Frameworks */ = {
			isa = PBXFrameworksBuildPhase;
			buildActionMask = 2147483647;
			files = (
				734A51A4135A1DF5009F9794 /* Foundation.framework in Frameworks */,
			);
			runOnlyForDeploymentPostprocessing = 0;
		};
		734A51A9135A1DF5009F9794 /* Frameworks */ = {
			isa = PBXFrameworksBuildPhase;
			buildActionMask = 2147483647;
			files = (
				734A51AE135A1DF5009F9794 /* UIKit.framework in Frameworks */,
				734A51AF135A1DF5009F9794 /* Foundation.framework in Frameworks */,
				734A51B0135A1DF5009F9794 /* CoreGraphics.framework in Frameworks */,
				734A51B3135A1DF5009F9794 /* libReadmillAPI.a in Frameworks */,
			);
			runOnlyForDeploymentPostprocessing = 0;
		};
		96BEAEC912F05E80006028D0 /* Frameworks */ = {
			isa = PBXFrameworksBuildPhase;
			buildActionMask = 2147483647;
			files = (
				735E41C3135A5C7500855884 /* libReadmillAPI.a in Frameworks */,
				9647F57C12F1A0140088CAA0 /* QuartzCore.framework in Frameworks */,
				96BEAED112F05E80006028D0 /* UIKit.framework in Frameworks */,
				96BEAED312F05E80006028D0 /* Foundation.framework in Frameworks */,
				96BEAED512F05E80006028D0 /* CoreGraphics.framework in Frameworks */,
			);
			runOnlyForDeploymentPostprocessing = 0;
		};
/* End PBXFrameworksBuildPhase section */

/* Begin PBXGroup section */
		73370FA11341187800880F5B /* Readmill Spinner */ = {
			isa = PBXGroup;
			children = (
				73370FA21341197300880F5B /* ReadmillSpinner.h */,
				73370FA31341197300880F5B /* ReadmillSpinner.m */,
			);
			name = "Readmill Spinner";
			sourceTree = "<group>";
		};
		734A51A5135A1DF5009F9794 /* ReadmillAPI */ = {
			isa = PBXGroup;
			children = (
				734A51A6135A1DF5009F9794 /* Supporting Files */,
			);
			path = ReadmillAPI;
			sourceTree = "<group>";
		};
		734A51A6135A1DF5009F9794 /* Supporting Files */ = {
			isa = PBXGroup;
			children = (
				734A51A7135A1DF5009F9794 /* ReadmillAPI-Prefix.pch */,
			);
			name = "Supporting Files";
			sourceTree = "<group>";
		};
		734A51B4135A1DF6009F9794 /* ReadmillAPITests */ = {
			isa = PBXGroup;
			children = (
				734A51BB135A1DF6009F9794 /* ReadmillAPITests.h */,
				734A51BD135A1DF6009F9794 /* ReadmillAPITests.m */,
				734A51B5135A1DF6009F9794 /* Supporting Files */,
			);
			path = ReadmillAPITests;
			sourceTree = "<group>";
		};
		734A51B5135A1DF6009F9794 /* Supporting Files */ = {
			isa = PBXGroup;
			children = (
				734A51B6135A1DF6009F9794 /* ReadmillAPITests-Info.plist */,
				734A51B7135A1DF6009F9794 /* InfoPlist.strings */,
				734A51BA135A1DF6009F9794 /* ReadmillAPITests-Prefix.pch */,
			);
			name = "Supporting Files";
			sourceTree = "<group>";
		};
		735E41D7135A655B00855884 /* Readmill Helper Classes */ = {
			isa = PBXGroup;
			children = (
				735E41D8135A666D00855884 /* ReadmillPing.h */,
				735E41D9135A666D00855884 /* ReadmillPing.m */,
				73370EE71341172C00880F5B /* DismissingView.h */,
				73370EE81341172C00880F5B /* DismissingView.m */,
			);
			name = "Readmill Helper Classes";
			path = "Object Model";
			sourceTree = "<group>";
		};
		966E3E4F12F2F6EB0027E05F /* Linking A Book */ = {
			isa = PBXGroup;
			children = (
				96F0758912F0624F00F6369D /* Readmill_SignedInViewController.xib */,
				96F0757712F0620600F6369D /* Readmill_SignedInViewController.h */,
				96F0757812F0620600F6369D /* Readmill_SignedInViewController.m */,
			);
			name = "Linking A Book";
			sourceTree = "<group>";
		};
		966E3E5012F2F6FB0027E05F /* Authentication */ = {
			isa = PBXGroup;
			children = (
				96F0756B12F061C800F6369D /* Readmill_FrameworkAppDelegate.h */,
				96F0756C12F061C800F6369D /* Readmill_FrameworkAppDelegate.m */,
				966E3E5112F2F7290027E05F /* Readmill_SigningInViewController.h */,
				966E3E5212F2F7290027E05F /* Readmill_SigningInViewController.m */,
				966E3E5312F2F7290027E05F /* Readmill_SigningInViewController.xib */,
			);
			name = Authentication;
			sourceTree = "<group>";
		};
		96BEAEC112F05E80006028D0 = {
			isa = PBXGroup;
			children = (
				502698D1130C87D300E67974 /* README.asciidoc */,
				73C1AAA513E6AFD6006684C6 /* Readmill.bundle */,
				96BEAEF312F06360006028D0 /* ReadmillFramework */,
				96F0757A12F0620B00F6369D /* Sample Application */,
				734A51A5135A1DF5009F9794 /* ReadmillAPI */,
				734A51B4135A1DF6009F9794 /* ReadmillAPITests */,
				96BEAECF12F05E80006028D0 /* Frameworks */,
				96BEAECD12F05E80006028D0 /* Products */,
			);
			sourceTree = "<group>";
		};
		96BEAECD12F05E80006028D0 /* Products */ = {
			isa = PBXGroup;
			children = (
				733291061356FC0B0063FBF4 /* ReadmillFramework.app */,
				734A51AD135A1DF5009F9794 /* ReadmillAPITests.octest */,
			);
			name = Products;
			sourceTree = "<group>";
		};
		96BEAECF12F05E80006028D0 /* Frameworks */ = {
			isa = PBXGroup;
			children = (
				734A51A3135A1DF5009F9794 /* libReadmillAPI.a */,
				9647F57B12F1A0140088CAA0 /* QuartzCore.framework */,
				96BEAED012F05E80006028D0 /* UIKit.framework */,
				96BEAED212F05E80006028D0 /* Foundation.framework */,
				96BEAED412F05E80006028D0 /* CoreGraphics.framework */,
			);
			name = Frameworks;
			sourceTree = "<group>";
		};
		96BEAEF312F06360006028D0 /* ReadmillFramework */ = {
			isa = PBXGroup;
			children = (
				735E3E6A13E06E1500930E8C /* JSONKit.h */,
				735E3E6B13E06E1500930E8C /* JSONKit.m */,
				735E41D7135A655B00855884 /* Readmill Helper Classes */,
				96BEAF3112F0636C006028D0 /* Extensions */,
				96BEAEF412F06360006028D0 /* Object Model */,
				96BEAF3612F071D6006028D0 /* iPad UI */,
				96BEAEFD12F06360006028D0 /* ReadmillAPIConstants.h */,
				96BEAEFE12F06360006028D0 /* ReadmillAPIWrapper.h */,
				96BEAEFF12F06360006028D0 /* ReadmillAPIWrapper.m */,
				7318DE72142C94E50002152C /* ReadmillURLConnection.h */,
				7318DE73142C94E50002152C /* ReadmillURLConnection.m */,
			);
			name = ReadmillFramework;
			path = Classes/Framework;
			sourceTree = "<group>";
		};
		96BEAEF412F06360006028D0 /* Object Model */ = {
			isa = PBXGroup;
			children = (
				96BEAEF512F06360006028D0 /* ReadmillBook.h */,
				96BEAEF612F06360006028D0 /* ReadmillBook.m */,
				96BEAEF712F06360006028D0 /* ReadmillReading.h */,
				96BEAEF812F06360006028D0 /* ReadmillReading.m */,
				96BEAEF912F06360006028D0 /* ReadmillReadingSession.h */,
				96BEAEFA12F06360006028D0 /* ReadmillReadingSession.m */,
				96BEAEFB12F06360006028D0 /* ReadmillUser.h */,
				96BEAEFC12F06360006028D0 /* ReadmillUser.m */,
			);
			path = "Object Model";
			sourceTree = "<group>";
		};
		96BEAF3112F0636C006028D0 /* Extensions */ = {
			isa = PBXGroup;
			children = (
				731471EB1353601200A41B49 /* ReadmillArchiverExtensions.h */,
				731471EC1353601200A41B49 /* ReadmillArchiverExtensions.m */,
				731471C7135304F900A41B49 /* ReadmillURLExtensions.h */,
				731471C8135304F900A41B49 /* ReadmillURLExtensions.m */,
				96BEAF0012F06360006028D0 /* ReadmillDictionaryExtensions.h */,
				96BEAF0112F06360006028D0 /* ReadmillDictionaryExtensions.m */,
				96BEAF0212F06360006028D0 /* ReadmillStringExtensions.h */,
				96BEAF0312F06360006028D0 /* ReadmillStringExtensions.m */,
				7318A469137D294800CBC7A4 /* ReadmillErrorExtensions.h */,
				7318A46A137D294800CBC7A4 /* ReadmillErrorExtensions.m */,
			);
			name = Extensions;
			path = "Object Model";
			sourceTree = "<group>";
		};
		96BEAF3612F071D6006028D0 /* iPad UI */ = {
			isa = PBXGroup;
			children = (
				73370FA11341187800880F5B /* Readmill Spinner */,
				96E2A90212F192EF00D7D249 /* ReadmillUIPresenter.h */,
				96E2A90312F192EF00D7D249 /* ReadmillUIPresenter.m */,
				96BEAF3712F071FA006028D0 /* ReadmillConnectBookUI.h */,
				96BEAF3812F071FA006028D0 /* ReadmillConnectBookUI.m */,
				96BEAF3D12F0951F006028D0 /* ReadmillViewReadingUI.h */,
				96BEAF3E12F0951F006028D0 /* ReadmillViewReadingUI.m */,
			);
			name = "iPad UI";
			sourceTree = "<group>";
		};
		96F0757A12F0620B00F6369D /* Sample Application */ = {
			isa = PBXGroup;
			children = (
				966E3E5012F2F6FB0027E05F /* Authentication */,
				966E3E4F12F2F6EB0027E05F /* Linking A Book */,
				96F0758712F0624F00F6369D /* MainWindow.xib */,
				9647F57F12F1B04C0088CAA0 /* logo.png */,
				96F0757B12F0622100F6369D /* Supporting Files */,
			);
			name = "Sample Application";
			sourceTree = "<group>";
		};
		96F0757B12F0622100F6369D /* Supporting Files */ = {
			isa = PBXGroup;
			children = (
				96F0757F12F0623400F6369D /* Readmill_Framework-Info.plist */,
				96F0758012F0623400F6369D /* Readmill_Framework-main.m */,
				96F0758112F0623400F6369D /* Readmill_Framework-Prefix.pch */,
				96F0758412F0624100F6369D /* InfoPlist.strings */,
			);
			name = "Supporting Files";
			sourceTree = "<group>";
		};
/* End PBXGroup section */

/* Begin PBXHeadersBuildPhase section */
		734A51A1135A1DF5009F9794 /* Headers */ = {
			isa = PBXHeadersBuildPhase;
			buildActionMask = 2147483647;
			files = (
				734A51F2135A1E37009F9794 /* ReadmillBook.h in Headers */,
				734A51F4135A1E37009F9794 /* ReadmillReading.h in Headers */,
				734A51F6135A1E37009F9794 /* ReadmillReadingSession.h in Headers */,
				734A51F8135A1E37009F9794 /* ReadmillUser.h in Headers */,
				734A51FA135A1E3D009F9794 /* DismissingView.h in Headers */,
				734A51FC135A1E41009F9794 /* ReadmillUIPresenter.h in Headers */,
				734A51FE135A1E41009F9794 /* ReadmillConnectBookUI.h in Headers */,
				734A5200135A1E41009F9794 /* ReadmillViewReadingUI.h in Headers */,
				734A5202135A1E41009F9794 /* ReadmillArchiverExtensions.h in Headers */,
				734A5204135A1E41009F9794 /* ReadmillAPIConstants.h in Headers */,
				734A5205135A1E41009F9794 /* ReadmillAPIWrapper.h in Headers */,
				734A5207135A1E46009F9794 /* ReadmillSpinner.h in Headers */,
				734A51D7135A1E10009F9794 /* ReadmillStringExtensions.h in Headers */,
				734A51D5135A1E10009F9794 /* ReadmillDictionaryExtensions.h in Headers */,
				734A51D3135A1E10009F9794 /* ReadmillURLExtensions.h in Headers */,
				735E41DA135A666D00855884 /* ReadmillPing.h in Headers */,
				7318A46B137D294800CBC7A4 /* ReadmillErrorExtensions.h in Headers */,
				7318DE74142C94E50002152C /* ReadmillURLConnection.h in Headers */,
			);
			runOnlyForDeploymentPostprocessing = 0;
		};
/* End PBXHeadersBuildPhase section */

/* Begin PBXNativeTarget section */
		734A51A2135A1DF5009F9794 /* ReadmillAPI */ = {
			isa = PBXNativeTarget;
			buildConfigurationList = 734A51BF135A1DF6009F9794 /* Build configuration list for PBXNativeTarget "ReadmillAPI" */;
			buildPhases = (
				734A519F135A1DF5009F9794 /* Sources */,
				734A51A0135A1DF5009F9794 /* Frameworks */,
				734A51A1135A1DF5009F9794 /* Headers */,
				73A1E50C135B1A6E00CB5D17 /* ShellScript */,
			);
			buildRules = (
			);
			dependencies = (
			);
			name = ReadmillAPI;
			productName = ReadmillAPI;
			productReference = 734A51A3135A1DF5009F9794 /* libReadmillAPI.a */;
			productType = "com.apple.product-type.library.static";
		};
		734A51AC135A1DF5009F9794 /* ReadmillAPITests */ = {
			isa = PBXNativeTarget;
			buildConfigurationList = 734A51C3135A1DF6009F9794 /* Build configuration list for PBXNativeTarget "ReadmillAPITests" */;
			buildPhases = (
				734A51A8135A1DF5009F9794 /* Sources */,
				734A51A9135A1DF5009F9794 /* Frameworks */,
				734A51AA135A1DF5009F9794 /* Resources */,
				734A51AB135A1DF5009F9794 /* ShellScript */,
			);
			buildRules = (
			);
			dependencies = (
				734A51B2135A1DF5009F9794 /* PBXTargetDependency */,
			);
			name = ReadmillAPITests;
			productName = ReadmillAPITests;
			productReference = 734A51AD135A1DF5009F9794 /* ReadmillAPITests.octest */;
			productType = "com.apple.product-type.bundle";
		};
		96BEAECB12F05E80006028D0 /* ReadmillFramework */ = {
			isa = PBXNativeTarget;
			buildConfigurationList = 96BEAEED12F05E80006028D0 /* Build configuration list for PBXNativeTarget "ReadmillFramework" */;
			buildPhases = (
				96BEAEC812F05E80006028D0 /* Sources */,
				96BEAEC912F05E80006028D0 /* Frameworks */,
				96BEAECA12F05E80006028D0 /* Resources */,
			);
			buildRules = (
			);
			dependencies = (
				7393DFEA13AB6E72005DF46E /* PBXTargetDependency */,
			);
			name = ReadmillFramework;
			productName = "Readmill Framework";
			productReference = 733291061356FC0B0063FBF4 /* ReadmillFramework.app */;
			productType = "com.apple.product-type.application";
		};
/* End PBXNativeTarget section */

/* Begin PBXProject section */
		96BEAEC312F05E80006028D0 /* Project object */ = {
			isa = PBXProject;
			attributes = {
				LastUpgradeCheck = 0420;
				ORGANIZATIONNAME = "KennettNet Software Limited";
			};
			buildConfigurationList = 96BEAEC612F05E80006028D0 /* Build configuration list for PBXProject "ReadmillFramework" */;
			compatibilityVersion = "Xcode 3.2";
			developmentRegion = English;
			hasScannedForEncodings = 0;
			knownRegions = (
				en,
			);
			mainGroup = 96BEAEC112F05E80006028D0;
			productRefGroup = 96BEAECD12F05E80006028D0 /* Products */;
			projectDirPath = "";
			projectRoot = "";
			targets = (
				96BEAECB12F05E80006028D0 /* ReadmillFramework */,
				734A51A2135A1DF5009F9794 /* ReadmillAPI */,
				734A51AC135A1DF5009F9794 /* ReadmillAPITests */,
			);
		};
/* End PBXProject section */

/* Begin PBXResourcesBuildPhase section */
		734A51AA135A1DF5009F9794 /* Resources */ = {
			isa = PBXResourcesBuildPhase;
			buildActionMask = 2147483647;
			files = (
				734A51B9135A1DF6009F9794 /* InfoPlist.strings in Resources */,
				734A51BC135A1DF6009F9794 /* ReadmillAPITests.h in Resources */,
			);
			runOnlyForDeploymentPostprocessing = 0;
		};
		96BEAECA12F05E80006028D0 /* Resources */ = {
			isa = PBXResourcesBuildPhase;
			buildActionMask = 2147483647;
			files = (
				96F0758612F0624100F6369D /* InfoPlist.strings in Resources */,
				96F0758B12F0624F00F6369D /* MainWindow.xib in Resources */,
				96F0758C12F0624F00F6369D /* Readmill_SignedInViewController.xib in Resources */,
				9647F58012F1B04C0088CAA0 /* logo.png in Resources */,
				966E3E5512F2F7290027E05F /* Readmill_SigningInViewController.xib in Resources */,
				502698D2130C87D400E67974 /* README.asciidoc in Resources */,
			);
			runOnlyForDeploymentPostprocessing = 0;
		};
/* End PBXResourcesBuildPhase section */

/* Begin PBXShellScriptBuildPhase section */
		734A51AB135A1DF5009F9794 /* ShellScript */ = {
			isa = PBXShellScriptBuildPhase;
			buildActionMask = 2147483647;
			files = (
			);
			inputPaths = (
			);
			outputPaths = (
			);
			runOnlyForDeploymentPostprocessing = 0;
			shellPath = /bin/sh;
			shellScript = "# Run the unit tests in this test bundle.\n\"${SYSTEM_DEVELOPER_DIR}/Tools/RunUnitTests\"\n";
		};
		73A1E50C135B1A6E00CB5D17 /* ShellScript */ = {
			isa = PBXShellScriptBuildPhase;
			buildActionMask = 2147483647;
			files = (
			);
			inputPaths = (
			);
			outputPaths = (
			);
			runOnlyForDeploymentPostprocessing = 0;
			shellPath = /bin/sh;
			shellScript = "# Version 2.0 (updated for Xcode 4, with some fixes)\n# Changes:\n#    - Works with xcode 4, even when running xcode 3 projects (Workarounds for apple bugs)\n#    - Faster / better: only runs lipo once, instead of once per recursion\n#    - Added some debugging statemetns that can be switched on/off by changing the DEBUG_THIS_SCRIPT variable to \"true\"\n#    - Fixed some typos\n# \n# Purpose:\n#   Create a static library for iPhone from within XCode\n#   Because Apple staff DELIBERATELY broke Xcode to make this impossible from the GUI (Xcode 3.2.3 specifically states this in the Release notes!)\n#   ...no, I don't understand why they did this!\n#\n# Author: Adam Martin - http://twitter.com/redglassesapps\n# Based on: original script from Eonil (main changes: Eonil's script WILL NOT WORK in Xcode GUI - it WILL CRASH YOUR COMPUTER)\n#\n# More info: see this Stack Overflow question: http://stackoverflow.com/questions/3520977/build-fat-static-library-device-simulator-using-xcode-and-sdk-4\n\n#################[ Tests: helps workaround any future bugs in Xcode ]########\n#\nDEBUG_THIS_SCRIPT=\"false\"\n\nif [ $DEBUG_THIS_SCRIPT = \"true\" ]\nthen\necho \"########### TESTS #############\"\necho \"Use the following variables when debugging this script; note that they may change on recursions\"\necho \"BUILD_DIR = $BUILD_DIR\"\necho \"BUILD_ROOT = $BUILD_ROOT\"\necho \"CONFIGURATION_BUILD_DIR = $CONFIGURATION_BUILD_DIR\"\necho \"BUILT_PRODUCTS_DIR = $BUILT_PRODUCTS_DIR\"\necho \"CONFIGURATION_TEMP_DIR = $CONFIGURATION_TEMP_DIR\"\necho \"TARGET_BUILD_DIR = $TARGET_BUILD_DIR\"\nfi\n\n#####################[ part 1 ]##################\n# First, work out the BASESDK version number (NB: Apple ought to report this, but they hide it)\n#    (incidental: searching for substrings in sh is a nightmare! Sob)\n\nSDK_VERSION=$(echo ${SDK_NAME} | grep -o '.\\{3\\}$')\n\n# Next, work out if we're in SIM or DEVICE\n\nif [ ${PLATFORM_NAME} = \"iphonesimulator\" ]\nthen\nOTHER_SDK_TO_BUILD=iphoneos${SDK_VERSION}\nelse\nOTHER_SDK_TO_BUILD=iphonesimulator${SDK_VERSION}\nfi\n\necho \"XCode has selected SDK: ${PLATFORM_NAME} with version: ${SDK_VERSION} (although back-targetting: ${IPHONEOS_DEPLOYMENT_TARGET})\"\necho \"...therefore, OTHER_SDK_TO_BUILD = ${OTHER_SDK_TO_BUILD}\"\n#\n#####################[ end of part 1 ]##################\n\n#####################[ part 2 ]##################\n#\n# IF this is the original invocation, invoke WHATEVER other builds are required\n#\n# Xcode is already building ONE target...\n#\n# ...but this is a LIBRARY, so Apple is wrong to set it to build just one.\n# ...we need to build ALL targets\n# ...we MUST NOT re-build the target that is ALREADY being built: Xcode WILL CRASH YOUR COMPUTER if you try this (infinite recursion!)\n#\n#\n# So: build ONLY the missing platforms/configurations.\n\nif [ \"true\" == ${ALREADYINVOKED:-false} ]\nthen\necho \"RECURSION: I am NOT the root invocation, so I'm NOT going to recurse\"\nelse\n# CRITICAL:\n# Prevent infinite recursion (Xcode sucks)\nexport ALREADYINVOKED=\"true\"\n\necho \"RECURSION: I am the root ... recursing all missing build targets NOW...\"\necho \"RECURSION: ...about to invoke: xcodebuild -configuration \\\"${CONFIGURATION}\\\" -target \\\"${TARGET_NAME}\\\" -sdk \\\"${OTHER_SDK_TO_BUILD}\\\" ${ACTION} RUN_CLANG_STATIC_ANALYZER=NO\"\nxcodebuild -configuration \"${CONFIGURATION}\" -target \"${TARGET_NAME}\" -sdk \"${OTHER_SDK_TO_BUILD}\" ${ACTION} RUN_CLANG_STATIC_ANALYZER=NO BUILD_DIR=\"${BUILD_DIR}\" BUILD_ROOT=\"${BUILD_ROOT}\"\n\nACTION=\"build\"\n\n#Merge all platform binaries as a fat binary for each configurations.\n\n# Calculate where the (multiple) built files are coming from:\nCURRENTCONFIG_DEVICE_DIR=${SYMROOT}/${CONFIGURATION}-iphoneos\nCURRENTCONFIG_SIMULATOR_DIR=${SYMROOT}/${CONFIGURATION}-iphonesimulator\n\necho \"Taking device build from: ${CURRENTCONFIG_DEVICE_DIR}\"\necho \"Taking simulator build from: ${CURRENTCONFIG_SIMULATOR_DIR}\"\n\nCREATING_UNIVERSAL_DIR=${SYMROOT}/${CONFIGURATION}-universal\necho \"...I will output a universal build to: ${CREATING_UNIVERSAL_DIR}\"\n\n# ... remove the products of previous runs of this script\n#      NB: this directory is ONLY created by this script - it should be safe to delete!\n\nrm -rf \"${CREATING_UNIVERSAL_DIR}\"\nmkdir \"${CREATING_UNIVERSAL_DIR}\"\n\n#\necho \"lipo: for current configuration (${CONFIGURATION}) creating output file: ${CREATING_UNIVERSAL_DIR}/${EXECUTABLE_NAME}\"\nlipo -create -output \"${CREATING_UNIVERSAL_DIR}/${EXECUTABLE_NAME}\" \"${CURRENTCONFIG_DEVICE_DIR}/${EXECUTABLE_NAME}\" \"${CURRENTCONFIG_SIMULATOR_DIR}/${EXECUTABLE_NAME}\"\n\n#########\n#\n# Added: StackOverflow suggestion to also copy \"include\" files\n#    (untested, but should work OK)\n#\nif [ -d \"${CURRENTCONFIG_DEVICE_DIR}/usr/local/include\" ]\nthen\nmkdir -p \"${CREATING_UNIVERSAL_DIR}/usr/local/include\"\n# * needs to be outside the double quotes?\ncp \"${CURRENTCONFIG_DEVICE_DIR}/usr/local/include/\"* \"${CREATING_UNIVERSAL_DIR}/usr/local/include\"\nfi\nfi";
		};
/* End PBXShellScriptBuildPhase section */

/* Begin PBXSourcesBuildPhase section */
		734A519F135A1DF5009F9794 /* Sources */ = {
			isa = PBXSourcesBuildPhase;
			buildActionMask = 2147483647;
			files = (
				734A51D4135A1E10009F9794 /* ReadmillURLExtensions.m in Sources */,
				734A51D6135A1E10009F9794 /* ReadmillDictionaryExtensions.m in Sources */,
				734A51D8135A1E10009F9794 /* ReadmillStringExtensions.m in Sources */,
				734A51F3135A1E37009F9794 /* ReadmillBook.m in Sources */,
				734A51F5135A1E37009F9794 /* ReadmillReading.m in Sources */,
				734A51F7135A1E37009F9794 /* ReadmillReadingSession.m in Sources */,
				734A51F9135A1E37009F9794 /* ReadmillUser.m in Sources */,
				734A51FB135A1E3D009F9794 /* DismissingView.m in Sources */,
				734A51FD135A1E41009F9794 /* ReadmillUIPresenter.m in Sources */,
				734A51FF135A1E41009F9794 /* ReadmillConnectBookUI.m in Sources */,
				734A5201135A1E41009F9794 /* ReadmillViewReadingUI.m in Sources */,
				734A5203135A1E41009F9794 /* ReadmillArchiverExtensions.m in Sources */,
				734A5206135A1E41009F9794 /* ReadmillAPIWrapper.m in Sources */,
				735E41C6135A601C00855884 /* ReadmillSpinner.m in Sources */,
				735E41DB135A666D00855884 /* ReadmillPing.m in Sources */,
				7318A46C137D294800CBC7A4 /* ReadmillErrorExtensions.m in Sources */,
				735E3E6D13E06E2900930E8C /* JSONKit.m in Sources */,
				7318DE76142C94E50002152C /* ReadmillURLConnection.m in Sources */,
			);
			runOnlyForDeploymentPostprocessing = 0;
		};
		734A51A8135A1DF5009F9794 /* Sources */ = {
			isa = PBXSourcesBuildPhase;
			buildActionMask = 2147483647;
			files = (
				734A51BE135A1DF6009F9794 /* ReadmillAPITests.m in Sources */,
			);
			runOnlyForDeploymentPostprocessing = 0;
		};
		96BEAEC812F05E80006028D0 /* Sources */ = {
			isa = PBXSourcesBuildPhase;
			buildActionMask = 2147483647;
			files = (
				96F0756D12F061C800F6369D /* Readmill_FrameworkAppDelegate.m in Sources */,
				96F0757912F0620600F6369D /* Readmill_SignedInViewController.m in Sources */,
				96F0758312F0623400F6369D /* Readmill_Framework-main.m in Sources */,
				966E3E5412F2F7290027E05F /* Readmill_SigningInViewController.m in Sources */,
				7318DE75142C94E50002152C /* ReadmillURLConnection.m in Sources */,
			);
			runOnlyForDeploymentPostprocessing = 0;
		};
/* End PBXSourcesBuildPhase section */

/* Begin PBXTargetDependency section */
		734A51B2135A1DF5009F9794 /* PBXTargetDependency */ = {
			isa = PBXTargetDependency;
			target = 734A51A2135A1DF5009F9794 /* ReadmillAPI */;
			targetProxy = 734A51B1135A1DF5009F9794 /* PBXContainerItemProxy */;
		};
		7393DFEA13AB6E72005DF46E /* PBXTargetDependency */ = {
			isa = PBXTargetDependency;
			target = 734A51A2135A1DF5009F9794 /* ReadmillAPI */;
			targetProxy = 7393DFE913AB6E72005DF46E /* PBXContainerItemProxy */;
		};
/* End PBXTargetDependency section */

/* Begin PBXVariantGroup section */
		734A51B7135A1DF6009F9794 /* InfoPlist.strings */ = {
			isa = PBXVariantGroup;
			children = (
				734A51B8135A1DF6009F9794 /* en */,
			);
			name = InfoPlist.strings;
			sourceTree = "<group>";
		};
		96F0758412F0624100F6369D /* InfoPlist.strings */ = {
			isa = PBXVariantGroup;
			children = (
				96F0758512F0624100F6369D /* en */,
			);
			name = InfoPlist.strings;
			sourceTree = "<group>";
		};
		96F0758712F0624F00F6369D /* MainWindow.xib */ = {
			isa = PBXVariantGroup;
			children = (
				96F0758812F0624F00F6369D /* en */,
			);
			name = MainWindow.xib;
			sourceTree = "<group>";
		};
		96F0758912F0624F00F6369D /* Readmill_SignedInViewController.xib */ = {
			isa = PBXVariantGroup;
			children = (
				96F0758A12F0624F00F6369D /* en */,
			);
			name = Readmill_SignedInViewController.xib;
			sourceTree = "<group>";
		};
/* End PBXVariantGroup section */

/* Begin XCBuildConfiguration section */
		734A51C0135A1DF6009F9794 /* Debug */ = {
			isa = XCBuildConfiguration;
			buildSettings = {
				ALWAYS_SEARCH_USER_PATHS = NO;
				CODE_SIGN_IDENTITY = "";
				DSTROOT = /tmp/ReadmillAPI.dst;
				GCC_PRECOMPILE_PREFIX_HEADER = YES;
				GCC_PREFIX_HEADER = "ReadmillAPI/ReadmillAPI-Prefix.pch";
				GCC_SYMBOLS_PRIVATE_EXTERN = NO;
				GCC_VERSION = "";
				IPHONEOS_DEPLOYMENT_TARGET = 4.2;
				OTHER_LDFLAGS = "-ObjC";
				PRIVATE_HEADERS_FOLDER_PATH = "../$(TARGET_NAME)/private";
				PRODUCT_NAME = "$(TARGET_NAME)";
				PUBLIC_HEADERS_FOLDER_PATH = "../$(TARGET_NAME)";
				SKIP_INSTALL = YES;
			};
			name = Debug;
		};
		734A51C1135A1DF6009F9794 /* Release */ = {
			isa = XCBuildConfiguration;
			buildSettings = {
				ALWAYS_SEARCH_USER_PATHS = NO;
				CODE_SIGN_IDENTITY = "";
				DSTROOT = /tmp/ReadmillAPI.dst;
				GCC_PRECOMPILE_PREFIX_HEADER = YES;
				GCC_PREFIX_HEADER = "ReadmillAPI/ReadmillAPI-Prefix.pch";
				GCC_VERSION = "";
				IPHONEOS_DEPLOYMENT_TARGET = 4.2;
				OTHER_LDFLAGS = "-ObjC";
				PRIVATE_HEADERS_FOLDER_PATH = "../$(TARGET_NAME)/private";
				PRODUCT_NAME = "$(TARGET_NAME)";
				PUBLIC_HEADERS_FOLDER_PATH = "../$(TARGET_NAME)";
				SKIP_INSTALL = YES;
			};
			name = Release;
		};
		734A51C2135A1DF6009F9794 /* Distribution */ = {
			isa = XCBuildConfiguration;
			buildSettings = {
				ALWAYS_SEARCH_USER_PATHS = NO;
				CODE_SIGN_IDENTITY = "";
				DSTROOT = /tmp/ReadmillAPI.dst;
				GCC_PRECOMPILE_PREFIX_HEADER = YES;
				GCC_PREFIX_HEADER = "ReadmillAPI/ReadmillAPI-Prefix.pch";
				GCC_VERSION = "";
				IPHONEOS_DEPLOYMENT_TARGET = 4.2;
				OTHER_LDFLAGS = "-ObjC";
				PRIVATE_HEADERS_FOLDER_PATH = "../$(TARGET_NAME)/private";
				PRODUCT_NAME = "$(TARGET_NAME)";
				PUBLIC_HEADERS_FOLDER_PATH = "../$(TARGET_NAME)";
				SKIP_INSTALL = YES;
			};
			name = Distribution;
		};
		734A51C4135A1DF6009F9794 /* Debug */ = {
			isa = XCBuildConfiguration;
			buildSettings = {
				ALWAYS_SEARCH_USER_PATHS = NO;
				ARCHS = "$(ARCHS_STANDARD_32_BIT)";
				FRAMEWORK_SEARCH_PATHS = (
					"$(SDKROOT)/Developer/Library/Frameworks",
					"$(DEVELOPER_LIBRARY_DIR)/Frameworks",
				);
				GCC_PRECOMPILE_PREFIX_HEADER = YES;
				GCC_PREFIX_HEADER = "ReadmillAPITests/ReadmillAPITests-Prefix.pch";
				GCC_SYMBOLS_PRIVATE_EXTERN = NO;
				GCC_VERSION = com.apple.compilers.llvmgcc42;
				INFOPLIST_FILE = "ReadmillAPITests/ReadmillAPITests-Info.plist";
				IPHONEOS_DEPLOYMENT_TARGET = 4.3;
				OTHER_LDFLAGS = (
					"-framework",
					SenTestingKit,
					"-all_load",
					"-ObjC",
				);
				PRODUCT_NAME = "$(TARGET_NAME)";
				WRAPPER_EXTENSION = octest;
			};
			name = Debug;
		};
		734A51C5135A1DF6009F9794 /* Release */ = {
			isa = XCBuildConfiguration;
			buildSettings = {
				ALWAYS_SEARCH_USER_PATHS = NO;
				ARCHS = "$(ARCHS_STANDARD_32_BIT)";
				FRAMEWORK_SEARCH_PATHS = (
					"$(SDKROOT)/Developer/Library/Frameworks",
					"$(DEVELOPER_LIBRARY_DIR)/Frameworks",
				);
				GCC_PRECOMPILE_PREFIX_HEADER = YES;
				GCC_PREFIX_HEADER = "ReadmillAPITests/ReadmillAPITests-Prefix.pch";
				GCC_VERSION = com.apple.compilers.llvmgcc42;
				INFOPLIST_FILE = "ReadmillAPITests/ReadmillAPITests-Info.plist";
				IPHONEOS_DEPLOYMENT_TARGET = 4.3;
				OTHER_LDFLAGS = (
					"-framework",
					SenTestingKit,
					"-all_load",
					"-ObjC",
				);
				PRODUCT_NAME = "$(TARGET_NAME)";
				WRAPPER_EXTENSION = octest;
			};
			name = Release;
		};
		734A51C6135A1DF6009F9794 /* Distribution */ = {
			isa = XCBuildConfiguration;
			buildSettings = {
				ALWAYS_SEARCH_USER_PATHS = NO;
				ARCHS = "$(ARCHS_STANDARD_32_BIT)";
				FRAMEWORK_SEARCH_PATHS = (
					"$(SDKROOT)/Developer/Library/Frameworks",
					"$(DEVELOPER_LIBRARY_DIR)/Frameworks",
				);
				GCC_PRECOMPILE_PREFIX_HEADER = YES;
				GCC_PREFIX_HEADER = "ReadmillAPITests/ReadmillAPITests-Prefix.pch";
				GCC_VERSION = com.apple.compilers.llvmgcc42;
				INFOPLIST_FILE = "ReadmillAPITests/ReadmillAPITests-Info.plist";
				IPHONEOS_DEPLOYMENT_TARGET = 4.3;
				OTHER_LDFLAGS = (
					"-framework",
					SenTestingKit,
					"-all_load",
					"-ObjC",
				);
				PRODUCT_NAME = "$(TARGET_NAME)";
				WRAPPER_EXTENSION = octest;
			};
			name = Distribution;
		};
		73840E061358FD3200553156 /* Distribution */ = {
			isa = XCBuildConfiguration;
			buildSettings = {
				ARCHS = "$(ARCHS_STANDARD_32_BIT)";
				GCC_C_LANGUAGE_STANDARD = gnu99;
				GCC_WARN_ABOUT_RETURN_TYPE = YES;
				GCC_WARN_UNUSED_VARIABLE = YES;
				IPHONEOS_DEPLOYMENT_TARGET = 4.2;
				OTHER_CFLAGS = "-DNS_BLOCK_ASSERTIONS=1";
				SDKROOT = iphoneos;
				TARGETED_DEVICE_FAMILY = 2;
			};
			name = Distribution;
		};
		73840E071358FD3200553156 /* Distribution */ = {
			isa = XCBuildConfiguration;
			buildSettings = {
				ALWAYS_SEARCH_USER_PATHS = NO;
				ARCHS = "$(ARCHS_UNIVERSAL_IPHONE_OS)";
				COPY_PHASE_STRIP = YES;
				GCC_PRECOMPILE_PREFIX_HEADER = YES;
				GCC_PREFIX_HEADER = "Readmill_Framework-Prefix.pch";
				HEADER_SEARCH_PATHS = "$(BUILT_PRODUCTS_DIR)";
				INFOPLIST_FILE = "Readmill_Framework-Info.plist";
				OTHER_LDFLAGS = (
					"-all_load",
					"-ObjC",
				);
				PRODUCT_NAME = ReadmillFramework;
				RUN_CLANG_STATIC_ANALYZER = YES;
				VALIDATE_PRODUCT = YES;
				WRAPPER_EXTENSION = app;
			};
			name = Distribution;
		};
		96BEAEEB12F05E80006028D0 /* Debug */ = {
			isa = XCBuildConfiguration;
			buildSettings = {
				ARCHS = "$(ARCHS_STANDARD_32_BIT)";
				GCC_C_LANGUAGE_STANDARD = gnu99;
				GCC_OPTIMIZATION_LEVEL = 0;
				GCC_PREPROCESSOR_DEFINITIONS = DEBUG;
				GCC_WARN_ABOUT_RETURN_TYPE = YES;
				GCC_WARN_UNUSED_VARIABLE = YES;
				IPHONEOS_DEPLOYMENT_TARGET = 4.2;
				SDKROOT = iphoneos;
				TARGETED_DEVICE_FAMILY = 2;
			};
			name = Debug;
		};
		96BEAEEC12F05E80006028D0 /* Release */ = {
			isa = XCBuildConfiguration;
			buildSettings = {
				ARCHS = "$(ARCHS_STANDARD_32_BIT)";
				GCC_C_LANGUAGE_STANDARD = gnu99;
				GCC_WARN_ABOUT_RETURN_TYPE = YES;
				GCC_WARN_UNUSED_VARIABLE = YES;
				IPHONEOS_DEPLOYMENT_TARGET = 4.2;
				OTHER_CFLAGS = "-DNS_BLOCK_ASSERTIONS=1";
				SDKROOT = iphoneos;
				TARGETED_DEVICE_FAMILY = 2;
			};
			name = Release;
		};
		96BEAEEE12F05E80006028D0 /* Debug */ = {
			isa = XCBuildConfiguration;
			buildSettings = {
				ALWAYS_SEARCH_USER_PATHS = NO;
				ARCHS = "$(ARCHS_UNIVERSAL_IPHONE_OS)";
				COPY_PHASE_STRIP = NO;
				GCC_DYNAMIC_NO_PIC = NO;
				GCC_PRECOMPILE_PREFIX_HEADER = YES;
				GCC_PREFIX_HEADER = "Readmill_Framework-Prefix.pch";
				HEADER_SEARCH_PATHS = "$(BUILT_PRODUCTS_DIR)";
				INFOPLIST_FILE = "Readmill_Framework-Info.plist";
				OTHER_LDFLAGS = (
					"-all_load",
					"-ObjC",
				);
				PRODUCT_NAME = ReadmillFramework;
				RUN_CLANG_STATIC_ANALYZER = YES;
				WRAPPER_EXTENSION = app;
			};
			name = Debug;
		};
		96BEAEEF12F05E80006028D0 /* Release */ = {
			isa = XCBuildConfiguration;
			buildSettings = {
				ALWAYS_SEARCH_USER_PATHS = NO;
				ARCHS = "$(ARCHS_UNIVERSAL_IPHONE_OS)";
				COPY_PHASE_STRIP = YES;
				GCC_PRECOMPILE_PREFIX_HEADER = YES;
				GCC_PREFIX_HEADER = "Readmill_Framework-Prefix.pch";
				HEADER_SEARCH_PATHS = "$(BUILT_PRODUCTS_DIR)";
				INFOPLIST_FILE = "Readmill_Framework-Info.plist";
				OTHER_LDFLAGS = (
					"-all_load",
					"-ObjC",
				);
				PRODUCT_NAME = ReadmillFramework;
				RUN_CLANG_STATIC_ANALYZER = YES;
				VALIDATE_PRODUCT = YES;
				WRAPPER_EXTENSION = app;
			};
			name = Release;
		};
/* End XCBuildConfiguration section */

/* Begin XCConfigurationList section */
		734A51BF135A1DF6009F9794 /* Build configuration list for PBXNativeTarget "ReadmillAPI" */ = {
			isa = XCConfigurationList;
			buildConfigurations = (
				734A51C0135A1DF6009F9794 /* Debug */,
				734A51C1135A1DF6009F9794 /* Release */,
				734A51C2135A1DF6009F9794 /* Distribution */,
			);
			defaultConfigurationIsVisible = 0;
			defaultConfigurationName = Release;
		};
		734A51C3135A1DF6009F9794 /* Build configuration list for PBXNativeTarget "ReadmillAPITests" */ = {
			isa = XCConfigurationList;
			buildConfigurations = (
				734A51C4135A1DF6009F9794 /* Debug */,
				734A51C5135A1DF6009F9794 /* Release */,
				734A51C6135A1DF6009F9794 /* Distribution */,
			);
			defaultConfigurationIsVisible = 0;
			defaultConfigurationName = Release;
		};
		96BEAEC612F05E80006028D0 /* Build configuration list for PBXProject "ReadmillFramework" */ = {
			isa = XCConfigurationList;
			buildConfigurations = (
				96BEAEEB12F05E80006028D0 /* Debug */,
				96BEAEEC12F05E80006028D0 /* Release */,
				73840E061358FD3200553156 /* Distribution */,
			);
			defaultConfigurationIsVisible = 0;
			defaultConfigurationName = Release;
		};
		96BEAEED12F05E80006028D0 /* Build configuration list for PBXNativeTarget "ReadmillFramework" */ = {
			isa = XCConfigurationList;
			buildConfigurations = (
				96BEAEEE12F05E80006028D0 /* Debug */,
				96BEAEEF12F05E80006028D0 /* Release */,
				73840E071358FD3200553156 /* Distribution */,
			);
			defaultConfigurationIsVisible = 0;
			defaultConfigurationName = Release;
		};
/* End XCConfigurationList section */
	};
	rootObject = 96BEAEC312F05E80006028D0 /* Project object */;
}
