// !$*UTF8*$!
{
	archiveVersion = 1;
	classes = {
	};
	objectVersion = 46;
	objects = {

/* Begin PBXBuildFile section */
		502698D2130C87D400E67974 /* README.asciidoc in Resources */ = {isa = PBXBuildFile; fileRef = 502698D1130C87D300E67974 /* README.asciidoc */; };
		732365891355E5D9004B1EB9 /* Foundation.framework in Frameworks */ = {isa = PBXBuildFile; fileRef = 96BEAED212F05E80006028D0 /* Foundation.framework */; };
		732365931355E5D9004B1EB9 /* UIKit.framework in Frameworks */ = {isa = PBXBuildFile; fileRef = 96BEAED012F05E80006028D0 /* UIKit.framework */; };
		732365941355E5D9004B1EB9 /* Foundation.framework in Frameworks */ = {isa = PBXBuildFile; fileRef = 96BEAED212F05E80006028D0 /* Foundation.framework */; };
		732365951355E5D9004B1EB9 /* CoreGraphics.framework in Frameworks */ = {isa = PBXBuildFile; fileRef = 96BEAED412F05E80006028D0 /* CoreGraphics.framework */; };
		732365981355E5D9004B1EB9 /* libReadmill.a in Frameworks */ = {isa = PBXBuildFile; fileRef = 732365881355E5D8004B1EB9 /* libReadmill.a */; };
		7323659E1355E5D9004B1EB9 /* InfoPlist.strings in Resources */ = {isa = PBXBuildFile; fileRef = 7323659C1355E5D9004B1EB9 /* InfoPlist.strings */; };
		732365A11355E5D9004B1EB9 /* ReadmillTests.h in Resources */ = {isa = PBXBuildFile; fileRef = 732365A01355E5D9004B1EB9 /* ReadmillTests.h */; };
		732365A31355E5D9004B1EB9 /* ReadmillTests.m in Sources */ = {isa = PBXBuildFile; fileRef = 732365A21355E5D9004B1EB9 /* ReadmillTests.m */; };
		732365AA1355E914004B1EB9 /* ReadmillURLExtensions.m in Sources */ = {isa = PBXBuildFile; fileRef = 731471C8135304F900A41B49 /* ReadmillURLExtensions.m */; };
		732365AB1355E914004B1EB9 /* ReadmillDictionaryExtensions.m in Sources */ = {isa = PBXBuildFile; fileRef = 96BEAF0112F06360006028D0 /* ReadmillDictionaryExtensions.m */; };
		732365AC1355E914004B1EB9 /* ReadmillStringExtensions.m in Sources */ = {isa = PBXBuildFile; fileRef = 96BEAF0312F06360006028D0 /* ReadmillStringExtensions.m */; };
		732365AE1355E91C004B1EB9 /* CDataScanner.m in Sources */ = {isa = PBXBuildFile; fileRef = 96BEAF0612F06360006028D0 /* CDataScanner.m */; };
		732365AF1355E924004B1EB9 /* CFilteringJSONSerializer.m in Sources */ = {isa = PBXBuildFile; fileRef = 96BEAF0912F06360006028D0 /* CFilteringJSONSerializer.m */; };
		732365B01355E924004B1EB9 /* CJSONDeserializer_BlocksExtensions.m in Sources */ = {isa = PBXBuildFile; fileRef = 96BEAF0B12F06360006028D0 /* CJSONDeserializer_BlocksExtensions.m */; };
		732365B11355E924004B1EB9 /* CJSONSerializedData.m in Sources */ = {isa = PBXBuildFile; fileRef = 96BEAF0D12F06360006028D0 /* CJSONSerializedData.m */; };
		732365B21355E92B004B1EB9 /* CDataScanner_Extensions.m in Sources */ = {isa = PBXBuildFile; fileRef = 96BEAF1012F06360006028D0 /* CDataScanner_Extensions.m */; };
		732365B31355E92B004B1EB9 /* NSCharacterSet_Extensions.m in Sources */ = {isa = PBXBuildFile; fileRef = 96BEAF1212F06360006028D0 /* NSCharacterSet_Extensions.m */; };
		732365B41355E92B004B1EB9 /* NSDictionary_JSONExtensions.m in Sources */ = {isa = PBXBuildFile; fileRef = 96BEAF1412F06360006028D0 /* NSDictionary_JSONExtensions.m */; };
		732365B51355E92B004B1EB9 /* NSScanner_Extensions.m in Sources */ = {isa = PBXBuildFile; fileRef = 96BEAF1612F06360006028D0 /* NSScanner_Extensions.m */; };
		732365B61355E930004B1EB9 /* CJSONDeserializer.m in Sources */ = {isa = PBXBuildFile; fileRef = 96BEAF1912F06360006028D0 /* CJSONDeserializer.m */; };
		732365B71355E930004B1EB9 /* CJSONScanner.m in Sources */ = {isa = PBXBuildFile; fileRef = 96BEAF1B12F06360006028D0 /* CJSONScanner.m */; };
		732365B81355E930004B1EB9 /* CJSONSerializer.m in Sources */ = {isa = PBXBuildFile; fileRef = 96BEAF1D12F06360006028D0 /* CJSONSerializer.m */; };
		732365B91355E938004B1EB9 /* ReadmillPing.m in Sources */ = {isa = PBXBuildFile; fileRef = 731471CB1353054F00A41B49 /* ReadmillPing.m */; };
		732365BA1355E938004B1EB9 /* ReadmillBook.m in Sources */ = {isa = PBXBuildFile; fileRef = 96BEAEF612F06360006028D0 /* ReadmillBook.m */; };
		732365BB1355E938004B1EB9 /* ReadmillRead.m in Sources */ = {isa = PBXBuildFile; fileRef = 96BEAEF812F06360006028D0 /* ReadmillRead.m */; };
		732365BC1355E938004B1EB9 /* ReadmillReadSession.m in Sources */ = {isa = PBXBuildFile; fileRef = 96BEAEFA12F06360006028D0 /* ReadmillReadSession.m */; };
		732365BD1355E938004B1EB9 /* ReadmillUser.m in Sources */ = {isa = PBXBuildFile; fileRef = 96BEAEFC12F06360006028D0 /* ReadmillUser.m */; };
		732365BE1355E93C004B1EB9 /* ReadmillAPIWrapper.m in Sources */ = {isa = PBXBuildFile; fileRef = 96BEAEFF12F06360006028D0 /* ReadmillAPIWrapper.m */; };
		732365BF1355E948004B1EB9 /* DismissingView.m in Sources */ = {isa = PBXBuildFile; fileRef = 73370EE81341172C00880F5B /* DismissingView.m */; };
		732365C01355E948004B1EB9 /* ReadmillSpinner.m in Sources */ = {isa = PBXBuildFile; fileRef = 73370FA31341197300880F5B /* ReadmillSpinner.m */; };
		732365C11355E948004B1EB9 /* ReadmillUIPresenter.m in Sources */ = {isa = PBXBuildFile; fileRef = 96E2A90312F192EF00D7D249 /* ReadmillUIPresenter.m */; };
		732365C21355E948004B1EB9 /* ReadmillConnectBookUI.m in Sources */ = {isa = PBXBuildFile; fileRef = 96BEAF3812F071FA006028D0 /* ReadmillConnectBookUI.m */; };
		732365C31355E948004B1EB9 /* ReadmillFinishReadUI.m in Sources */ = {isa = PBXBuildFile; fileRef = 96BEAF3E12F0951F006028D0 /* ReadmillFinishReadUI.m */; };
		732365C41355E948004B1EB9 /* ReadmillArchiverExtensions.m in Sources */ = {isa = PBXBuildFile; fileRef = 731471EC1353601200A41B49 /* ReadmillArchiverExtensions.m */; };
		73370F831341183400880F5B /* 001c.png in Resources */ = {isa = PBXBuildFile; fileRef = 73370F291341183400880F5B /* 001c.png */; };
		73370F841341183400880F5B /* 002c.png in Resources */ = {isa = PBXBuildFile; fileRef = 73370F2A1341183400880F5B /* 002c.png */; };
		73370F851341183400880F5B /* 003c.png in Resources */ = {isa = PBXBuildFile; fileRef = 73370F2B1341183400880F5B /* 003c.png */; };
		73370F861341183400880F5B /* 004c.png in Resources */ = {isa = PBXBuildFile; fileRef = 73370F2C1341183400880F5B /* 004c.png */; };
		73370F871341183400880F5B /* 005c.png in Resources */ = {isa = PBXBuildFile; fileRef = 73370F2D1341183400880F5B /* 005c.png */; };
		73370F881341183400880F5B /* 006c.png in Resources */ = {isa = PBXBuildFile; fileRef = 73370F2E1341183400880F5B /* 006c.png */; };
		73370F891341183400880F5B /* 007c.png in Resources */ = {isa = PBXBuildFile; fileRef = 73370F2F1341183400880F5B /* 007c.png */; };
		73370F8A1341183400880F5B /* 008c.png in Resources */ = {isa = PBXBuildFile; fileRef = 73370F301341183400880F5B /* 008c.png */; };
		73370F8B1341183400880F5B /* 009c.png in Resources */ = {isa = PBXBuildFile; fileRef = 73370F311341183400880F5B /* 009c.png */; };
		73370F8C1341183400880F5B /* 010c.png in Resources */ = {isa = PBXBuildFile; fileRef = 73370F321341183400880F5B /* 010c.png */; };
		73370F8D1341183400880F5B /* 011c.png in Resources */ = {isa = PBXBuildFile; fileRef = 73370F331341183400880F5B /* 011c.png */; };
		73370F8E1341183400880F5B /* 012c.png in Resources */ = {isa = PBXBuildFile; fileRef = 73370F341341183400880F5B /* 012c.png */; };
		73370F8F1341183400880F5B /* 013c.png in Resources */ = {isa = PBXBuildFile; fileRef = 73370F351341183400880F5B /* 013c.png */; };
		73370F901341183400880F5B /* 014c.png in Resources */ = {isa = PBXBuildFile; fileRef = 73370F361341183400880F5B /* 014c.png */; };
		73370F911341183400880F5B /* 015c.png in Resources */ = {isa = PBXBuildFile; fileRef = 73370F371341183400880F5B /* 015c.png */; };
		73370F921341183400880F5B /* 016c.png in Resources */ = {isa = PBXBuildFile; fileRef = 73370F381341183400880F5B /* 016c.png */; };
		73370F931341183400880F5B /* 017c.png in Resources */ = {isa = PBXBuildFile; fileRef = 73370F391341183400880F5B /* 017c.png */; };
		73370F941341183400880F5B /* 018c.png in Resources */ = {isa = PBXBuildFile; fileRef = 73370F3A1341183400880F5B /* 018c.png */; };
		73370F951341183400880F5B /* 019c.png in Resources */ = {isa = PBXBuildFile; fileRef = 73370F3B1341183400880F5B /* 019c.png */; };
		73370F961341183400880F5B /* 020c.png in Resources */ = {isa = PBXBuildFile; fileRef = 73370F3C1341183400880F5B /* 020c.png */; };
		73370F971341183400880F5B /* 021c.png in Resources */ = {isa = PBXBuildFile; fileRef = 73370F3D1341183400880F5B /* 021c.png */; };
		73370F981341183400880F5B /* 022c.png in Resources */ = {isa = PBXBuildFile; fileRef = 73370F3E1341183400880F5B /* 022c.png */; };
		73370F991341183400880F5B /* 023c.png in Resources */ = {isa = PBXBuildFile; fileRef = 73370F3F1341183400880F5B /* 023c.png */; };
		73370F9A1341183400880F5B /* 024c.png in Resources */ = {isa = PBXBuildFile; fileRef = 73370F401341183400880F5B /* 024c.png */; };
		73370F9B1341183400880F5B /* 025c.png in Resources */ = {isa = PBXBuildFile; fileRef = 73370F411341183400880F5B /* 025c.png */; };
		73370F9C1341183400880F5B /* 026c.png in Resources */ = {isa = PBXBuildFile; fileRef = 73370F421341183400880F5B /* 026c.png */; };
		73370F9D1341183400880F5B /* 027c.png in Resources */ = {isa = PBXBuildFile; fileRef = 73370F431341183400880F5B /* 027c.png */; };
		73370F9E1341183400880F5B /* 028c.png in Resources */ = {isa = PBXBuildFile; fileRef = 73370F441341183400880F5B /* 028c.png */; };
		73370F9F1341183400880F5B /* 029c.png in Resources */ = {isa = PBXBuildFile; fileRef = 73370F451341183400880F5B /* 029c.png */; };
		73370FA01341183400880F5B /* 030c.png in Resources */ = {isa = PBXBuildFile; fileRef = 73370F461341183400880F5B /* 030c.png */; };
		73E1F5FF13561F91008FEC3A /* ReadmillURLExtensions.h in Headers */ = {isa = PBXBuildFile; fileRef = 731471C7135304F900A41B49 /* ReadmillURLExtensions.h */; settings = {ATTRIBUTES = (Private, ); }; };
		73E1F60013561F91008FEC3A /* ReadmillDictionaryExtensions.h in Headers */ = {isa = PBXBuildFile; fileRef = 96BEAF0012F06360006028D0 /* ReadmillDictionaryExtensions.h */; settings = {ATTRIBUTES = (Private, ); }; };
		73E1F60113561F91008FEC3A /* ReadmillStringExtensions.h in Headers */ = {isa = PBXBuildFile; fileRef = 96BEAF0212F06360006028D0 /* ReadmillStringExtensions.h */; settings = {ATTRIBUTES = (Private, ); }; };
		73E1F60213561F91008FEC3A /* CDataScanner.h in Headers */ = {isa = PBXBuildFile; fileRef = 96BEAF0512F06360006028D0 /* CDataScanner.h */; };
		73E1F60313561F91008FEC3A /* CFilteringJSONSerializer.h in Headers */ = {isa = PBXBuildFile; fileRef = 96BEAF0812F06360006028D0 /* CFilteringJSONSerializer.h */; };
		73E1F60413561F91008FEC3A /* CJSONDeserializer_BlocksExtensions.h in Headers */ = {isa = PBXBuildFile; fileRef = 96BEAF0A12F06360006028D0 /* CJSONDeserializer_BlocksExtensions.h */; };
		73E1F60513561F91008FEC3A /* CJSONSerializedData.h in Headers */ = {isa = PBXBuildFile; fileRef = 96BEAF0C12F06360006028D0 /* CJSONSerializedData.h */; };
		73E1F60613561F91008FEC3A /* CDataScanner_Extensions.h in Headers */ = {isa = PBXBuildFile; fileRef = 96BEAF0F12F06360006028D0 /* CDataScanner_Extensions.h */; };
		73E1F60713561F91008FEC3A /* NSCharacterSet_Extensions.h in Headers */ = {isa = PBXBuildFile; fileRef = 96BEAF1112F06360006028D0 /* NSCharacterSet_Extensions.h */; };
		73E1F60813561F91008FEC3A /* NSDictionary_JSONExtensions.h in Headers */ = {isa = PBXBuildFile; fileRef = 96BEAF1312F06360006028D0 /* NSDictionary_JSONExtensions.h */; };
		73E1F60913561F91008FEC3A /* NSScanner_Extensions.h in Headers */ = {isa = PBXBuildFile; fileRef = 96BEAF1512F06360006028D0 /* NSScanner_Extensions.h */; };
		73E1F60A13561F91008FEC3A /* CJSONDeserializer.h in Headers */ = {isa = PBXBuildFile; fileRef = 96BEAF1812F06360006028D0 /* CJSONDeserializer.h */; };
		73E1F60B13561F91008FEC3A /* CJSONScanner.h in Headers */ = {isa = PBXBuildFile; fileRef = 96BEAF1A12F06360006028D0 /* CJSONScanner.h */; };
		73E1F60C13561F91008FEC3A /* CJSONSerializer.h in Headers */ = {isa = PBXBuildFile; fileRef = 96BEAF1C12F06360006028D0 /* CJSONSerializer.h */; };
		73E1F60D13561F91008FEC3A /* JSONRepresentation.h in Headers */ = {isa = PBXBuildFile; fileRef = 96BEAF1E12F06360006028D0 /* JSONRepresentation.h */; };
		73E1F60E13561F91008FEC3A /* ReadmillPing.h in Headers */ = {isa = PBXBuildFile; fileRef = 731471CA1353054F00A41B49 /* ReadmillPing.h */; settings = {ATTRIBUTES = (Public, ); }; };
		73E1F60F13561F91008FEC3A /* ReadmillBook.h in Headers */ = {isa = PBXBuildFile; fileRef = 96BEAEF512F06360006028D0 /* ReadmillBook.h */; settings = {ATTRIBUTES = (Public, ); }; };
		73E1F61013561F91008FEC3A /* ReadmillRead.h in Headers */ = {isa = PBXBuildFile; fileRef = 96BEAEF712F06360006028D0 /* ReadmillRead.h */; settings = {ATTRIBUTES = (Public, ); }; };
		73E1F61113561F91008FEC3A /* ReadmillReadSession.h in Headers */ = {isa = PBXBuildFile; fileRef = 96BEAEF912F06360006028D0 /* ReadmillReadSession.h */; settings = {ATTRIBUTES = (Public, ); }; };
		73E1F61213561F91008FEC3A /* ReadmillUser.h in Headers */ = {isa = PBXBuildFile; fileRef = 96BEAEFB12F06360006028D0 /* ReadmillUser.h */; settings = {ATTRIBUTES = (Public, ); }; };
		73E1F61313561F91008FEC3A /* DismissingView.h in Headers */ = {isa = PBXBuildFile; fileRef = 73370EE71341172C00880F5B /* DismissingView.h */; settings = {ATTRIBUTES = (Public, ); }; };
		73E1F61413561F91008FEC3A /* ReadmillSpinner.h in Headers */ = {isa = PBXBuildFile; fileRef = 73370FA21341197300880F5B /* ReadmillSpinner.h */; settings = {ATTRIBUTES = (Public, ); }; };
		73E1F61513561F91008FEC3A /* ReadmillUIPresenter.h in Headers */ = {isa = PBXBuildFile; fileRef = 96E2A90212F192EF00D7D249 /* ReadmillUIPresenter.h */; settings = {ATTRIBUTES = (Public, ); }; };
		73E1F61613561F91008FEC3A /* ReadmillConnectBookUI.h in Headers */ = {isa = PBXBuildFile; fileRef = 96BEAF3712F071FA006028D0 /* ReadmillConnectBookUI.h */; settings = {ATTRIBUTES = (Public, ); }; };
		73E1F61713561F91008FEC3A /* ReadmillFinishReadUI.h in Headers */ = {isa = PBXBuildFile; fileRef = 96BEAF3D12F0951F006028D0 /* ReadmillFinishReadUI.h */; settings = {ATTRIBUTES = (Public, ); }; };
		73E1F61813561F91008FEC3A /* ReadmillArchiverExtensions.h in Headers */ = {isa = PBXBuildFile; fileRef = 731471EB1353601200A41B49 /* ReadmillArchiverExtensions.h */; settings = {ATTRIBUTES = (Private, ); }; };
		73E1F61913561F91008FEC3A /* ReadmillAPIConstants.h in Headers */ = {isa = PBXBuildFile; fileRef = 96BEAEFD12F06360006028D0 /* ReadmillAPIConstants.h */; settings = {ATTRIBUTES = (Public, ); }; };
		73E1F61A13561F91008FEC3A /* ReadmillAPIWrapper.h in Headers */ = {isa = PBXBuildFile; fileRef = 96BEAEFE12F06360006028D0 /* ReadmillAPIWrapper.h */; settings = {ATTRIBUTES = (Public, ); }; };
		73ED4EC81356F11600A5725B /* libReadmill.a in Frameworks */ = {isa = PBXBuildFile; fileRef = 732365881355E5D8004B1EB9 /* libReadmill.a */; };
		9647F57C12F1A0140088CAA0 /* QuartzCore.framework in Frameworks */ = {isa = PBXBuildFile; fileRef = 9647F57B12F1A0140088CAA0 /* QuartzCore.framework */; };
		9647F58012F1B04C0088CAA0 /* logo.png in Resources */ = {isa = PBXBuildFile; fileRef = 9647F57F12F1B04C0088CAA0 /* logo.png */; };
		966E3E5412F2F7290027E05F /* Readmill_SigningInViewController.m in Sources */ = {isa = PBXBuildFile; fileRef = 966E3E5212F2F7290027E05F /* Readmill_SigningInViewController.m */; };
		966E3E5512F2F7290027E05F /* Readmill_SigningInViewController.xib in Resources */ = {isa = PBXBuildFile; fileRef = 966E3E5312F2F7290027E05F /* Readmill_SigningInViewController.xib */; };
		96BEAED112F05E80006028D0 /* UIKit.framework in Frameworks */ = {isa = PBXBuildFile; fileRef = 96BEAED012F05E80006028D0 /* UIKit.framework */; };
		96BEAED312F05E80006028D0 /* Foundation.framework in Frameworks */ = {isa = PBXBuildFile; fileRef = 96BEAED212F05E80006028D0 /* Foundation.framework */; };
		96BEAED512F05E80006028D0 /* CoreGraphics.framework in Frameworks */ = {isa = PBXBuildFile; fileRef = 96BEAED412F05E80006028D0 /* CoreGraphics.framework */; };
		96F0756D12F061C800F6369D /* Readmill_FrameworkAppDelegate.m in Sources */ = {isa = PBXBuildFile; fileRef = 96F0756C12F061C800F6369D /* Readmill_FrameworkAppDelegate.m */; };
		96F0757912F0620600F6369D /* Readmill_SignedInViewController.m in Sources */ = {isa = PBXBuildFile; fileRef = 96F0757812F0620600F6369D /* Readmill_SignedInViewController.m */; };
		96F0758312F0623400F6369D /* Readmill_Framework-main.m in Sources */ = {isa = PBXBuildFile; fileRef = 96F0758012F0623400F6369D /* Readmill_Framework-main.m */; };
		96F0758612F0624100F6369D /* InfoPlist.strings in Resources */ = {isa = PBXBuildFile; fileRef = 96F0758412F0624100F6369D /* InfoPlist.strings */; };
		96F0758B12F0624F00F6369D /* MainWindow.xib in Resources */ = {isa = PBXBuildFile; fileRef = 96F0758712F0624F00F6369D /* MainWindow.xib */; };
		96F0758C12F0624F00F6369D /* Readmill_SignedInViewController.xib in Resources */ = {isa = PBXBuildFile; fileRef = 96F0758912F0624F00F6369D /* Readmill_SignedInViewController.xib */; };
/* End PBXBuildFile section */

/* Begin PBXContainerItemProxy section */
		732365961355E5D9004B1EB9 /* PBXContainerItemProxy */ = {
			isa = PBXContainerItemProxy;
			containerPortal = 96BEAEC312F05E80006028D0 /* Project object */;
			proxyType = 1;
			remoteGlobalIDString = 732365871355E5D8004B1EB9;
			remoteInfo = Readmill;
		};
/* End PBXContainerItemProxy section */

/* Begin PBXFileReference section */
		502698D1130C87D300E67974 /* README.asciidoc */ = {isa = PBXFileReference; fileEncoding = 4; lastKnownFileType = text; path = README.asciidoc; sourceTree = "<group>"; };
		731471C7135304F900A41B49 /* ReadmillURLExtensions.h */ = {isa = PBXFileReference; fileEncoding = 4; lastKnownFileType = sourcecode.c.h; name = ReadmillURLExtensions.h; path = Classes/Framework/ReadmillURLExtensions.h; sourceTree = SOURCE_ROOT; };
		731471C8135304F900A41B49 /* ReadmillURLExtensions.m */ = {isa = PBXFileReference; fileEncoding = 4; lastKnownFileType = sourcecode.c.objc; name = ReadmillURLExtensions.m; path = Classes/Framework/ReadmillURLExtensions.m; sourceTree = SOURCE_ROOT; };
		731471CA1353054F00A41B49 /* ReadmillPing.h */ = {isa = PBXFileReference; fileEncoding = 4; lastKnownFileType = sourcecode.c.h; path = ReadmillPing.h; sourceTree = "<group>"; };
		731471CB1353054F00A41B49 /* ReadmillPing.m */ = {isa = PBXFileReference; fileEncoding = 4; lastKnownFileType = sourcecode.c.objc; path = ReadmillPing.m; sourceTree = "<group>"; };
		731471EB1353601200A41B49 /* ReadmillArchiverExtensions.h */ = {isa = PBXFileReference; fileEncoding = 4; lastKnownFileType = sourcecode.c.h; path = ReadmillArchiverExtensions.h; sourceTree = "<group>"; };
		731471EC1353601200A41B49 /* ReadmillArchiverExtensions.m */ = {isa = PBXFileReference; fileEncoding = 4; lastKnownFileType = sourcecode.c.objc; path = ReadmillArchiverExtensions.m; sourceTree = "<group>"; };
		732365881355E5D8004B1EB9 /* libReadmill.a */ = {isa = PBXFileReference; explicitFileType = archive.ar; includeInIndex = 0; path = libReadmill.a; sourceTree = BUILT_PRODUCTS_DIR; };
		7323658C1355E5D9004B1EB9 /* Readmill-Prefix.pch */ = {isa = PBXFileReference; lastKnownFileType = sourcecode.c.h; path = "Readmill-Prefix.pch"; sourceTree = "<group>"; };
		7323659B1355E5D9004B1EB9 /* ReadmillTests-Info.plist */ = {isa = PBXFileReference; lastKnownFileType = text.plist.xml; path = "ReadmillTests-Info.plist"; sourceTree = "<group>"; };
		7323659D1355E5D9004B1EB9 /* en */ = {isa = PBXFileReference; lastKnownFileType = text.plist.strings; name = en; path = en.lproj/InfoPlist.strings; sourceTree = "<group>"; };
		7323659F1355E5D9004B1EB9 /* ReadmillTests-Prefix.pch */ = {isa = PBXFileReference; lastKnownFileType = sourcecode.c.h; path = "ReadmillTests-Prefix.pch"; sourceTree = "<group>"; };
		732365A01355E5D9004B1EB9 /* ReadmillTests.h */ = {isa = PBXFileReference; lastKnownFileType = sourcecode.c.h; path = ReadmillTests.h; sourceTree = "<group>"; };
		732365A21355E5D9004B1EB9 /* ReadmillTests.m */ = {isa = PBXFileReference; lastKnownFileType = sourcecode.c.objc; path = ReadmillTests.m; sourceTree = "<group>"; };
		733291061356FC0B0063FBF4 /* ReadmillFramework.app */ = {isa = PBXFileReference; explicitFileType = wrapper.application; includeInIndex = 0; path = ReadmillFramework.app; sourceTree = BUILT_PRODUCTS_DIR; };
		73370EE71341172C00880F5B /* DismissingView.h */ = {isa = PBXFileReference; fileEncoding = 4; lastKnownFileType = sourcecode.c.h; name = DismissingView.h; path = UI/DismissingView.h; sourceTree = "<group>"; };
		73370EE81341172C00880F5B /* DismissingView.m */ = {isa = PBXFileReference; fileEncoding = 4; lastKnownFileType = sourcecode.c.objc; name = DismissingView.m; path = UI/DismissingView.m; sourceTree = "<group>"; };
		73370F291341183400880F5B /* 001c.png */ = {isa = PBXFileReference; lastKnownFileType = image.png; path = 001c.png; sourceTree = "<group>"; };
		73370F2A1341183400880F5B /* 002c.png */ = {isa = PBXFileReference; lastKnownFileType = image.png; path = 002c.png; sourceTree = "<group>"; };
		73370F2B1341183400880F5B /* 003c.png */ = {isa = PBXFileReference; lastKnownFileType = image.png; path = 003c.png; sourceTree = "<group>"; };
		73370F2C1341183400880F5B /* 004c.png */ = {isa = PBXFileReference; lastKnownFileType = image.png; path = 004c.png; sourceTree = "<group>"; };
		73370F2D1341183400880F5B /* 005c.png */ = {isa = PBXFileReference; lastKnownFileType = image.png; path = 005c.png; sourceTree = "<group>"; };
		73370F2E1341183400880F5B /* 006c.png */ = {isa = PBXFileReference; lastKnownFileType = image.png; path = 006c.png; sourceTree = "<group>"; };
		73370F2F1341183400880F5B /* 007c.png */ = {isa = PBXFileReference; lastKnownFileType = image.png; path = 007c.png; sourceTree = "<group>"; };
		73370F301341183400880F5B /* 008c.png */ = {isa = PBXFileReference; lastKnownFileType = image.png; path = 008c.png; sourceTree = "<group>"; };
		73370F311341183400880F5B /* 009c.png */ = {isa = PBXFileReference; lastKnownFileType = image.png; path = 009c.png; sourceTree = "<group>"; };
		73370F321341183400880F5B /* 010c.png */ = {isa = PBXFileReference; lastKnownFileType = image.png; path = 010c.png; sourceTree = "<group>"; };
		73370F331341183400880F5B /* 011c.png */ = {isa = PBXFileReference; lastKnownFileType = image.png; path = 011c.png; sourceTree = "<group>"; };
		73370F341341183400880F5B /* 012c.png */ = {isa = PBXFileReference; lastKnownFileType = image.png; path = 012c.png; sourceTree = "<group>"; };
		73370F351341183400880F5B /* 013c.png */ = {isa = PBXFileReference; lastKnownFileType = image.png; path = 013c.png; sourceTree = "<group>"; };
		73370F361341183400880F5B /* 014c.png */ = {isa = PBXFileReference; lastKnownFileType = image.png; path = 014c.png; sourceTree = "<group>"; };
		73370F371341183400880F5B /* 015c.png */ = {isa = PBXFileReference; lastKnownFileType = image.png; path = 015c.png; sourceTree = "<group>"; };
		73370F381341183400880F5B /* 016c.png */ = {isa = PBXFileReference; lastKnownFileType = image.png; path = 016c.png; sourceTree = "<group>"; };
		73370F391341183400880F5B /* 017c.png */ = {isa = PBXFileReference; lastKnownFileType = image.png; path = 017c.png; sourceTree = "<group>"; };
		73370F3A1341183400880F5B /* 018c.png */ = {isa = PBXFileReference; lastKnownFileType = image.png; path = 018c.png; sourceTree = "<group>"; };
		73370F3B1341183400880F5B /* 019c.png */ = {isa = PBXFileReference; lastKnownFileType = image.png; path = 019c.png; sourceTree = "<group>"; };
		73370F3C1341183400880F5B /* 020c.png */ = {isa = PBXFileReference; lastKnownFileType = image.png; path = 020c.png; sourceTree = "<group>"; };
		73370F3D1341183400880F5B /* 021c.png */ = {isa = PBXFileReference; lastKnownFileType = image.png; path = 021c.png; sourceTree = "<group>"; };
		73370F3E1341183400880F5B /* 022c.png */ = {isa = PBXFileReference; lastKnownFileType = image.png; path = 022c.png; sourceTree = "<group>"; };
		73370F3F1341183400880F5B /* 023c.png */ = {isa = PBXFileReference; lastKnownFileType = image.png; path = 023c.png; sourceTree = "<group>"; };
		73370F401341183400880F5B /* 024c.png */ = {isa = PBXFileReference; lastKnownFileType = image.png; path = 024c.png; sourceTree = "<group>"; };
		73370F411341183400880F5B /* 025c.png */ = {isa = PBXFileReference; lastKnownFileType = image.png; path = 025c.png; sourceTree = "<group>"; };
		73370F421341183400880F5B /* 026c.png */ = {isa = PBXFileReference; lastKnownFileType = image.png; path = 026c.png; sourceTree = "<group>"; };
		73370F431341183400880F5B /* 027c.png */ = {isa = PBXFileReference; lastKnownFileType = image.png; path = 027c.png; sourceTree = "<group>"; };
		73370F441341183400880F5B /* 028c.png */ = {isa = PBXFileReference; lastKnownFileType = image.png; path = 028c.png; sourceTree = "<group>"; };
		73370F451341183400880F5B /* 029c.png */ = {isa = PBXFileReference; lastKnownFileType = image.png; path = 029c.png; sourceTree = "<group>"; };
		73370F461341183400880F5B /* 030c.png */ = {isa = PBXFileReference; lastKnownFileType = image.png; path = 030c.png; sourceTree = "<group>"; };
		73370FA21341197300880F5B /* ReadmillSpinner.h */ = {isa = PBXFileReference; fileEncoding = 4; lastKnownFileType = sourcecode.c.h; name = ReadmillSpinner.h; path = UI/ReadmillSpinner.h; sourceTree = "<group>"; };
		73370FA31341197300880F5B /* ReadmillSpinner.m */ = {isa = PBXFileReference; fileEncoding = 4; lastKnownFileType = sourcecode.c.objc; name = ReadmillSpinner.m; path = UI/ReadmillSpinner.m; sourceTree = "<group>"; };
		73FD76571356FDBC006A2B1B /* ReadmillTests.octest */ = {isa = PBXFileReference; explicitFileType = wrapper.cfbundle; includeInIndex = 0; path = ReadmillTests.octest; sourceTree = BUILT_PRODUCTS_DIR; };
		9647F57B12F1A0140088CAA0 /* QuartzCore.framework */ = {isa = PBXFileReference; lastKnownFileType = wrapper.framework; name = QuartzCore.framework; path = System/Library/Frameworks/QuartzCore.framework; sourceTree = SDKROOT; };
		9647F57F12F1B04C0088CAA0 /* logo.png */ = {isa = PBXFileReference; lastKnownFileType = image.png; path = logo.png; sourceTree = "<group>"; };
		966E3E5112F2F7290027E05F /* Readmill_SigningInViewController.h */ = {isa = PBXFileReference; fileEncoding = 4; lastKnownFileType = sourcecode.c.h; name = Readmill_SigningInViewController.h; path = Classes/Readmill_SigningInViewController.h; sourceTree = "<group>"; };
		966E3E5212F2F7290027E05F /* Readmill_SigningInViewController.m */ = {isa = PBXFileReference; fileEncoding = 4; lastKnownFileType = sourcecode.c.objc; name = Readmill_SigningInViewController.m; path = Classes/Readmill_SigningInViewController.m; sourceTree = "<group>"; };
		966E3E5312F2F7290027E05F /* Readmill_SigningInViewController.xib */ = {isa = PBXFileReference; fileEncoding = 4; lastKnownFileType = file.xib; name = Readmill_SigningInViewController.xib; path = Classes/Readmill_SigningInViewController.xib; sourceTree = "<group>"; };
		96BEAED012F05E80006028D0 /* UIKit.framework */ = {isa = PBXFileReference; lastKnownFileType = wrapper.framework; name = UIKit.framework; path = System/Library/Frameworks/UIKit.framework; sourceTree = SDKROOT; };
		96BEAED212F05E80006028D0 /* Foundation.framework */ = {isa = PBXFileReference; lastKnownFileType = wrapper.framework; name = Foundation.framework; path = System/Library/Frameworks/Foundation.framework; sourceTree = SDKROOT; };
		96BEAED412F05E80006028D0 /* CoreGraphics.framework */ = {isa = PBXFileReference; lastKnownFileType = wrapper.framework; name = CoreGraphics.framework; path = System/Library/Frameworks/CoreGraphics.framework; sourceTree = SDKROOT; };
		96BEAEF512F06360006028D0 /* ReadmillBook.h */ = {isa = PBXFileReference; fileEncoding = 4; lastKnownFileType = sourcecode.c.h; path = ReadmillBook.h; sourceTree = "<group>"; };
		96BEAEF612F06360006028D0 /* ReadmillBook.m */ = {isa = PBXFileReference; fileEncoding = 4; lastKnownFileType = sourcecode.c.objc; path = ReadmillBook.m; sourceTree = "<group>"; };
		96BEAEF712F06360006028D0 /* ReadmillRead.h */ = {isa = PBXFileReference; fileEncoding = 4; lastKnownFileType = sourcecode.c.h; path = ReadmillRead.h; sourceTree = "<group>"; };
		96BEAEF812F06360006028D0 /* ReadmillRead.m */ = {isa = PBXFileReference; fileEncoding = 4; lastKnownFileType = sourcecode.c.objc; path = ReadmillRead.m; sourceTree = "<group>"; };
		96BEAEF912F06360006028D0 /* ReadmillReadSession.h */ = {isa = PBXFileReference; fileEncoding = 4; lastKnownFileType = sourcecode.c.h; path = ReadmillReadSession.h; sourceTree = "<group>"; };
		96BEAEFA12F06360006028D0 /* ReadmillReadSession.m */ = {isa = PBXFileReference; fileEncoding = 4; lastKnownFileType = sourcecode.c.objc; path = ReadmillReadSession.m; sourceTree = "<group>"; };
		96BEAEFB12F06360006028D0 /* ReadmillUser.h */ = {isa = PBXFileReference; fileEncoding = 4; lastKnownFileType = sourcecode.c.h; path = ReadmillUser.h; sourceTree = "<group>"; };
		96BEAEFC12F06360006028D0 /* ReadmillUser.m */ = {isa = PBXFileReference; fileEncoding = 4; lastKnownFileType = sourcecode.c.objc; path = ReadmillUser.m; sourceTree = "<group>"; };
		96BEAEFD12F06360006028D0 /* ReadmillAPIConstants.h */ = {isa = PBXFileReference; fileEncoding = 4; lastKnownFileType = sourcecode.c.h; path = ReadmillAPIConstants.h; sourceTree = "<group>"; };
		96BEAEFE12F06360006028D0 /* ReadmillAPIWrapper.h */ = {isa = PBXFileReference; fileEncoding = 4; lastKnownFileType = sourcecode.c.h; path = ReadmillAPIWrapper.h; sourceTree = "<group>"; };
		96BEAEFF12F06360006028D0 /* ReadmillAPIWrapper.m */ = {isa = PBXFileReference; fileEncoding = 4; lastKnownFileType = sourcecode.c.objc; path = ReadmillAPIWrapper.m; sourceTree = "<group>"; };
		96BEAF0012F06360006028D0 /* ReadmillDictionaryExtensions.h */ = {isa = PBXFileReference; fileEncoding = 4; lastKnownFileType = sourcecode.c.h; name = ReadmillDictionaryExtensions.h; path = ../ReadmillDictionaryExtensions.h; sourceTree = "<group>"; };
		96BEAF0112F06360006028D0 /* ReadmillDictionaryExtensions.m */ = {isa = PBXFileReference; fileEncoding = 4; lastKnownFileType = sourcecode.c.objc; name = ReadmillDictionaryExtensions.m; path = ../ReadmillDictionaryExtensions.m; sourceTree = "<group>"; };
		96BEAF0212F06360006028D0 /* ReadmillStringExtensions.h */ = {isa = PBXFileReference; fileEncoding = 4; lastKnownFileType = sourcecode.c.h; name = ReadmillStringExtensions.h; path = ../ReadmillStringExtensions.h; sourceTree = "<group>"; };
		96BEAF0312F06360006028D0 /* ReadmillStringExtensions.m */ = {isa = PBXFileReference; fileEncoding = 4; lastKnownFileType = sourcecode.c.objc; name = ReadmillStringExtensions.m; path = ../ReadmillStringExtensions.m; sourceTree = "<group>"; };
		96BEAF0512F06360006028D0 /* CDataScanner.h */ = {isa = PBXFileReference; fileEncoding = 4; lastKnownFileType = sourcecode.c.h; path = CDataScanner.h; sourceTree = "<group>"; };
		96BEAF0612F06360006028D0 /* CDataScanner.m */ = {isa = PBXFileReference; fileEncoding = 4; lastKnownFileType = sourcecode.c.objc; path = CDataScanner.m; sourceTree = "<group>"; };
		96BEAF0812F06360006028D0 /* CFilteringJSONSerializer.h */ = {isa = PBXFileReference; fileEncoding = 4; lastKnownFileType = sourcecode.c.h; path = CFilteringJSONSerializer.h; sourceTree = "<group>"; };
		96BEAF0912F06360006028D0 /* CFilteringJSONSerializer.m */ = {isa = PBXFileReference; fileEncoding = 4; lastKnownFileType = sourcecode.c.objc; path = CFilteringJSONSerializer.m; sourceTree = "<group>"; };
		96BEAF0A12F06360006028D0 /* CJSONDeserializer_BlocksExtensions.h */ = {isa = PBXFileReference; fileEncoding = 4; lastKnownFileType = sourcecode.c.h; path = CJSONDeserializer_BlocksExtensions.h; sourceTree = "<group>"; };
		96BEAF0B12F06360006028D0 /* CJSONDeserializer_BlocksExtensions.m */ = {isa = PBXFileReference; fileEncoding = 4; lastKnownFileType = sourcecode.c.objc; path = CJSONDeserializer_BlocksExtensions.m; sourceTree = "<group>"; };
		96BEAF0C12F06360006028D0 /* CJSONSerializedData.h */ = {isa = PBXFileReference; fileEncoding = 4; lastKnownFileType = sourcecode.c.h; path = CJSONSerializedData.h; sourceTree = "<group>"; };
		96BEAF0D12F06360006028D0 /* CJSONSerializedData.m */ = {isa = PBXFileReference; fileEncoding = 4; lastKnownFileType = sourcecode.c.objc; path = CJSONSerializedData.m; sourceTree = "<group>"; };
		96BEAF0F12F06360006028D0 /* CDataScanner_Extensions.h */ = {isa = PBXFileReference; fileEncoding = 4; lastKnownFileType = sourcecode.c.h; path = CDataScanner_Extensions.h; sourceTree = "<group>"; };
		96BEAF1012F06360006028D0 /* CDataScanner_Extensions.m */ = {isa = PBXFileReference; fileEncoding = 4; lastKnownFileType = sourcecode.c.objc; path = CDataScanner_Extensions.m; sourceTree = "<group>"; };
		96BEAF1112F06360006028D0 /* NSCharacterSet_Extensions.h */ = {isa = PBXFileReference; fileEncoding = 4; lastKnownFileType = sourcecode.c.h; path = NSCharacterSet_Extensions.h; sourceTree = "<group>"; };
		96BEAF1212F06360006028D0 /* NSCharacterSet_Extensions.m */ = {isa = PBXFileReference; fileEncoding = 4; lastKnownFileType = sourcecode.c.objc; path = NSCharacterSet_Extensions.m; sourceTree = "<group>"; };
		96BEAF1312F06360006028D0 /* NSDictionary_JSONExtensions.h */ = {isa = PBXFileReference; fileEncoding = 4; lastKnownFileType = sourcecode.c.h; path = NSDictionary_JSONExtensions.h; sourceTree = "<group>"; };
		96BEAF1412F06360006028D0 /* NSDictionary_JSONExtensions.m */ = {isa = PBXFileReference; fileEncoding = 4; lastKnownFileType = sourcecode.c.objc; path = NSDictionary_JSONExtensions.m; sourceTree = "<group>"; };
		96BEAF1512F06360006028D0 /* NSScanner_Extensions.h */ = {isa = PBXFileReference; fileEncoding = 4; lastKnownFileType = sourcecode.c.h; path = NSScanner_Extensions.h; sourceTree = "<group>"; };
		96BEAF1612F06360006028D0 /* NSScanner_Extensions.m */ = {isa = PBXFileReference; fileEncoding = 4; lastKnownFileType = sourcecode.c.objc; path = NSScanner_Extensions.m; sourceTree = "<group>"; };
		96BEAF1812F06360006028D0 /* CJSONDeserializer.h */ = {isa = PBXFileReference; fileEncoding = 4; lastKnownFileType = sourcecode.c.h; path = CJSONDeserializer.h; sourceTree = "<group>"; };
		96BEAF1912F06360006028D0 /* CJSONDeserializer.m */ = {isa = PBXFileReference; fileEncoding = 4; lastKnownFileType = sourcecode.c.objc; path = CJSONDeserializer.m; sourceTree = "<group>"; };
		96BEAF1A12F06360006028D0 /* CJSONScanner.h */ = {isa = PBXFileReference; fileEncoding = 4; lastKnownFileType = sourcecode.c.h; path = CJSONScanner.h; sourceTree = "<group>"; };
		96BEAF1B12F06360006028D0 /* CJSONScanner.m */ = {isa = PBXFileReference; fileEncoding = 4; lastKnownFileType = sourcecode.c.objc; path = CJSONScanner.m; sourceTree = "<group>"; };
		96BEAF1C12F06360006028D0 /* CJSONSerializer.h */ = {isa = PBXFileReference; fileEncoding = 4; lastKnownFileType = sourcecode.c.h; path = CJSONSerializer.h; sourceTree = "<group>"; };
		96BEAF1D12F06360006028D0 /* CJSONSerializer.m */ = {isa = PBXFileReference; fileEncoding = 4; lastKnownFileType = sourcecode.c.objc; path = CJSONSerializer.m; sourceTree = "<group>"; };
		96BEAF1E12F06360006028D0 /* JSONRepresentation.h */ = {isa = PBXFileReference; fileEncoding = 4; lastKnownFileType = sourcecode.c.h; path = JSONRepresentation.h; sourceTree = "<group>"; };
		96BEAF3712F071FA006028D0 /* ReadmillConnectBookUI.h */ = {isa = PBXFileReference; fileEncoding = 4; lastKnownFileType = sourcecode.c.h; name = ReadmillConnectBookUI.h; path = UI/ReadmillConnectBookUI.h; sourceTree = "<group>"; };
		96BEAF3812F071FA006028D0 /* ReadmillConnectBookUI.m */ = {isa = PBXFileReference; fileEncoding = 4; lastKnownFileType = sourcecode.c.objc; name = ReadmillConnectBookUI.m; path = UI/ReadmillConnectBookUI.m; sourceTree = "<group>"; };
		96BEAF3D12F0951F006028D0 /* ReadmillFinishReadUI.h */ = {isa = PBXFileReference; fileEncoding = 4; lastKnownFileType = sourcecode.c.h; name = ReadmillFinishReadUI.h; path = UI/ReadmillFinishReadUI.h; sourceTree = "<group>"; };
		96BEAF3E12F0951F006028D0 /* ReadmillFinishReadUI.m */ = {isa = PBXFileReference; fileEncoding = 4; lastKnownFileType = sourcecode.c.objc; name = ReadmillFinishReadUI.m; path = UI/ReadmillFinishReadUI.m; sourceTree = "<group>"; };
		96E2A90212F192EF00D7D249 /* ReadmillUIPresenter.h */ = {isa = PBXFileReference; fileEncoding = 4; lastKnownFileType = sourcecode.c.h; name = ReadmillUIPresenter.h; path = UI/ReadmillUIPresenter.h; sourceTree = "<group>"; };
		96E2A90312F192EF00D7D249 /* ReadmillUIPresenter.m */ = {isa = PBXFileReference; fileEncoding = 4; lastKnownFileType = sourcecode.c.objc; name = ReadmillUIPresenter.m; path = UI/ReadmillUIPresenter.m; sourceTree = "<group>"; };
		96F0756B12F061C800F6369D /* Readmill_FrameworkAppDelegate.h */ = {isa = PBXFileReference; fileEncoding = 4; lastKnownFileType = sourcecode.c.h; name = Readmill_FrameworkAppDelegate.h; path = Classes/Readmill_FrameworkAppDelegate.h; sourceTree = "<group>"; };
		96F0756C12F061C800F6369D /* Readmill_FrameworkAppDelegate.m */ = {isa = PBXFileReference; fileEncoding = 4; lastKnownFileType = sourcecode.c.objc; name = Readmill_FrameworkAppDelegate.m; path = Classes/Readmill_FrameworkAppDelegate.m; sourceTree = "<group>"; };
		96F0757712F0620600F6369D /* Readmill_SignedInViewController.h */ = {isa = PBXFileReference; fileEncoding = 4; lastKnownFileType = sourcecode.c.h; name = Readmill_SignedInViewController.h; path = Classes/Readmill_SignedInViewController.h; sourceTree = "<group>"; };
		96F0757812F0620600F6369D /* Readmill_SignedInViewController.m */ = {isa = PBXFileReference; fileEncoding = 4; lastKnownFileType = sourcecode.c.objc; name = Readmill_SignedInViewController.m; path = Classes/Readmill_SignedInViewController.m; sourceTree = "<group>"; };
		96F0757F12F0623400F6369D /* Readmill_Framework-Info.plist */ = {isa = PBXFileReference; fileEncoding = 4; lastKnownFileType = text.plist.xml; path = "Readmill_Framework-Info.plist"; sourceTree = "<group>"; };
		96F0758012F0623400F6369D /* Readmill_Framework-main.m */ = {isa = PBXFileReference; fileEncoding = 4; lastKnownFileType = sourcecode.c.objc; path = "Readmill_Framework-main.m"; sourceTree = "<group>"; };
		96F0758112F0623400F6369D /* Readmill_Framework-Prefix.pch */ = {isa = PBXFileReference; fileEncoding = 4; lastKnownFileType = sourcecode.c.h; path = "Readmill_Framework-Prefix.pch"; sourceTree = "<group>"; };
		96F0758512F0624100F6369D /* en */ = {isa = PBXFileReference; fileEncoding = 4; lastKnownFileType = text.plist.strings; name = en; path = en.lproj/InfoPlist.strings; sourceTree = "<group>"; };
		96F0758812F0624F00F6369D /* en */ = {isa = PBXFileReference; lastKnownFileType = file.xib; name = en; path = en.lproj/MainWindow.xib; sourceTree = "<group>"; };
		96F0758A12F0624F00F6369D /* en */ = {isa = PBXFileReference; lastKnownFileType = file.xib; name = en; path = en.lproj/Readmill_SignedInViewController.xib; sourceTree = "<group>"; };
/* End PBXFileReference section */

/* Begin PBXFrameworksBuildPhase section */
		732365851355E5D8004B1EB9 /* Frameworks */ = {
			isa = PBXFrameworksBuildPhase;
			buildActionMask = 2147483647;
			files = (
				732365891355E5D9004B1EB9 /* Foundation.framework in Frameworks */,
			);
			runOnlyForDeploymentPostprocessing = 0;
		};
		7323658E1355E5D9004B1EB9 /* Frameworks */ = {
			isa = PBXFrameworksBuildPhase;
			buildActionMask = 2147483647;
			files = (
				732365931355E5D9004B1EB9 /* UIKit.framework in Frameworks */,
				732365941355E5D9004B1EB9 /* Foundation.framework in Frameworks */,
				732365951355E5D9004B1EB9 /* CoreGraphics.framework in Frameworks */,
				732365981355E5D9004B1EB9 /* libReadmill.a in Frameworks */,
			);
			runOnlyForDeploymentPostprocessing = 0;
		};
		96BEAEC912F05E80006028D0 /* Frameworks */ = {
			isa = PBXFrameworksBuildPhase;
			buildActionMask = 2147483647;
			files = (
				73ED4EC81356F11600A5725B /* libReadmill.a in Frameworks */,
				9647F57C12F1A0140088CAA0 /* QuartzCore.framework in Frameworks */,
				96BEAED112F05E80006028D0 /* UIKit.framework in Frameworks */,
				96BEAED312F05E80006028D0 /* Foundation.framework in Frameworks */,
				96BEAED512F05E80006028D0 /* CoreGraphics.framework in Frameworks */,
			);
			runOnlyForDeploymentPostprocessing = 0;
		};
/* End PBXFrameworksBuildPhase section */

/* Begin PBXGroup section */
		7323658A1355E5D9004B1EB9 /* Readmill */ = {
			isa = PBXGroup;
			children = (
				7323658B1355E5D9004B1EB9 /* Supporting Files */,
			);
			path = Readmill;
			sourceTree = "<group>";
		};
		7323658B1355E5D9004B1EB9 /* Supporting Files */ = {
			isa = PBXGroup;
			children = (
				7323658C1355E5D9004B1EB9 /* Readmill-Prefix.pch */,
			);
			name = "Supporting Files";
			sourceTree = "<group>";
		};
		732365991355E5D9004B1EB9 /* ReadmillTests */ = {
			isa = PBXGroup;
			children = (
				732365A01355E5D9004B1EB9 /* ReadmillTests.h */,
				732365A21355E5D9004B1EB9 /* ReadmillTests.m */,
				7323659A1355E5D9004B1EB9 /* Supporting Files */,
			);
			path = ReadmillTests;
			sourceTree = "<group>";
		};
		7323659A1355E5D9004B1EB9 /* Supporting Files */ = {
			isa = PBXGroup;
			children = (
				7323659B1355E5D9004B1EB9 /* ReadmillTests-Info.plist */,
				7323659C1355E5D9004B1EB9 /* InfoPlist.strings */,
				7323659F1355E5D9004B1EB9 /* ReadmillTests-Prefix.pch */,
			);
			name = "Supporting Files";
			sourceTree = "<group>";
		};
		73370F281341183400880F5B /* SpinnerImages */ = {
			isa = PBXGroup;
			children = (
				73370F291341183400880F5B /* 001c.png */,
				73370F2A1341183400880F5B /* 002c.png */,
				73370F2B1341183400880F5B /* 003c.png */,
				73370F2C1341183400880F5B /* 004c.png */,
				73370F2D1341183400880F5B /* 005c.png */,
				73370F2E1341183400880F5B /* 006c.png */,
				73370F2F1341183400880F5B /* 007c.png */,
				73370F301341183400880F5B /* 008c.png */,
				73370F311341183400880F5B /* 009c.png */,
				73370F321341183400880F5B /* 010c.png */,
				73370F331341183400880F5B /* 011c.png */,
				73370F341341183400880F5B /* 012c.png */,
				73370F351341183400880F5B /* 013c.png */,
				73370F361341183400880F5B /* 014c.png */,
				73370F371341183400880F5B /* 015c.png */,
				73370F381341183400880F5B /* 016c.png */,
				73370F391341183400880F5B /* 017c.png */,
				73370F3A1341183400880F5B /* 018c.png */,
				73370F3B1341183400880F5B /* 019c.png */,
				73370F3C1341183400880F5B /* 020c.png */,
				73370F3D1341183400880F5B /* 021c.png */,
				73370F3E1341183400880F5B /* 022c.png */,
				73370F3F1341183400880F5B /* 023c.png */,
				73370F401341183400880F5B /* 024c.png */,
				73370F411341183400880F5B /* 025c.png */,
				73370F421341183400880F5B /* 026c.png */,
				73370F431341183400880F5B /* 027c.png */,
				73370F441341183400880F5B /* 028c.png */,
				73370F451341183400880F5B /* 029c.png */,
				73370F461341183400880F5B /* 030c.png */,
			);
			name = SpinnerImages;
			path = ../../c;
			sourceTree = "<group>";
		};
		73370FA11341187800880F5B /* Readmill Spinner */ = {
			isa = PBXGroup;
			children = (
				73370FA21341197300880F5B /* ReadmillSpinner.h */,
				73370FA31341197300880F5B /* ReadmillSpinner.m */,
				73370F281341183400880F5B /* SpinnerImages */,
			);
			name = "Readmill Spinner";
			sourceTree = "<group>";
		};
		966E3E4F12F2F6EB0027E05F /* Linking A Book */ = {
			isa = PBXGroup;
			children = (
				96F0758912F0624F00F6369D /* Readmill_SignedInViewController.xib */,
				96F0757712F0620600F6369D /* Readmill_SignedInViewController.h */,
				96F0757812F0620600F6369D /* Readmill_SignedInViewController.m */,
			);
			name = "Linking A Book";
			sourceTree = "<group>";
		};
		966E3E5012F2F6FB0027E05F /* Authentication */ = {
			isa = PBXGroup;
			children = (
				96F0756B12F061C800F6369D /* Readmill_FrameworkAppDelegate.h */,
				96F0756C12F061C800F6369D /* Readmill_FrameworkAppDelegate.m */,
				966E3E5112F2F7290027E05F /* Readmill_SigningInViewController.h */,
				966E3E5212F2F7290027E05F /* Readmill_SigningInViewController.m */,
				966E3E5312F2F7290027E05F /* Readmill_SigningInViewController.xib */,
			);
			name = Authentication;
			sourceTree = "<group>";
		};
		96BEAEC112F05E80006028D0 = {
			isa = PBXGroup;
			children = (
				502698D1130C87D300E67974 /* README.asciidoc */,
				96BEAEF312F06360006028D0 /* ReadmillFramework */,
				96F0757A12F0620B00F6369D /* Sample Application */,
				7323658A1355E5D9004B1EB9 /* Readmill */,
				732365991355E5D9004B1EB9 /* ReadmillTests */,
				96BEAECF12F05E80006028D0 /* Frameworks */,
				96BEAECD12F05E80006028D0 /* Products */,
			);
			sourceTree = "<group>";
		};
		96BEAECD12F05E80006028D0 /* Products */ = {
			isa = PBXGroup;
			children = (
				733291061356FC0B0063FBF4 /* ReadmillFramework.app */,
				73FD76571356FDBC006A2B1B /* ReadmillTests.octest */,
			);
			name = Products;
			sourceTree = "<group>";
		};
		96BEAECF12F05E80006028D0 /* Frameworks */ = {
			isa = PBXGroup;
			children = (
				732365881355E5D8004B1EB9 /* libReadmill.a */,
				9647F57B12F1A0140088CAA0 /* QuartzCore.framework */,
				96BEAED012F05E80006028D0 /* UIKit.framework */,
				96BEAED212F05E80006028D0 /* Foundation.framework */,
				96BEAED412F05E80006028D0 /* CoreGraphics.framework */,
			);
			name = Frameworks;
			sourceTree = "<group>";
		};
		96BEAEF312F06360006028D0 /* ReadmillFramework */ = {
			isa = PBXGroup;
			children = (
				96BEAF3112F0636C006028D0 /* Extensions */,
				96BEAF0412F06360006028D0 /* TouchJSON */,
				96BEAEF412F06360006028D0 /* Object Model */,
				96BEAF3612F071D6006028D0 /* iPad UI */,
				96BEAEFD12F06360006028D0 /* ReadmillAPIConstants.h */,
				96BEAEFE12F06360006028D0 /* ReadmillAPIWrapper.h */,
				96BEAEFF12F06360006028D0 /* ReadmillAPIWrapper.m */,
			);
			name = ReadmillFramework;
			path = Classes/Framework;
			sourceTree = "<group>";
		};
		96BEAEF412F06360006028D0 /* Object Model */ = {
			isa = PBXGroup;
			children = (
				731471CA1353054F00A41B49 /* ReadmillPing.h */,
				731471CB1353054F00A41B49 /* ReadmillPing.m */,
				96BEAEF512F06360006028D0 /* ReadmillBook.h */,
				96BEAEF612F06360006028D0 /* ReadmillBook.m */,
				96BEAEF712F06360006028D0 /* ReadmillRead.h */,
				96BEAEF812F06360006028D0 /* ReadmillRead.m */,
				96BEAEF912F06360006028D0 /* ReadmillReadSession.h */,
				96BEAEFA12F06360006028D0 /* ReadmillReadSession.m */,
				96BEAEFB12F06360006028D0 /* ReadmillUser.h */,
				96BEAEFC12F06360006028D0 /* ReadmillUser.m */,
			);
			path = "Object Model";
			sourceTree = "<group>";
		};
		96BEAF0412F06360006028D0 /* TouchJSON */ = {
			isa = PBXGroup;
			children = (
				96BEAF0512F06360006028D0 /* CDataScanner.h */,
				96BEAF0612F06360006028D0 /* CDataScanner.m */,
				96BEAF0712F06360006028D0 /* Experimental */,
				96BEAF0E12F06360006028D0 /* Extensions */,
				96BEAF1712F06360006028D0 /* JSON */,
			);
			path = TouchJSON;
			sourceTree = "<group>";
		};
		96BEAF0712F06360006028D0 /* Experimental */ = {
			isa = PBXGroup;
			children = (
				96BEAF0812F06360006028D0 /* CFilteringJSONSerializer.h */,
				96BEAF0912F06360006028D0 /* CFilteringJSONSerializer.m */,
				96BEAF0A12F06360006028D0 /* CJSONDeserializer_BlocksExtensions.h */,
				96BEAF0B12F06360006028D0 /* CJSONDeserializer_BlocksExtensions.m */,
				96BEAF0C12F06360006028D0 /* CJSONSerializedData.h */,
				96BEAF0D12F06360006028D0 /* CJSONSerializedData.m */,
			);
			path = Experimental;
			sourceTree = "<group>";
		};
		96BEAF0E12F06360006028D0 /* Extensions */ = {
			isa = PBXGroup;
			children = (
				96BEAF0F12F06360006028D0 /* CDataScanner_Extensions.h */,
				96BEAF1012F06360006028D0 /* CDataScanner_Extensions.m */,
				96BEAF1112F06360006028D0 /* NSCharacterSet_Extensions.h */,
				96BEAF1212F06360006028D0 /* NSCharacterSet_Extensions.m */,
				96BEAF1312F06360006028D0 /* NSDictionary_JSONExtensions.h */,
				96BEAF1412F06360006028D0 /* NSDictionary_JSONExtensions.m */,
				96BEAF1512F06360006028D0 /* NSScanner_Extensions.h */,
				96BEAF1612F06360006028D0 /* NSScanner_Extensions.m */,
			);
			path = Extensions;
			sourceTree = "<group>";
		};
		96BEAF1712F06360006028D0 /* JSON */ = {
			isa = PBXGroup;
			children = (
				96BEAF1812F06360006028D0 /* CJSONDeserializer.h */,
				96BEAF1912F06360006028D0 /* CJSONDeserializer.m */,
				96BEAF1A12F06360006028D0 /* CJSONScanner.h */,
				96BEAF1B12F06360006028D0 /* CJSONScanner.m */,
				96BEAF1C12F06360006028D0 /* CJSONSerializer.h */,
				96BEAF1D12F06360006028D0 /* CJSONSerializer.m */,
				96BEAF1E12F06360006028D0 /* JSONRepresentation.h */,
			);
			path = JSON;
			sourceTree = "<group>";
		};
		96BEAF3112F0636C006028D0 /* Extensions */ = {
			isa = PBXGroup;
			children = (
				731471C7135304F900A41B49 /* ReadmillURLExtensions.h */,
				731471C8135304F900A41B49 /* ReadmillURLExtensions.m */,
				96BEAF0012F06360006028D0 /* ReadmillDictionaryExtensions.h */,
				96BEAF0112F06360006028D0 /* ReadmillDictionaryExtensions.m */,
				96BEAF0212F06360006028D0 /* ReadmillStringExtensions.h */,
				96BEAF0312F06360006028D0 /* ReadmillStringExtensions.m */,
			);
			name = Extensions;
			path = "Object Model";
			sourceTree = "<group>";
		};
		96BEAF3612F071D6006028D0 /* iPad UI */ = {
			isa = PBXGroup;
			children = (
				73370EE71341172C00880F5B /* DismissingView.h */,
				73370EE81341172C00880F5B /* DismissingView.m */,
				73370FA11341187800880F5B /* Readmill Spinner */,
				96E2A90212F192EF00D7D249 /* ReadmillUIPresenter.h */,
				96E2A90312F192EF00D7D249 /* ReadmillUIPresenter.m */,
				96BEAF3712F071FA006028D0 /* ReadmillConnectBookUI.h */,
				96BEAF3812F071FA006028D0 /* ReadmillConnectBookUI.m */,
				96BEAF3D12F0951F006028D0 /* ReadmillFinishReadUI.h */,
				96BEAF3E12F0951F006028D0 /* ReadmillFinishReadUI.m */,
				731471EB1353601200A41B49 /* ReadmillArchiverExtensions.h */,
				731471EC1353601200A41B49 /* ReadmillArchiverExtensions.m */,
			);
			name = "iPad UI";
			sourceTree = "<group>";
		};
		96F0757A12F0620B00F6369D /* Sample Application */ = {
			isa = PBXGroup;
			children = (
				966E3E5012F2F6FB0027E05F /* Authentication */,
				966E3E4F12F2F6EB0027E05F /* Linking A Book */,
				96F0758712F0624F00F6369D /* MainWindow.xib */,
				9647F57F12F1B04C0088CAA0 /* logo.png */,
				96F0757B12F0622100F6369D /* Supporting Files */,
			);
			name = "Sample Application";
			sourceTree = "<group>";
		};
		96F0757B12F0622100F6369D /* Supporting Files */ = {
			isa = PBXGroup;
			children = (
				96F0757F12F0623400F6369D /* Readmill_Framework-Info.plist */,
				96F0758012F0623400F6369D /* Readmill_Framework-main.m */,
				96F0758112F0623400F6369D /* Readmill_Framework-Prefix.pch */,
				96F0758412F0624100F6369D /* InfoPlist.strings */,
			);
			name = "Supporting Files";
			sourceTree = "<group>";
		};
/* End PBXGroup section */

/* Begin PBXHeadersBuildPhase section */
		732365861355E5D8004B1EB9 /* Headers */ = {
			isa = PBXHeadersBuildPhase;
			buildActionMask = 2147483647;
			files = (
				73E1F60F13561F91008FEC3A /* ReadmillBook.h in Headers */,
				73E1F61413561F91008FEC3A /* ReadmillSpinner.h in Headers */,
				73E1F61513561F91008FEC3A /* ReadmillUIPresenter.h in Headers */,
				73E1F61613561F91008FEC3A /* ReadmillConnectBookUI.h in Headers */,
				73E1F61713561F91008FEC3A /* ReadmillFinishReadUI.h in Headers */,
				73E1F61913561F91008FEC3A /* ReadmillAPIConstants.h in Headers */,
				73E1F61A13561F91008FEC3A /* ReadmillAPIWrapper.h in Headers */,
				73E1F60213561F91008FEC3A /* CDataScanner.h in Headers */,
				73E1F60313561F91008FEC3A /* CFilteringJSONSerializer.h in Headers */,
				73E1F60413561F91008FEC3A /* CJSONDeserializer_BlocksExtensions.h in Headers */,
				73E1F61313561F91008FEC3A /* DismissingView.h in Headers */,
				73E1F5FF13561F91008FEC3A /* ReadmillURLExtensions.h in Headers */,
				73E1F60113561F91008FEC3A /* ReadmillStringExtensions.h in Headers */,
				73E1F61813561F91008FEC3A /* ReadmillArchiverExtensions.h in Headers */,
				73E1F60013561F91008FEC3A /* ReadmillDictionaryExtensions.h in Headers */,
				73E1F60513561F91008FEC3A /* CJSONSerializedData.h in Headers */,
				73E1F60613561F91008FEC3A /* CDataScanner_Extensions.h in Headers */,
				73E1F60713561F91008FEC3A /* NSCharacterSet_Extensions.h in Headers */,
				73E1F60813561F91008FEC3A /* NSDictionary_JSONExtensions.h in Headers */,
				73E1F60913561F91008FEC3A /* NSScanner_Extensions.h in Headers */,
				73E1F60A13561F91008FEC3A /* CJSONDeserializer.h in Headers */,
				73E1F60B13561F91008FEC3A /* CJSONScanner.h in Headers */,
				73E1F60C13561F91008FEC3A /* CJSONSerializer.h in Headers */,
				73E1F60D13561F91008FEC3A /* JSONRepresentation.h in Headers */,
				73E1F60E13561F91008FEC3A /* ReadmillPing.h in Headers */,
				73E1F61013561F91008FEC3A /* ReadmillRead.h in Headers */,
				73E1F61113561F91008FEC3A /* ReadmillReadSession.h in Headers */,
				73E1F61213561F91008FEC3A /* ReadmillUser.h in Headers */,
			);
			runOnlyForDeploymentPostprocessing = 0;
		};
/* End PBXHeadersBuildPhase section */

/* Begin PBXNativeTarget section */
		732365871355E5D8004B1EB9 /* Readmill */ = {
			isa = PBXNativeTarget;
			buildConfigurationList = 732365A41355E5D9004B1EB9 /* Build configuration list for PBXNativeTarget "Readmill" */;
			buildPhases = (
				732365841355E5D8004B1EB9 /* Sources */,
				732365851355E5D8004B1EB9 /* Frameworks */,
				732365861355E5D8004B1EB9 /* Headers */,
			);
			buildRules = (
			);
			dependencies = (
			);
			name = Readmill;
			productName = Readmill;
			productReference = 732365881355E5D8004B1EB9 /* libReadmill.a */;
			productType = "com.apple.product-type.library.static";
		};
		732365911355E5D9004B1EB9 /* ReadmillTests */ = {
			isa = PBXNativeTarget;
			buildConfigurationList = 732365A71355E5D9004B1EB9 /* Build configuration list for PBXNativeTarget "ReadmillTests" */;
			buildPhases = (
				7323658D1355E5D9004B1EB9 /* Sources */,
				7323658E1355E5D9004B1EB9 /* Frameworks */,
				7323658F1355E5D9004B1EB9 /* Resources */,
				732365901355E5D9004B1EB9 /* ShellScript */,
			);
			buildRules = (
			);
			dependencies = (
				732365971355E5D9004B1EB9 /* PBXTargetDependency */,
			);
			name = ReadmillTests;
			productName = ReadmillTests;
			productReference = 73FD76571356FDBC006A2B1B /* ReadmillTests.octest */;
			productType = "com.apple.product-type.bundle";
		};
		96BEAECB12F05E80006028D0 /* ReadmillFramework */ = {
			isa = PBXNativeTarget;
			buildConfigurationList = 96BEAEED12F05E80006028D0 /* Build configuration list for PBXNativeTarget "ReadmillFramework" */;
			buildPhases = (
				96BEAEC812F05E80006028D0 /* Sources */,
				96BEAEC912F05E80006028D0 /* Frameworks */,
				96BEAECA12F05E80006028D0 /* Resources */,
			);
			buildRules = (
			);
			dependencies = (
			);
			name = ReadmillFramework;
			productName = "Readmill Framework";
			productReference = 733291061356FC0B0063FBF4 /* ReadmillFramework.app */;
			productType = "com.apple.product-type.application";
		};
/* End PBXNativeTarget section */

/* Begin PBXProject section */
		96BEAEC312F05E80006028D0 /* Project object */ = {
			isa = PBXProject;
			attributes = {
				ORGANIZATIONNAME = "KennettNet Software Limited";
			};
			buildConfigurationList = 96BEAEC612F05E80006028D0 /* Build configuration list for PBXProject "ReadmillFramework" */;
			compatibilityVersion = "Xcode 3.2";
			developmentRegion = English;
			hasScannedForEncodings = 0;
			knownRegions = (
				en,
			);
			mainGroup = 96BEAEC112F05E80006028D0;
			productRefGroup = 96BEAECD12F05E80006028D0 /* Products */;
			projectDirPath = "";
			projectRoot = "";
			targets = (
				96BEAECB12F05E80006028D0 /* ReadmillFramework */,
				732365871355E5D8004B1EB9 /* Readmill */,
				732365911355E5D9004B1EB9 /* ReadmillTests */,
			);
		};
/* End PBXProject section */

/* Begin PBXResourcesBuildPhase section */
		7323658F1355E5D9004B1EB9 /* Resources */ = {
			isa = PBXResourcesBuildPhase;
			buildActionMask = 2147483647;
			files = (
				7323659E1355E5D9004B1EB9 /* InfoPlist.strings in Resources */,
				732365A11355E5D9004B1EB9 /* ReadmillTests.h in Resources */,
			);
			runOnlyForDeploymentPostprocessing = 0;
		};
		96BEAECA12F05E80006028D0 /* Resources */ = {
			isa = PBXResourcesBuildPhase;
			buildActionMask = 2147483647;
			files = (
				96F0758612F0624100F6369D /* InfoPlist.strings in Resources */,
				96F0758B12F0624F00F6369D /* MainWindow.xib in Resources */,
				96F0758C12F0624F00F6369D /* Readmill_SignedInViewController.xib in Resources */,
				9647F58012F1B04C0088CAA0 /* logo.png in Resources */,
				966E3E5512F2F7290027E05F /* Readmill_SigningInViewController.xib in Resources */,
				502698D2130C87D400E67974 /* README.asciidoc in Resources */,
				73370F831341183400880F5B /* 001c.png in Resources */,
				73370F841341183400880F5B /* 002c.png in Resources */,
				73370F851341183400880F5B /* 003c.png in Resources */,
				73370F861341183400880F5B /* 004c.png in Resources */,
				73370F871341183400880F5B /* 005c.png in Resources */,
				73370F881341183400880F5B /* 006c.png in Resources */,
				73370F891341183400880F5B /* 007c.png in Resources */,
				73370F8A1341183400880F5B /* 008c.png in Resources */,
				73370F8B1341183400880F5B /* 009c.png in Resources */,
				73370F8C1341183400880F5B /* 010c.png in Resources */,
				73370F8D1341183400880F5B /* 011c.png in Resources */,
				73370F8E1341183400880F5B /* 012c.png in Resources */,
				73370F8F1341183400880F5B /* 013c.png in Resources */,
				73370F901341183400880F5B /* 014c.png in Resources */,
				73370F911341183400880F5B /* 015c.png in Resources */,
				73370F921341183400880F5B /* 016c.png in Resources */,
				73370F931341183400880F5B /* 017c.png in Resources */,
				73370F941341183400880F5B /* 018c.png in Resources */,
				73370F951341183400880F5B /* 019c.png in Resources */,
				73370F961341183400880F5B /* 020c.png in Resources */,
				73370F971341183400880F5B /* 021c.png in Resources */,
				73370F981341183400880F5B /* 022c.png in Resources */,
				73370F991341183400880F5B /* 023c.png in Resources */,
				73370F9A1341183400880F5B /* 024c.png in Resources */,
				73370F9B1341183400880F5B /* 025c.png in Resources */,
				73370F9C1341183400880F5B /* 026c.png in Resources */,
				73370F9D1341183400880F5B /* 027c.png in Resources */,
				73370F9E1341183400880F5B /* 028c.png in Resources */,
				73370F9F1341183400880F5B /* 029c.png in Resources */,
				73370FA01341183400880F5B /* 030c.png in Resources */,
			);
			runOnlyForDeploymentPostprocessing = 0;
		};
/* End PBXResourcesBuildPhase section */

/* Begin PBXShellScriptBuildPhase section */
		732365901355E5D9004B1EB9 /* ShellScript */ = {
			isa = PBXShellScriptBuildPhase;
			buildActionMask = 2147483647;
			files = (
			);
			inputPaths = (
			);
			outputPaths = (
			);
			runOnlyForDeploymentPostprocessing = 0;
			shellPath = /bin/sh;
			shellScript = "# Run the unit tests in this test bundle.\n\"${SYSTEM_DEVELOPER_DIR}/Tools/RunUnitTests\"\n";
		};
/* End PBXShellScriptBuildPhase section */

/* Begin PBXSourcesBuildPhase section */
		732365841355E5D8004B1EB9 /* Sources */ = {
			isa = PBXSourcesBuildPhase;
			buildActionMask = 2147483647;
			files = (
				732365AA1355E914004B1EB9 /* ReadmillURLExtensions.m in Sources */,
				732365AB1355E914004B1EB9 /* ReadmillDictionaryExtensions.m in Sources */,
				732365AC1355E914004B1EB9 /* ReadmillStringExtensions.m in Sources */,
				732365AE1355E91C004B1EB9 /* CDataScanner.m in Sources */,
				732365AF1355E924004B1EB9 /* CFilteringJSONSerializer.m in Sources */,
				732365B01355E924004B1EB9 /* CJSONDeserializer_BlocksExtensions.m in Sources */,
				732365B11355E924004B1EB9 /* CJSONSerializedData.m in Sources */,
				732365B21355E92B004B1EB9 /* CDataScanner_Extensions.m in Sources */,
				732365B31355E92B004B1EB9 /* NSCharacterSet_Extensions.m in Sources */,
				732365B41355E92B004B1EB9 /* NSDictionary_JSONExtensions.m in Sources */,
				732365B51355E92B004B1EB9 /* NSScanner_Extensions.m in Sources */,
				732365B61355E930004B1EB9 /* CJSONDeserializer.m in Sources */,
				732365B71355E930004B1EB9 /* CJSONScanner.m in Sources */,
				732365B81355E930004B1EB9 /* CJSONSerializer.m in Sources */,
				732365BF1355E948004B1EB9 /* DismissingView.m in Sources */,
				732365B91355E938004B1EB9 /* ReadmillPing.m in Sources */,
				732365BA1355E938004B1EB9 /* ReadmillBook.m in Sources */,
				732365BB1355E938004B1EB9 /* ReadmillRead.m in Sources */,
				732365BC1355E938004B1EB9 /* ReadmillReadSession.m in Sources */,
				732365BD1355E938004B1EB9 /* ReadmillUser.m in Sources */,
				732365BE1355E93C004B1EB9 /* ReadmillAPIWrapper.m in Sources */,
				732365C01355E948004B1EB9 /* ReadmillSpinner.m in Sources */,
				732365C11355E948004B1EB9 /* ReadmillUIPresenter.m in Sources */,
				732365C21355E948004B1EB9 /* ReadmillConnectBookUI.m in Sources */,
				732365C31355E948004B1EB9 /* ReadmillFinishReadUI.m in Sources */,
				732365C41355E948004B1EB9 /* ReadmillArchiverExtensions.m in Sources */,
			);
			runOnlyForDeploymentPostprocessing = 0;
		};
		7323658D1355E5D9004B1EB9 /* Sources */ = {
			isa = PBXSourcesBuildPhase;
			buildActionMask = 2147483647;
			files = (
				732365A31355E5D9004B1EB9 /* ReadmillTests.m in Sources */,
			);
			runOnlyForDeploymentPostprocessing = 0;
		};
		96BEAEC812F05E80006028D0 /* Sources */ = {
			isa = PBXSourcesBuildPhase;
			buildActionMask = 2147483647;
			files = (
				96F0756D12F061C800F6369D /* Readmill_FrameworkAppDelegate.m in Sources */,
				96F0757912F0620600F6369D /* Readmill_SignedInViewController.m in Sources */,
				96F0758312F0623400F6369D /* Readmill_Framework-main.m in Sources */,
				966E3E5412F2F7290027E05F /* Readmill_SigningInViewController.m in Sources */,
			);
			runOnlyForDeploymentPostprocessing = 0;
		};
/* End PBXSourcesBuildPhase section */

/* Begin PBXTargetDependency section */
		732365971355E5D9004B1EB9 /* PBXTargetDependency */ = {
			isa = PBXTargetDependency;
			target = 732365871355E5D8004B1EB9 /* Readmill */;
			targetProxy = 732365961355E5D9004B1EB9 /* PBXContainerItemProxy */;
		};
/* End PBXTargetDependency section */

/* Begin PBXVariantGroup section */
		7323659C1355E5D9004B1EB9 /* InfoPlist.strings */ = {
			isa = PBXVariantGroup;
			children = (
				7323659D1355E5D9004B1EB9 /* en */,
			);
			name = InfoPlist.strings;
			sourceTree = "<group>";
		};
		96F0758412F0624100F6369D /* InfoPlist.strings */ = {
			isa = PBXVariantGroup;
			children = (
				96F0758512F0624100F6369D /* en */,
			);
			name = InfoPlist.strings;
			sourceTree = "<group>";
		};
		96F0758712F0624F00F6369D /* MainWindow.xib */ = {
			isa = PBXVariantGroup;
			children = (
				96F0758812F0624F00F6369D /* en */,
			);
			name = MainWindow.xib;
			sourceTree = "<group>";
		};
		96F0758912F0624F00F6369D /* Readmill_SignedInViewController.xib */ = {
			isa = PBXVariantGroup;
			children = (
				96F0758A12F0624F00F6369D /* en */,
			);
			name = Readmill_SignedInViewController.xib;
			sourceTree = "<group>";
		};
/* End PBXVariantGroup section */

/* Begin XCBuildConfiguration section */
		732365A51355E5D9004B1EB9 /* Debug */ = {
			isa = XCBuildConfiguration;
			buildSettings = {
				ARCHS = "$(ARCHS_STANDARD_32_BIT)";
				DSTROOT = /tmp/Readmill.dst;
				GCC_PRECOMPILE_PREFIX_HEADER = YES;
				GCC_PREFIX_HEADER = "Readmill/Readmill-Prefix.pch";
				GCC_SYMBOLS_PRIVATE_EXTERN = NO;
				GCC_VERSION = com.apple.compilers.llvmgcc42;
				HEADER_SEARCH_PATHS = "";
				INSTALL_PATH = "$(BUILT_PRODUCTS_DIR)";
				IPHONEOS_DEPLOYMENT_TARGET = 4.3;
				LIBRARY_SEARCH_PATHS = "$(CONFIGURATION)$(EFFECTIVE_PLATFORM_NAME)";
				OTHER_LDFLAGS = "-ObjC";
				PRODUCT_NAME = "$(TARGET_NAME)";
				PUBLIC_HEADERS_FOLDER_PATH = "$(TARGET_NAME)";
				SKIP_INSTALL = YES;
				USER_HEADER_SEARCH_PATHS = "";
			};
			name = Debug;
		};
		732365A61355E5D9004B1EB9 /* Release */ = {
			isa = XCBuildConfiguration;
			buildSettings = {
				ARCHS = "$(ARCHS_STANDARD_32_BIT)";
				DSTROOT = /tmp/Readmill.dst;
				GCC_PRECOMPILE_PREFIX_HEADER = YES;
				GCC_PREFIX_HEADER = "Readmill/Readmill-Prefix.pch";
				GCC_VERSION = com.apple.compilers.llvmgcc42;
				HEADER_SEARCH_PATHS = "";
				INSTALL_PATH = "$(BUILT_PRODUCTS_DIR)";
				IPHONEOS_DEPLOYMENT_TARGET = 4.3;
				LIBRARY_SEARCH_PATHS = "$(CONFIGURATION)$(EFFECTIVE_PLATFORM_NAME)";
				OTHER_LDFLAGS = "-ObjC";
				PRODUCT_NAME = "$(TARGET_NAME)";
				PUBLIC_HEADERS_FOLDER_PATH = "$(TARGET_NAME)";
				SKIP_INSTALL = YES;
				USER_HEADER_SEARCH_PATHS = "";
			};
			name = Release;
		};
		732365A81355E5D9004B1EB9 /* Debug */ = {
			isa = XCBuildConfiguration;
			buildSettings = {
				ALWAYS_SEARCH_USER_PATHS = NO;
				ARCHS = "$(ARCHS_STANDARD_32_BIT)";
				FRAMEWORK_SEARCH_PATHS = (
					"$(SDKROOT)/Developer/Library/Frameworks",
					"$(DEVELOPER_LIBRARY_DIR)/Frameworks",
				);
				GCC_PRECOMPILE_PREFIX_HEADER = YES;
				GCC_PREFIX_HEADER = "ReadmillTests/ReadmillTests-Prefix.pch";
				GCC_SYMBOLS_PRIVATE_EXTERN = NO;
				GCC_VERSION = com.apple.compilers.llvmgcc42;
				INFOPLIST_FILE = "ReadmillTests/ReadmillTests-Info.plist";
				IPHONEOS_DEPLOYMENT_TARGET = 4.3;
				OTHER_LDFLAGS = (
					"-framework",
					SenTestingKit,
				);
				PRODUCT_NAME = "$(TARGET_NAME)";
				WRAPPER_EXTENSION = octest;
			};
			name = Debug;
		};
		732365A91355E5D9004B1EB9 /* Release */ = {
			isa = XCBuildConfiguration;
			buildSettings = {
				ALWAYS_SEARCH_USER_PATHS = NO;
				ARCHS = "$(ARCHS_STANDARD_32_BIT)";
				FRAMEWORK_SEARCH_PATHS = (
					"$(SDKROOT)/Developer/Library/Frameworks",
					"$(DEVELOPER_LIBRARY_DIR)/Frameworks",
				);
				GCC_PRECOMPILE_PREFIX_HEADER = YES;
				GCC_PREFIX_HEADER = "ReadmillTests/ReadmillTests-Prefix.pch";
				GCC_VERSION = com.apple.compilers.llvmgcc42;
				INFOPLIST_FILE = "ReadmillTests/ReadmillTests-Info.plist";
				IPHONEOS_DEPLOYMENT_TARGET = 4.3;
				OTHER_LDFLAGS = (
					"-framework",
					SenTestingKit,
				);
				PRODUCT_NAME = "$(TARGET_NAME)";
				WRAPPER_EXTENSION = octest;
			};
			name = Release;
		};
		96BEAEEB12F05E80006028D0 /* Debug */ = {
			isa = XCBuildConfiguration;
			buildSettings = {
				ARCHS = "$(ARCHS_UNIVERSAL_IPHONE_OS)";
				"CODE_SIGN_IDENTITY[sdk=iphoneos*]" = "iPhone Developer";
				GCC_C_LANGUAGE_STANDARD = gnu99;
				GCC_OPTIMIZATION_LEVEL = 0;
				GCC_PREPROCESSOR_DEFINITIONS = DEBUG;
				GCC_WARN_ABOUT_RETURN_TYPE = YES;
				GCC_WARN_UNUSED_VARIABLE = YES;
				IPHONEOS_DEPLOYMENT_TARGET = 4.2;
				OTHER_LDFLAGS = (
					"-ObjC",
					"-all_load",
				);
				SDKROOT = iphoneos;
				TARGETED_DEVICE_FAMILY = 2;
			};
			name = Debug;
		};
		96BEAEEC12F05E80006028D0 /* Release */ = {
			isa = XCBuildConfiguration;
			buildSettings = {
				ARCHS = "$(ARCHS_UNIVERSAL_IPHONE_OS)";
				"CODE_SIGN_IDENTITY[sdk=iphoneos*]" = "iPhone Developer";
				GCC_C_LANGUAGE_STANDARD = gnu99;
				GCC_WARN_ABOUT_RETURN_TYPE = YES;
				GCC_WARN_UNUSED_VARIABLE = YES;
				IPHONEOS_DEPLOYMENT_TARGET = 4.2;
				OTHER_CFLAGS = "-DNS_BLOCK_ASSERTIONS=1";
				OTHER_LDFLAGS = (
					"-ObjC",
					"-all_load",
				);
				SDKROOT = iphoneos;
				TARGETED_DEVICE_FAMILY = 2;
			};
			name = Release;
		};
		96BEAEEE12F05E80006028D0 /* Debug */ = {
			isa = XCBuildConfiguration;
			buildSettings = {
				ALWAYS_SEARCH_USER_PATHS = NO;
				COPY_PHASE_STRIP = NO;
				GCC_DYNAMIC_NO_PIC = NO;
				GCC_PRECOMPILE_PREFIX_HEADER = YES;
				GCC_PREFIX_HEADER = "Readmill_Framework-Prefix.pch";
				INFOPLIST_FILE = "Readmill_Framework-Info.plist";
				PRODUCT_NAME = ReadmillFramework;
				RUN_CLANG_STATIC_ANALYZER = YES;
				USER_HEADER_SEARCH_PATHS = "$(BUILT_PRODUCTS_DIR)";
				WRAPPER_EXTENSION = app;
			};
			name = Debug;
		};
		96BEAEEF12F05E80006028D0 /* Release */ = {
			isa = XCBuildConfiguration;
			buildSettings = {
				ALWAYS_SEARCH_USER_PATHS = NO;
				COPY_PHASE_STRIP = YES;
				GCC_PRECOMPILE_PREFIX_HEADER = YES;
				GCC_PREFIX_HEADER = "Readmill_Framework-Prefix.pch";
				INFOPLIST_FILE = "Readmill_Framework-Info.plist";
				PRODUCT_NAME = ReadmillFramework;
				RUN_CLANG_STATIC_ANALYZER = YES;
				USER_HEADER_SEARCH_PATHS = "$(BUILT_PRODUCTS_DIR)";
				VALIDATE_PRODUCT = YES;
				WRAPPER_EXTENSION = app;
			};
			name = Release;
		};
/* End XCBuildConfiguration section */

/* Begin XCConfigurationList section */
		732365A41355E5D9004B1EB9 /* Build configuration list for PBXNativeTarget "Readmill" */ = {
			isa = XCConfigurationList;
			buildConfigurations = (
				732365A51355E5D9004B1EB9 /* Debug */,
				732365A61355E5D9004B1EB9 /* Release */,
			);
			defaultConfigurationIsVisible = 0;
			defaultConfigurationName = Release;
		};
		732365A71355E5D9004B1EB9 /* Build configuration list for PBXNativeTarget "ReadmillTests" */ = {
			isa = XCConfigurationList;
			buildConfigurations = (
				732365A81355E5D9004B1EB9 /* Debug */,
				732365A91355E5D9004B1EB9 /* Release */,
			);
			defaultConfigurationIsVisible = 0;
			defaultConfigurationName = Release;
		};
		96BEAEC612F05E80006028D0 /* Build configuration list for PBXProject "ReadmillFramework" */ = {
			isa = XCConfigurationList;
			buildConfigurations = (
				96BEAEEB12F05E80006028D0 /* Debug */,
				96BEAEEC12F05E80006028D0 /* Release */,
			);
			defaultConfigurationIsVisible = 0;
			defaultConfigurationName = Release;
		};
		96BEAEED12F05E80006028D0 /* Build configuration list for PBXNativeTarget "ReadmillFramework" */ = {
			isa = XCConfigurationList;
			buildConfigurations = (
				96BEAEEE12F05E80006028D0 /* Debug */,
				96BEAEEF12F05E80006028D0 /* Release */,
			);
			defaultConfigurationIsVisible = 0;
			defaultConfigurationName = Release;
		};
/* End XCConfigurationList section */
	};
	rootObject = 96BEAEC312F05E80006028D0 /* Project object */;
}
