// !$*UTF8*$!
{
	archiveVersion = 1;
	classes = {
	};
	objectVersion = 46;
	objects = {

/* Begin PBXBuildFile section */
		33028E8514CD582100257CA6 /* ReadmillPingTests.m in Sources */ = {isa = PBXBuildFile; fileRef = 33EDA94614C6E2F900733C0A /* ReadmillPingTests.m */; };
		33028E8914CD582400257CA6 /* ReadmillHighlightTests.m in Sources */ = {isa = PBXBuildFile; fileRef = 3313AEEA14C82C910087EABF /* ReadmillHighlightTests.m */; };
		3313AEE514C77C5D0087EABF /* OCMockObject+RMAdditions.m in Sources */ = {isa = PBXBuildFile; fileRef = 3313AEE414C77C5D0087EABF /* OCMockObject+RMAdditions.m */; };
		332FD3931489062E00F755CD /* UIApplication+ReadmillNetworkActivity.h in Headers */ = {isa = PBXBuildFile; fileRef = 332FD3911489062D00F755CD /* UIApplication+ReadmillNetworkActivity.h */; };
		332FD3941489062E00F755CD /* UIApplication+ReadmillNetworkActivity.m in Sources */ = {isa = PBXBuildFile; fileRef = 332FD3921489062D00F755CD /* UIApplication+ReadmillNetworkActivity.m */; };
		333BA9AF14C7563600A247BF /* libOCMock.a in Frameworks */ = {isa = PBXBuildFile; fileRef = 33D9B994149BA50D00C6876E /* libOCMock.a */; };
		333FC84A14C719F800DC62AD /* ReadmillAPIWrapper+Internal.h in Headers */ = {isa = PBXBuildFile; fileRef = 333FC84814C719F800DC62AD /* ReadmillAPIWrapper+Internal.h */; };
		333FC84B14C719F800DC62AD /* ReadmillAPIWrapper+Internal.m in Sources */ = {isa = PBXBuildFile; fileRef = 333FC84914C719F800DC62AD /* ReadmillAPIWrapper+Internal.m */; };
		335E809E149BA94100BC8565 /* reading47783.json in Resources */ = {isa = PBXBuildFile; fileRef = 335E809D149BA94100BC8565 /* reading47783.json */; };
		33CCB96715613D6A00131265 /* QuartzCore.framework in Frameworks */ = {isa = PBXBuildFile; fileRef = 9647F57B12F1A0140088CAA0 /* QuartzCore.framework */; };
		33D9B950149B7CE900C6876E /* logo.png in Resources */ = {isa = PBXBuildFile; fileRef = 33D9B94F149B7CE900C6876E /* logo.png */; };
		33D9B953149B7D5900C6876E /* Default-Portrait~ipad.png in Resources */ = {isa = PBXBuildFile; fileRef = 33D9B952149B7D5900C6876E /* Default-Portrait~ipad.png */; };
		502698D2130C87D400E67974 /* README.md in Resources */ = {isa = PBXBuildFile; fileRef = 502698D1130C87D300E67974 /* README.md */; };
		7318A46B137D294800CBC7A4 /* NSError+ReadmillAdditions.h in Headers */ = {isa = PBXBuildFile; fileRef = 7318A469137D294800CBC7A4 /* NSError+ReadmillAdditions.h */; settings = {ATTRIBUTES = (); }; };
		7318A46C137D294800CBC7A4 /* NSError+ReadmillAdditions.m in Sources */ = {isa = PBXBuildFile; fileRef = 7318A46A137D294800CBC7A4 /* NSError+ReadmillAdditions.m */; };
		7318DE74142C94E50002152C /* ReadmillRequestOperation.h in Headers */ = {isa = PBXBuildFile; fileRef = 7318DE72142C94E50002152C /* ReadmillRequestOperation.h */; settings = {ATTRIBUTES = (); }; };
		7318DE76142C94E50002152C /* ReadmillRequestOperation.m in Sources */ = {isa = PBXBuildFile; fileRef = 7318DE73142C94E50002152C /* ReadmillRequestOperation.m */; };
		7320894916FC350000D1308C /* ReadmillHighlight.h in Headers */ = {isa = PBXBuildFile; fileRef = 7320894416FC26AD00D1308C /* ReadmillHighlight.h */; };
		7320894A16FC350A00D1308C /* ReadmillHighlight.m in Sources */ = {isa = PBXBuildFile; fileRef = 7320894516FC26AD00D1308C /* ReadmillHighlight.m */; };
		7320895816FC9AFF00D1308C /* ReadmillComment.h in Headers */ = {isa = PBXBuildFile; fileRef = 7320895316FC8D8000D1308C /* ReadmillComment.h */; };
		7320895916FC9B0200D1308C /* ReadmillComment.m in Sources */ = {isa = PBXBuildFile; fileRef = 7320895416FC8D8000D1308C /* ReadmillComment.m */; };
		734A51A4135A1DF5009F9794 /* Foundation.framework in Frameworks */ = {isa = PBXBuildFile; fileRef = 96BEAED212F05E80006028D0 /* Foundation.framework */; };
		734A51AE135A1DF5009F9794 /* UIKit.framework in Frameworks */ = {isa = PBXBuildFile; fileRef = 96BEAED012F05E80006028D0 /* UIKit.framework */; };
		734A51AF135A1DF5009F9794 /* Foundation.framework in Frameworks */ = {isa = PBXBuildFile; fileRef = 96BEAED212F05E80006028D0 /* Foundation.framework */; };
		734A51B0135A1DF5009F9794 /* CoreGraphics.framework in Frameworks */ = {isa = PBXBuildFile; fileRef = 96BEAED412F05E80006028D0 /* CoreGraphics.framework */; };
		734A51B3135A1DF5009F9794 /* libReadmillAPI.a in Frameworks */ = {isa = PBXBuildFile; fileRef = 734A51A3135A1DF5009F9794 /* libReadmillAPI.a */; };
		734A51B9135A1DF6009F9794 /* InfoPlist.strings in Resources */ = {isa = PBXBuildFile; fileRef = 734A51B7135A1DF6009F9794 /* InfoPlist.strings */; };
		734A51BC135A1DF6009F9794 /* ReadmillAPIReadingTests.h in Resources */ = {isa = PBXBuildFile; fileRef = 734A51BB135A1DF6009F9794 /* ReadmillAPIReadingTests.h */; };
		734A51BE135A1DF6009F9794 /* ReadmillAPIReadingTests.m in Sources */ = {isa = PBXBuildFile; fileRef = 734A51BD135A1DF6009F9794 /* ReadmillAPIReadingTests.m */; };
		734A51D3135A1E10009F9794 /* NSURL+ReadmillURLParameters.h in Headers */ = {isa = PBXBuildFile; fileRef = 731471C7135304F900A41B49 /* NSURL+ReadmillURLParameters.h */; settings = {ATTRIBUTES = (); }; };
		734A51D4135A1E10009F9794 /* NSURL+ReadmillURLParameters.m in Sources */ = {isa = PBXBuildFile; fileRef = 731471C8135304F900A41B49 /* NSURL+ReadmillURLParameters.m */; };
		734A51D5135A1E10009F9794 /* NSDictionary+ReadmillAdditions.h in Headers */ = {isa = PBXBuildFile; fileRef = 96BEAF0012F06360006028D0 /* NSDictionary+ReadmillAdditions.h */; settings = {ATTRIBUTES = (); }; };
		734A51D6135A1E10009F9794 /* NSDictionary+ReadmillAdditions.m in Sources */ = {isa = PBXBuildFile; fileRef = 96BEAF0112F06360006028D0 /* NSDictionary+ReadmillAdditions.m */; };
		734A51D7135A1E10009F9794 /* NSString+ReadmillAdditions.h in Headers */ = {isa = PBXBuildFile; fileRef = 96BEAF0212F06360006028D0 /* NSString+ReadmillAdditions.h */; settings = {ATTRIBUTES = (); }; };
		734A51F2135A1E37009F9794 /* ReadmillBook.h in Headers */ = {isa = PBXBuildFile; fileRef = 96BEAEF512F06360006028D0 /* ReadmillBook.h */; settings = {ATTRIBUTES = (); }; };
		734A51F3135A1E37009F9794 /* ReadmillBook.m in Sources */ = {isa = PBXBuildFile; fileRef = 96BEAEF612F06360006028D0 /* ReadmillBook.m */; };
		734A51F4135A1E37009F9794 /* ReadmillReading.h in Headers */ = {isa = PBXBuildFile; fileRef = 96BEAEF712F06360006028D0 /* ReadmillReading.h */; settings = {ATTRIBUTES = (); }; };
		734A51F5135A1E37009F9794 /* ReadmillReading.m in Sources */ = {isa = PBXBuildFile; fileRef = 96BEAEF812F06360006028D0 /* ReadmillReading.m */; };
		734A51F6135A1E37009F9794 /* ReadmillReadingSession.h in Headers */ = {isa = PBXBuildFile; fileRef = 96BEAEF912F06360006028D0 /* ReadmillReadingSession.h */; settings = {ATTRIBUTES = (); }; };
		734A51F7135A1E37009F9794 /* ReadmillReadingSession.m in Sources */ = {isa = PBXBuildFile; fileRef = 96BEAEFA12F06360006028D0 /* ReadmillReadingSession.m */; };
		734A51F8135A1E37009F9794 /* ReadmillUser.h in Headers */ = {isa = PBXBuildFile; fileRef = 96BEAEFB12F06360006028D0 /* ReadmillUser.h */; settings = {ATTRIBUTES = (); }; };
		734A51F9135A1E37009F9794 /* ReadmillUser.m in Sources */ = {isa = PBXBuildFile; fileRef = 96BEAEFC12F06360006028D0 /* ReadmillUser.m */; };
		734A51FA135A1E3D009F9794 /* ReadmillDismissingView.h in Headers */ = {isa = PBXBuildFile; fileRef = 73370EE71341172C00880F5B /* ReadmillDismissingView.h */; settings = {ATTRIBUTES = (); }; };
		734A51FB135A1E3D009F9794 /* ReadmillDismissingView.m in Sources */ = {isa = PBXBuildFile; fileRef = 73370EE81341172C00880F5B /* ReadmillDismissingView.m */; };
		734A51FC135A1E41009F9794 /* ReadmillUIPresenter.h in Headers */ = {isa = PBXBuildFile; fileRef = 96E2A90212F192EF00D7D249 /* ReadmillUIPresenter.h */; settings = {ATTRIBUTES = (); }; };
		734A51FD135A1E41009F9794 /* ReadmillUIPresenter.m in Sources */ = {isa = PBXBuildFile; fileRef = 96E2A90312F192EF00D7D249 /* ReadmillUIPresenter.m */; };
		734A5202135A1E41009F9794 /* NSKeyedArchiver+ReadmillAdditions.h in Headers */ = {isa = PBXBuildFile; fileRef = 731471EB1353601200A41B49 /* NSKeyedArchiver+ReadmillAdditions.h */; settings = {ATTRIBUTES = (); }; };
		734A5203135A1E41009F9794 /* NSKeyedArchiver+ReadmillAdditions.m in Sources */ = {isa = PBXBuildFile; fileRef = 731471EC1353601200A41B49 /* NSKeyedArchiver+ReadmillAdditions.m */; };
		734A5205135A1E41009F9794 /* ReadmillAPIWrapper.h in Headers */ = {isa = PBXBuildFile; fileRef = 96BEAEFE12F06360006028D0 /* ReadmillAPIWrapper.h */; settings = {ATTRIBUTES = (); }; };
		734A5206135A1E41009F9794 /* ReadmillAPIWrapper.m in Sources */ = {isa = PBXBuildFile; fileRef = 96BEAEFF12F06360006028D0 /* ReadmillAPIWrapper.m */; };
		734A5207135A1E46009F9794 /* ReadmillSpinner.h in Headers */ = {isa = PBXBuildFile; fileRef = 73370FA21341197300880F5B /* ReadmillSpinner.h */; settings = {ATTRIBUTES = (); }; };
		7359F0661733B7030074B33C /* JSONKit.m in Sources */ = {isa = PBXBuildFile; fileRef = 735E3E6B13E06E1500930E8C /* JSONKit.m */; settings = {COMPILER_FLAGS = "-fno-objc-arc"; }; };
		7359F0671733B7030074B33C /* NSURL+ReadmillURLParameters.m in Sources */ = {isa = PBXBuildFile; fileRef = 731471C8135304F900A41B49 /* NSURL+ReadmillURLParameters.m */; };
		7359F0681733B7030074B33C /* NSDictionary+ReadmillAdditions.m in Sources */ = {isa = PBXBuildFile; fileRef = 96BEAF0112F06360006028D0 /* NSDictionary+ReadmillAdditions.m */; };
		7359F0691733B7030074B33C /* ReadmillBook.m in Sources */ = {isa = PBXBuildFile; fileRef = 96BEAEF612F06360006028D0 /* ReadmillBook.m */; };
		7359F06A1733B7030074B33C /* ReadmillReading.m in Sources */ = {isa = PBXBuildFile; fileRef = 96BEAEF812F06360006028D0 /* ReadmillReading.m */; };
		7359F06B1733B7030074B33C /* ReadmillReadingSession.m in Sources */ = {isa = PBXBuildFile; fileRef = 96BEAEFA12F06360006028D0 /* ReadmillReadingSession.m */; };
		7359F06C1733B7030074B33C /* ReadmillUser.m in Sources */ = {isa = PBXBuildFile; fileRef = 96BEAEFC12F06360006028D0 /* ReadmillUser.m */; };
		7359F06F1733B7030074B33C /* NSKeyedArchiver+ReadmillAdditions.m in Sources */ = {isa = PBXBuildFile; fileRef = 731471EC1353601200A41B49 /* NSKeyedArchiver+ReadmillAdditions.m */; };
		7359F0701733B7030074B33C /* ReadmillAPIWrapper.m in Sources */ = {isa = PBXBuildFile; fileRef = 96BEAEFF12F06360006028D0 /* ReadmillAPIWrapper.m */; };
		7359F0711733B7030074B33C /* ReadmillPing.m in Sources */ = {isa = PBXBuildFile; fileRef = 735E41D9135A666D00855884 /* ReadmillPing.m */; };
		7359F0721733B7030074B33C /* NSError+ReadmillAdditions.m in Sources */ = {isa = PBXBuildFile; fileRef = 7318A46A137D294800CBC7A4 /* NSError+ReadmillAdditions.m */; };
		7359F0731733B7030074B33C /* ReadmillRequestOperation.m in Sources */ = {isa = PBXBuildFile; fileRef = 7318DE73142C94E50002152C /* ReadmillRequestOperation.m */; };
		7359F0741733B7030074B33C /* NSDate+ReadmillAdditions.m in Sources */ = {isa = PBXBuildFile; fileRef = 736C85E01459FFAF00C5E6B5 /* NSDate+ReadmillAdditions.m */; };
		7359F0751733B7030074B33C /* ReadmillAPIConfiguration.m in Sources */ = {isa = PBXBuildFile; fileRef = 73AA2950145EB41300CDBBD6 /* ReadmillAPIConfiguration.m */; };
		7359F0761733B7030074B33C /* NSString+ReadmillAdditions.m in Sources */ = {isa = PBXBuildFile; fileRef = 96BEAF0312F06360006028D0 /* NSString+ReadmillAdditions.m */; };
		7359F0791733B7030074B33C /* ReadmillAPIWrapper+Internal.m in Sources */ = {isa = PBXBuildFile; fileRef = 333FC84914C719F800DC62AD /* ReadmillAPIWrapper+Internal.m */; };
		7359F07A1733B7030074B33C /* NSDateFormatter+ReadmillAdditions.m in Sources */ = {isa = PBXBuildFile; fileRef = 73A3A28E162D6B6200E39AB8 /* NSDateFormatter+ReadmillAdditions.m */; };
		7359F07B1733B7030074B33C /* ReadmillHighlight.m in Sources */ = {isa = PBXBuildFile; fileRef = 7320894516FC26AD00D1308C /* ReadmillHighlight.m */; };
		7359F07C1733B7030074B33C /* ReadmillComment.m in Sources */ = {isa = PBXBuildFile; fileRef = 7320895416FC8D8000D1308C /* ReadmillComment.m */; };
		7359F07E1733B7030074B33C /* Foundation.framework in Frameworks */ = {isa = PBXBuildFile; fileRef = 96BEAED212F05E80006028D0 /* Foundation.framework */; };
		7359F0801733B7030074B33C /* ReadmillBook.h in Headers */ = {isa = PBXBuildFile; fileRef = 96BEAEF512F06360006028D0 /* ReadmillBook.h */; settings = {ATTRIBUTES = (); }; };
		7359F0811733B7030074B33C /* ReadmillReading.h in Headers */ = {isa = PBXBuildFile; fileRef = 96BEAEF712F06360006028D0 /* ReadmillReading.h */; settings = {ATTRIBUTES = (); }; };
		7359F0821733B7030074B33C /* ReadmillReadingSession.h in Headers */ = {isa = PBXBuildFile; fileRef = 96BEAEF912F06360006028D0 /* ReadmillReadingSession.h */; settings = {ATTRIBUTES = (); }; };
		7359F0831733B7030074B33C /* ReadmillUser.h in Headers */ = {isa = PBXBuildFile; fileRef = 96BEAEFB12F06360006028D0 /* ReadmillUser.h */; settings = {ATTRIBUTES = (); }; };
		7359F0841733B7030074B33C /* ReadmillDismissingView.h in Headers */ = {isa = PBXBuildFile; fileRef = 73370EE71341172C00880F5B /* ReadmillDismissingView.h */; settings = {ATTRIBUTES = (); }; };
		7359F0851733B7030074B33C /* ReadmillUIPresenter.h in Headers */ = {isa = PBXBuildFile; fileRef = 96E2A90212F192EF00D7D249 /* ReadmillUIPresenter.h */; settings = {ATTRIBUTES = (); }; };
		7359F0861733B7030074B33C /* NSKeyedArchiver+ReadmillAdditions.h in Headers */ = {isa = PBXBuildFile; fileRef = 731471EB1353601200A41B49 /* NSKeyedArchiver+ReadmillAdditions.h */; settings = {ATTRIBUTES = (); }; };
		7359F0871733B7030074B33C /* ReadmillAPIWrapper.h in Headers */ = {isa = PBXBuildFile; fileRef = 96BEAEFE12F06360006028D0 /* ReadmillAPIWrapper.h */; settings = {ATTRIBUTES = (); }; };
		7359F0881733B7030074B33C /* ReadmillSpinner.h in Headers */ = {isa = PBXBuildFile; fileRef = 73370FA21341197300880F5B /* ReadmillSpinner.h */; settings = {ATTRIBUTES = (); }; };
		7359F0891733B7030074B33C /* ReadmillRequestOperation.h in Headers */ = {isa = PBXBuildFile; fileRef = 7318DE72142C94E50002152C /* ReadmillRequestOperation.h */; settings = {ATTRIBUTES = (); }; };
		7359F08A1733B7030074B33C /* NSString+ReadmillAdditions.h in Headers */ = {isa = PBXBuildFile; fileRef = 96BEAF0212F06360006028D0 /* NSString+ReadmillAdditions.h */; settings = {ATTRIBUTES = (); }; };
		7359F08B1733B7030074B33C /* NSDictionary+ReadmillAdditions.h in Headers */ = {isa = PBXBuildFile; fileRef = 96BEAF0012F06360006028D0 /* NSDictionary+ReadmillAdditions.h */; settings = {ATTRIBUTES = (); }; };
		7359F08C1733B7030074B33C /* NSURL+ReadmillURLParameters.h in Headers */ = {isa = PBXBuildFile; fileRef = 731471C7135304F900A41B49 /* NSURL+ReadmillURLParameters.h */; settings = {ATTRIBUTES = (); }; };
		7359F08D1733B7030074B33C /* ReadmillPing.h in Headers */ = {isa = PBXBuildFile; fileRef = 735E41D8135A666D00855884 /* ReadmillPing.h */; settings = {ATTRIBUTES = (); }; };
		7359F08E1733B7030074B33C /* NSError+ReadmillAdditions.h in Headers */ = {isa = PBXBuildFile; fileRef = 7318A469137D294800CBC7A4 /* NSError+ReadmillAdditions.h */; settings = {ATTRIBUTES = (); }; };
		7359F08F1733B7030074B33C /* NSDate+ReadmillAdditions.h in Headers */ = {isa = PBXBuildFile; fileRef = 736C85DF1459FFAF00C5E6B5 /* NSDate+ReadmillAdditions.h */; settings = {ATTRIBUTES = (); }; };
		7359F0901733B7030074B33C /* ReadmillAPI.h in Headers */ = {isa = PBXBuildFile; fileRef = 735EF9D4145EE43F00303F19 /* ReadmillAPI.h */; settings = {ATTRIBUTES = (Public, ); }; };
		7359F0911733B7030074B33C /* ReadmillAPIConfiguration.h in Headers */ = {isa = PBXBuildFile; fileRef = 73AA294F145EB41300CDBBD6 /* ReadmillAPIConfiguration.h */; settings = {ATTRIBUTES = (); }; };
		7359F0921733B7030074B33C /* UIApplication+ReadmillNetworkActivity.h in Headers */ = {isa = PBXBuildFile; fileRef = 332FD3911489062D00F755CD /* UIApplication+ReadmillNetworkActivity.h */; };
		7359F0931733B7030074B33C /* ReadmillAPIWrapper+Internal.h in Headers */ = {isa = PBXBuildFile; fileRef = 333FC84814C719F800DC62AD /* ReadmillAPIWrapper+Internal.h */; };
		7359F0941733B7030074B33C /* NSDateFormatter+ReadmillAdditions.h in Headers */ = {isa = PBXBuildFile; fileRef = 73A3A28D162D6B6200E39AB8 /* NSDateFormatter+ReadmillAdditions.h */; };
		7359F0951733B7030074B33C /* ReadmillHighlight.h in Headers */ = {isa = PBXBuildFile; fileRef = 7320894416FC26AD00D1308C /* ReadmillHighlight.h */; };
		7359F0961733B7030074B33C /* ReadmillComment.h in Headers */ = {isa = PBXBuildFile; fileRef = 7320895316FC8D8000D1308C /* ReadmillComment.h */; };
		735E41C3135A5C7500855884 /* libReadmillAPI.a in Frameworks */ = {isa = PBXBuildFile; fileRef = 734A51A3135A1DF5009F9794 /* libReadmillAPI.a */; };
		735E41DA135A666D00855884 /* ReadmillPing.h in Headers */ = {isa = PBXBuildFile; fileRef = 735E41D8135A666D00855884 /* ReadmillPing.h */; settings = {ATTRIBUTES = (); }; };
		735E41DB135A666D00855884 /* ReadmillPing.m in Sources */ = {isa = PBXBuildFile; fileRef = 735E41D9135A666D00855884 /* ReadmillPing.m */; };
		735EF9D5145EE43F00303F19 /* ReadmillAPI.h in Headers */ = {isa = PBXBuildFile; fileRef = 735EF9D4145EE43F00303F19 /* ReadmillAPI.h */; settings = {ATTRIBUTES = (Public, ); }; };
		735F50D11470898E0069A553 /* ReadmillSpinner.m in Sources */ = {isa = PBXBuildFile; fileRef = 73370FA31341197300880F5B /* ReadmillSpinner.m */; };
		73603EEB1471465900889041 /* rm-overlay-views.png in Resources */ = {isa = PBXBuildFile; fileRef = 73603EEA1471465900889041 /* rm-overlay-views.png */; };
		736C85E3145A02A900C5E6B5 /* NSDate+ReadmillAdditions.h in Headers */ = {isa = PBXBuildFile; fileRef = 736C85DF1459FFAF00C5E6B5 /* NSDate+ReadmillAdditions.h */; settings = {ATTRIBUTES = (); }; };
		736C85E4145A964C00C5E6B5 /* NSDate+ReadmillAdditions.m in Sources */ = {isa = PBXBuildFile; fileRef = 736C85E01459FFAF00C5E6B5 /* NSDate+ReadmillAdditions.m */; };
		7398588214713CF2007D42AD /* headersearchpaths.png in Resources */ = {isa = PBXBuildFile; fileRef = 7398587E14713CF2007D42AD /* headersearchpaths.png */; };
		7398588314713CF2007D42AD /* otherlinkerflags.png in Resources */ = {isa = PBXBuildFile; fileRef = 7398587F14713CF2007D42AD /* otherlinkerflags.png */; };
		7398588914713F38007D42AD /* linkwithlibraries.png in Resources */ = {isa = PBXBuildFile; fileRef = 7398588814713F38007D42AD /* linkwithlibraries.png */; };
		73992D6F1622E6A000C1693C /* ReadmillAPIBookTests.m in Sources */ = {isa = PBXBuildFile; fileRef = 73992D6E1622E6A000C1693C /* ReadmillAPIBookTests.m */; };
		73992D711622E77B00C1693C /* book23.json in Resources */ = {isa = PBXBuildFile; fileRef = 73992D701622E77B00C1693C /* book23.json */; };
		73992D741622F7D500C1693C /* ReadmillAPIUserTests.m in Sources */ = {isa = PBXBuildFile; fileRef = 73992D731622F7D500C1693C /* ReadmillAPIUserTests.m */; };
		73992D761622F85B00C1693C /* user49.json in Resources */ = {isa = PBXBuildFile; fileRef = 73992D751622F85B00C1693C /* user49.json */; };
		73A3A28F162D6B6200E39AB8 /* NSDateFormatter+ReadmillAdditions.h in Headers */ = {isa = PBXBuildFile; fileRef = 73A3A28D162D6B6200E39AB8 /* NSDateFormatter+ReadmillAdditions.h */; };
		73A3A290162D6B6200E39AB8 /* NSDateFormatter+ReadmillAdditions.m in Sources */ = {isa = PBXBuildFile; fileRef = 73A3A28E162D6B6200E39AB8 /* NSDateFormatter+ReadmillAdditions.m */; };
		73A3A294162D85A900E39AB8 /* JSONKit.m in Sources */ = {isa = PBXBuildFile; fileRef = 735E3E6B13E06E1500930E8C /* JSONKit.m */; settings = {COMPILER_FLAGS = "-fno-objc-arc"; }; };
		73AA2951145EB41300CDBBD6 /* ReadmillAPIConfiguration.h in Headers */ = {isa = PBXBuildFile; fileRef = 73AA294F145EB41300CDBBD6 /* ReadmillAPIConfiguration.h */; settings = {ATTRIBUTES = (); }; };
		73AA2952145EB41300CDBBD6 /* ReadmillAPIConfiguration.m in Sources */ = {isa = PBXBuildFile; fileRef = 73AA2950145EB41300CDBBD6 /* ReadmillAPIConfiguration.m */; };
		73FA5403147085F900CFC589 /* NSString+ReadmillAdditions.m in Sources */ = {isa = PBXBuildFile; fileRef = 96BEAF0312F06360006028D0 /* NSString+ReadmillAdditions.m */; };
		9647F57C12F1A0140088CAA0 /* QuartzCore.framework in Frameworks */ = {isa = PBXBuildFile; fileRef = 9647F57B12F1A0140088CAA0 /* QuartzCore.framework */; };
		966E3E5412F2F7290027E05F /* ReadmillSigningInViewController.m in Sources */ = {isa = PBXBuildFile; fileRef = 966E3E5212F2F7290027E05F /* ReadmillSigningInViewController.m */; };
		966E3E5512F2F7290027E05F /* ReadmillSigningInViewController.xib in Resources */ = {isa = PBXBuildFile; fileRef = 966E3E5312F2F7290027E05F /* ReadmillSigningInViewController.xib */; };
		96BEAED112F05E80006028D0 /* UIKit.framework in Frameworks */ = {isa = PBXBuildFile; fileRef = 96BEAED012F05E80006028D0 /* UIKit.framework */; };
		96BEAED312F05E80006028D0 /* Foundation.framework in Frameworks */ = {isa = PBXBuildFile; fileRef = 96BEAED212F05E80006028D0 /* Foundation.framework */; };
		96BEAED512F05E80006028D0 /* CoreGraphics.framework in Frameworks */ = {isa = PBXBuildFile; fileRef = 96BEAED412F05E80006028D0 /* CoreGraphics.framework */; };
		96F0756D12F061C800F6369D /* ReadmillExampleAppDelegate.m in Sources */ = {isa = PBXBuildFile; fileRef = 96F0756C12F061C800F6369D /* ReadmillExampleAppDelegate.m */; };
		96F0757912F0620600F6369D /* ReadmillSignedInViewController.m in Sources */ = {isa = PBXBuildFile; fileRef = 96F0757812F0620600F6369D /* ReadmillSignedInViewController.m */; };
		96F0758312F0623400F6369D /* Readmill_Framework-main.m in Sources */ = {isa = PBXBuildFile; fileRef = 96F0758012F0623400F6369D /* Readmill_Framework-main.m */; };
		96F0758612F0624100F6369D /* InfoPlist.strings in Resources */ = {isa = PBXBuildFile; fileRef = 96F0758412F0624100F6369D /* InfoPlist.strings */; };
		96F0758B12F0624F00F6369D /* MainWindow.xib in Resources */ = {isa = PBXBuildFile; fileRef = 96F0758712F0624F00F6369D /* MainWindow.xib */; };
		96F0758C12F0624F00F6369D /* ReadmillSignedInViewController.xib in Resources */ = {isa = PBXBuildFile; fileRef = 96F0758912F0624F00F6369D /* ReadmillSignedInViewController.xib */; };
/* End PBXBuildFile section */

/* Begin PBXContainerItemProxy section */
		333BA9A814C7558900A247BF /* PBXContainerItemProxy */ = {
			isa = PBXContainerItemProxy;
			containerPortal = 33D9B986149BA50D00C6876E /* OCMock.xcodeproj */;
			proxyType = 1;
			remoteGlobalIDString = 030EF0DB14632FF700B04273;
			remoteInfo = OCMockLib;
		};
		33D9B98F149BA50D00C6876E /* PBXContainerItemProxy */ = {
			isa = PBXContainerItemProxy;
			containerPortal = 33D9B986149BA50D00C6876E /* OCMock.xcodeproj */;
			proxyType = 2;
			remoteGlobalIDString = 030EF0A814632FD000B04273;
			remoteInfo = OCMock;
		};
		33D9B991149BA50D00C6876E /* PBXContainerItemProxy */ = {
			isa = PBXContainerItemProxy;
			containerPortal = 33D9B986149BA50D00C6876E /* OCMock.xcodeproj */;
			proxyType = 2;
			remoteGlobalIDString = 030EF0C014632FD000B04273;
			remoteInfo = OCMockTests;
		};
		33D9B993149BA50D00C6876E /* PBXContainerItemProxy */ = {
			isa = PBXContainerItemProxy;
			containerPortal = 33D9B986149BA50D00C6876E /* OCMock.xcodeproj */;
			proxyType = 2;
			remoteGlobalIDString = 030EF0DC14632FF700B04273;
			remoteInfo = OCMockLib;
		};
		734A51B1135A1DF5009F9794 /* PBXContainerItemProxy */ = {
			isa = PBXContainerItemProxy;
			containerPortal = 96BEAEC312F05E80006028D0 /* Project object */;
			proxyType = 1;
			remoteGlobalIDString = 734A51A2135A1DF5009F9794;
			remoteInfo = ReadmillAPI;
		};
		7393DFE913AB6E72005DF46E /* PBXContainerItemProxy */ = {
			isa = PBXContainerItemProxy;
			containerPortal = 96BEAEC312F05E80006028D0 /* Project object */;
			proxyType = 1;
			remoteGlobalIDString = 734A51A2135A1DF5009F9794;
			remoteInfo = ReadmillAPI;
		};
/* End PBXContainerItemProxy section */

/* Begin PBXFileReference section */
		3313AEE314C77C5D0087EABF /* OCMockObject+RMAdditions.h */ = {isa = PBXFileReference; fileEncoding = 4; lastKnownFileType = sourcecode.c.h; path = "OCMockObject+RMAdditions.h"; sourceTree = "<group>"; };
		3313AEE414C77C5D0087EABF /* OCMockObject+RMAdditions.m */ = {isa = PBXFileReference; fileEncoding = 4; lastKnownFileType = sourcecode.c.objc; path = "OCMockObject+RMAdditions.m"; sourceTree = "<group>"; };
		3313AEE914C82C910087EABF /* ReadmillHighlightTests.h */ = {isa = PBXFileReference; fileEncoding = 4; lastKnownFileType = sourcecode.c.h; path = ReadmillHighlightTests.h; sourceTree = "<group>"; };
		3313AEEA14C82C910087EABF /* ReadmillHighlightTests.m */ = {isa = PBXFileReference; fileEncoding = 4; lastKnownFileType = sourcecode.c.objc; path = ReadmillHighlightTests.m; sourceTree = "<group>"; };
		332FD3911489062D00F755CD /* UIApplication+ReadmillNetworkActivity.h */ = {isa = PBXFileReference; fileEncoding = 4; lastKnownFileType = sourcecode.c.h; name = "UIApplication+ReadmillNetworkActivity.h"; path = "Classes/Framework/UIApplication+ReadmillNetworkActivity.h"; sourceTree = SOURCE_ROOT; };
		332FD3921489062D00F755CD /* UIApplication+ReadmillNetworkActivity.m */ = {isa = PBXFileReference; fileEncoding = 4; lastKnownFileType = sourcecode.c.objc; name = "UIApplication+ReadmillNetworkActivity.m"; path = "Classes/Framework/UIApplication+ReadmillNetworkActivity.m"; sourceTree = SOURCE_ROOT; };
		333FC84814C719F800DC62AD /* ReadmillAPIWrapper+Internal.h */ = {isa = PBXFileReference; fileEncoding = 4; lastKnownFileType = sourcecode.c.h; path = "ReadmillAPIWrapper+Internal.h"; sourceTree = "<group>"; };
		333FC84914C719F800DC62AD /* ReadmillAPIWrapper+Internal.m */ = {isa = PBXFileReference; fileEncoding = 4; lastKnownFileType = sourcecode.c.objc; path = "ReadmillAPIWrapper+Internal.m"; sourceTree = "<group>"; };
		335E809D149BA94100BC8565 /* reading47783.json */ = {isa = PBXFileReference; fileEncoding = 4; lastKnownFileType = text.json; path = reading47783.json; sourceTree = "<group>"; };
		33B5E0FF152C7F9C00F14440 /* Readmill.bundle */ = {isa = PBXFileReference; lastKnownFileType = "wrapper.plug-in"; path = Readmill.bundle; sourceTree = "<group>"; };
		33D9B94F149B7CE900C6876E /* logo.png */ = {isa = PBXFileReference; lastKnownFileType = image.png; path = logo.png; sourceTree = "<group>"; };
		33D9B952149B7D5900C6876E /* Default-Portrait~ipad.png */ = {isa = PBXFileReference; lastKnownFileType = image.png; path = "Default-Portrait~ipad.png"; sourceTree = "<group>"; };
		33D9B986149BA50D00C6876E /* OCMock.xcodeproj */ = {isa = PBXFileReference; lastKnownFileType = "wrapper.pb-project"; name = OCMock.xcodeproj; path = ocmock/Source/OCMock.xcodeproj; sourceTree = "<group>"; };
		33EDA94514C6E2F900733C0A /* ReadmillPingTests.h */ = {isa = PBXFileReference; fileEncoding = 4; lastKnownFileType = sourcecode.c.h; path = ReadmillPingTests.h; sourceTree = "<group>"; };
		33EDA94614C6E2F900733C0A /* ReadmillPingTests.m */ = {isa = PBXFileReference; fileEncoding = 4; lastKnownFileType = sourcecode.c.objc; path = ReadmillPingTests.m; sourceTree = "<group>"; };
		502698D1130C87D300E67974 /* README.md */ = {isa = PBXFileReference; fileEncoding = 4; lastKnownFileType = text; path = README.md; sourceTree = "<group>"; };
		731471C7135304F900A41B49 /* NSURL+ReadmillURLParameters.h */ = {isa = PBXFileReference; fileEncoding = 4; lastKnownFileType = sourcecode.c.h; name = "NSURL+ReadmillURLParameters.h"; path = "Classes/Framework/NSURL+ReadmillURLParameters.h"; sourceTree = SOURCE_ROOT; };
		731471C8135304F900A41B49 /* NSURL+ReadmillURLParameters.m */ = {isa = PBXFileReference; fileEncoding = 4; lastKnownFileType = sourcecode.c.objc; name = "NSURL+ReadmillURLParameters.m"; path = "Classes/Framework/NSURL+ReadmillURLParameters.m"; sourceTree = SOURCE_ROOT; usesTabs = 0; wrapsLines = 1; };
		731471EB1353601200A41B49 /* NSKeyedArchiver+ReadmillAdditions.h */ = {isa = PBXFileReference; fileEncoding = 4; lastKnownFileType = sourcecode.c.h; lineEnding = 0; name = "NSKeyedArchiver+ReadmillAdditions.h"; path = "../NSKeyedArchiver+ReadmillAdditions.h"; sourceTree = "<group>"; xcLanguageSpecificationIdentifier = xcode.lang.objcpp; };
		731471EC1353601200A41B49 /* NSKeyedArchiver+ReadmillAdditions.m */ = {isa = PBXFileReference; fileEncoding = 4; lastKnownFileType = sourcecode.c.objc; lineEnding = 0; name = "NSKeyedArchiver+ReadmillAdditions.m"; path = "../NSKeyedArchiver+ReadmillAdditions.m"; sourceTree = "<group>"; xcLanguageSpecificationIdentifier = xcode.lang.objc; };
		7318A469137D294800CBC7A4 /* NSError+ReadmillAdditions.h */ = {isa = PBXFileReference; fileEncoding = 4; lastKnownFileType = sourcecode.c.h; name = "NSError+ReadmillAdditions.h"; path = "../NSError+ReadmillAdditions.h"; sourceTree = "<group>"; };
		7318A46A137D294800CBC7A4 /* NSError+ReadmillAdditions.m */ = {isa = PBXFileReference; fileEncoding = 4; lastKnownFileType = sourcecode.c.objc; name = "NSError+ReadmillAdditions.m"; path = "../NSError+ReadmillAdditions.m"; sourceTree = "<group>"; };
		7318DE72142C94E50002152C /* ReadmillRequestOperation.h */ = {isa = PBXFileReference; fileEncoding = 4; lastKnownFileType = sourcecode.c.h; path = ReadmillRequestOperation.h; sourceTree = "<group>"; };
		7318DE73142C94E50002152C /* ReadmillRequestOperation.m */ = {isa = PBXFileReference; fileEncoding = 4; lastKnownFileType = sourcecode.c.objc; path = ReadmillRequestOperation.m; sourceTree = "<group>"; };
		7320894416FC26AD00D1308C /* ReadmillHighlight.h */ = {isa = PBXFileReference; fileEncoding = 4; lastKnownFileType = sourcecode.c.h; path = ReadmillHighlight.h; sourceTree = "<group>"; };
		7320894516FC26AD00D1308C /* ReadmillHighlight.m */ = {isa = PBXFileReference; fileEncoding = 4; lastKnownFileType = sourcecode.c.objc; path = ReadmillHighlight.m; sourceTree = "<group>"; };
		7320895316FC8D8000D1308C /* ReadmillComment.h */ = {isa = PBXFileReference; fileEncoding = 4; lastKnownFileType = sourcecode.c.h; path = ReadmillComment.h; sourceTree = "<group>"; };
		7320895416FC8D8000D1308C /* ReadmillComment.m */ = {isa = PBXFileReference; fileEncoding = 4; lastKnownFileType = sourcecode.c.objc; path = ReadmillComment.m; sourceTree = "<group>"; };
		733291061356FC0B0063FBF4 /* Readmill Example.app */ = {isa = PBXFileReference; explicitFileType = wrapper.application; includeInIndex = 0; path = "Readmill Example.app"; sourceTree = BUILT_PRODUCTS_DIR; };
		73370EE71341172C00880F5B /* ReadmillDismissingView.h */ = {isa = PBXFileReference; fileEncoding = 4; lastKnownFileType = sourcecode.c.h; name = ReadmillDismissingView.h; path = ../UI/ReadmillDismissingView.h; sourceTree = "<group>"; };
		73370EE81341172C00880F5B /* ReadmillDismissingView.m */ = {isa = PBXFileReference; fileEncoding = 4; lastKnownFileType = sourcecode.c.objc; name = ReadmillDismissingView.m; path = ../UI/ReadmillDismissingView.m; sourceTree = "<group>"; };
		73370FA21341197300880F5B /* ReadmillSpinner.h */ = {isa = PBXFileReference; fileEncoding = 4; lastKnownFileType = sourcecode.c.h; name = ReadmillSpinner.h; path = UI/ReadmillSpinner.h; sourceTree = "<group>"; };
		73370FA31341197300880F5B /* ReadmillSpinner.m */ = {isa = PBXFileReference; fileEncoding = 4; lastKnownFileType = sourcecode.c.objc; name = ReadmillSpinner.m; path = UI/ReadmillSpinner.m; sourceTree = "<group>"; };
		734A51A3135A1DF5009F9794 /* libReadmillAPI.a */ = {isa = PBXFileReference; explicitFileType = archive.ar; includeInIndex = 0; path = libReadmillAPI.a; sourceTree = BUILT_PRODUCTS_DIR; };
		734A51A7135A1DF5009F9794 /* ReadmillAPI-Prefix.pch */ = {isa = PBXFileReference; lastKnownFileType = sourcecode.c.h; path = "ReadmillAPI-Prefix.pch"; sourceTree = "<group>"; };
		734A51AD135A1DF5009F9794 /* ReadmillAPITests.octest */ = {isa = PBXFileReference; explicitFileType = wrapper.cfbundle; includeInIndex = 0; path = ReadmillAPITests.octest; sourceTree = BUILT_PRODUCTS_DIR; };
		734A51B6135A1DF6009F9794 /* ReadmillAPITests-Info.plist */ = {isa = PBXFileReference; lastKnownFileType = text.plist.xml; path = "ReadmillAPITests-Info.plist"; sourceTree = "<group>"; };
		734A51B8135A1DF6009F9794 /* en */ = {isa = PBXFileReference; lastKnownFileType = text.plist.strings; name = en; path = en.lproj/InfoPlist.strings; sourceTree = "<group>"; };
		734A51BA135A1DF6009F9794 /* ReadmillAPITests-Prefix.pch */ = {isa = PBXFileReference; lastKnownFileType = sourcecode.c.h; path = "ReadmillAPITests-Prefix.pch"; sourceTree = "<group>"; };
		734A51BB135A1DF6009F9794 /* ReadmillAPIReadingTests.h */ = {isa = PBXFileReference; lastKnownFileType = sourcecode.c.h; path = ReadmillAPIReadingTests.h; sourceTree = "<group>"; };
		734A51BD135A1DF6009F9794 /* ReadmillAPIReadingTests.m */ = {isa = PBXFileReference; lastKnownFileType = sourcecode.c.objc; lineEnding = 0; path = ReadmillAPIReadingTests.m; sourceTree = "<group>"; xcLanguageSpecificationIdentifier = xcode.lang.objc; };
		7359F09A1733B7030074B33C /* libReadmillAPI.a */ = {isa = PBXFileReference; explicitFileType = archive.ar; includeInIndex = 0; path = libReadmillAPI.a; sourceTree = BUILT_PRODUCTS_DIR; };
		735E3E6A13E06E1500930E8C /* JSONKit.h */ = {isa = PBXFileReference; fileEncoding = 4; lastKnownFileType = sourcecode.c.h; name = JSONKit.h; path = JSONKit/JSONKit.h; sourceTree = SOURCE_ROOT; };
		735E3E6B13E06E1500930E8C /* JSONKit.m */ = {isa = PBXFileReference; fileEncoding = 4; lastKnownFileType = sourcecode.c.objc; name = JSONKit.m; path = JSONKit/JSONKit.m; sourceTree = SOURCE_ROOT; };
		735E41D8135A666D00855884 /* ReadmillPing.h */ = {isa = PBXFileReference; fileEncoding = 4; lastKnownFileType = sourcecode.c.h; lineEnding = 0; name = ReadmillPing.h; path = Classes/Framework/ReadmillPing.h; sourceTree = SOURCE_ROOT; xcLanguageSpecificationIdentifier = xcode.lang.objcpp; };
		735E41D9135A666D00855884 /* ReadmillPing.m */ = {isa = PBXFileReference; fileEncoding = 4; lastKnownFileType = sourcecode.c.objc; lineEnding = 0; name = ReadmillPing.m; path = Classes/Framework/ReadmillPing.m; sourceTree = SOURCE_ROOT; xcLanguageSpecificationIdentifier = xcode.lang.objc; };
		735EF9D4145EE43F00303F19 /* ReadmillAPI.h */ = {isa = PBXFileReference; fileEncoding = 4; lastKnownFileType = sourcecode.c.h; name = ReadmillAPI.h; path = ../../ReadmillAPI/ReadmillAPI.h; sourceTree = "<group>"; };
		73603EEA1471465900889041 /* rm-overlay-views.png */ = {isa = PBXFileReference; lastKnownFileType = image.png; path = "rm-overlay-views.png"; sourceTree = "<group>"; };
		736C85DF1459FFAF00C5E6B5 /* NSDate+ReadmillAdditions.h */ = {isa = PBXFileReference; fileEncoding = 4; lastKnownFileType = sourcecode.c.h; name = "NSDate+ReadmillAdditions.h"; path = "Classes/Framework/NSDate+ReadmillAdditions.h"; sourceTree = SOURCE_ROOT; };
		736C85E01459FFAF00C5E6B5 /* NSDate+ReadmillAdditions.m */ = {isa = PBXFileReference; fileEncoding = 4; lastKnownFileType = sourcecode.c.objc; name = "NSDate+ReadmillAdditions.m"; path = "Classes/Framework/NSDate+ReadmillAdditions.m"; sourceTree = SOURCE_ROOT; };
		7398587E14713CF2007D42AD /* headersearchpaths.png */ = {isa = PBXFileReference; lastKnownFileType = image.png; path = headersearchpaths.png; sourceTree = "<group>"; };
		7398587F14713CF2007D42AD /* otherlinkerflags.png */ = {isa = PBXFileReference; lastKnownFileType = image.png; path = otherlinkerflags.png; sourceTree = "<group>"; };
		7398588814713F38007D42AD /* linkwithlibraries.png */ = {isa = PBXFileReference; lastKnownFileType = image.png; path = linkwithlibraries.png; sourceTree = "<group>"; };
		73992D6D1622E6A000C1693C /* ReadmillAPIBookTests.h */ = {isa = PBXFileReference; fileEncoding = 4; lastKnownFileType = sourcecode.c.h; path = ReadmillAPIBookTests.h; sourceTree = "<group>"; };
		73992D6E1622E6A000C1693C /* ReadmillAPIBookTests.m */ = {isa = PBXFileReference; fileEncoding = 4; lastKnownFileType = sourcecode.c.objc; path = ReadmillAPIBookTests.m; sourceTree = "<group>"; };
		73992D701622E77B00C1693C /* book23.json */ = {isa = PBXFileReference; fileEncoding = 4; lastKnownFileType = text.json; path = book23.json; sourceTree = "<group>"; };
		73992D721622F7D500C1693C /* ReadmillAPIUserTests.h */ = {isa = PBXFileReference; fileEncoding = 4; lastKnownFileType = sourcecode.c.h; path = ReadmillAPIUserTests.h; sourceTree = "<group>"; };
		73992D731622F7D500C1693C /* ReadmillAPIUserTests.m */ = {isa = PBXFileReference; fileEncoding = 4; lastKnownFileType = sourcecode.c.objc; path = ReadmillAPIUserTests.m; sourceTree = "<group>"; };
		73992D751622F85B00C1693C /* user49.json */ = {isa = PBXFileReference; fileEncoding = 4; lastKnownFileType = text.json; path = user49.json; sourceTree = "<group>"; };
		73A3A28D162D6B6200E39AB8 /* NSDateFormatter+ReadmillAdditions.h */ = {isa = PBXFileReference; fileEncoding = 4; lastKnownFileType = sourcecode.c.h; path = "NSDateFormatter+ReadmillAdditions.h"; sourceTree = "<group>"; };
		73A3A28E162D6B6200E39AB8 /* NSDateFormatter+ReadmillAdditions.m */ = {isa = PBXFileReference; fileEncoding = 4; lastKnownFileType = sourcecode.c.objc; path = "NSDateFormatter+ReadmillAdditions.m"; sourceTree = "<group>"; };
		73AA294F145EB41300CDBBD6 /* ReadmillAPIConfiguration.h */ = {isa = PBXFileReference; fileEncoding = 4; lastKnownFileType = sourcecode.c.h; path = ReadmillAPIConfiguration.h; sourceTree = "<group>"; };
		73AA2950145EB41300CDBBD6 /* ReadmillAPIConfiguration.m */ = {isa = PBXFileReference; fileEncoding = 4; lastKnownFileType = sourcecode.c.objc; path = ReadmillAPIConfiguration.m; sourceTree = "<group>"; };
		9647F57B12F1A0140088CAA0 /* QuartzCore.framework */ = {isa = PBXFileReference; lastKnownFileType = wrapper.framework; name = QuartzCore.framework; path = System/Library/Frameworks/QuartzCore.framework; sourceTree = SDKROOT; };
		966E3E5112F2F7290027E05F /* ReadmillSigningInViewController.h */ = {isa = PBXFileReference; fileEncoding = 4; lastKnownFileType = sourcecode.c.h; name = ReadmillSigningInViewController.h; path = Classes/ReadmillSigningInViewController.h; sourceTree = "<group>"; };
		966E3E5212F2F7290027E05F /* ReadmillSigningInViewController.m */ = {isa = PBXFileReference; fileEncoding = 4; lastKnownFileType = sourcecode.c.objc; name = ReadmillSigningInViewController.m; path = Classes/ReadmillSigningInViewController.m; sourceTree = "<group>"; };
		966E3E5312F2F7290027E05F /* ReadmillSigningInViewController.xib */ = {isa = PBXFileReference; fileEncoding = 4; lastKnownFileType = file.xib; name = ReadmillSigningInViewController.xib; path = Classes/ReadmillSigningInViewController.xib; sourceTree = "<group>"; };
		96BEAED012F05E80006028D0 /* UIKit.framework */ = {isa = PBXFileReference; lastKnownFileType = wrapper.framework; name = UIKit.framework; path = System/Library/Frameworks/UIKit.framework; sourceTree = SDKROOT; };
		96BEAED212F05E80006028D0 /* Foundation.framework */ = {isa = PBXFileReference; lastKnownFileType = wrapper.framework; name = Foundation.framework; path = System/Library/Frameworks/Foundation.framework; sourceTree = SDKROOT; };
		96BEAED412F05E80006028D0 /* CoreGraphics.framework */ = {isa = PBXFileReference; lastKnownFileType = wrapper.framework; name = CoreGraphics.framework; path = System/Library/Frameworks/CoreGraphics.framework; sourceTree = SDKROOT; };
		96BEAEF512F06360006028D0 /* ReadmillBook.h */ = {isa = PBXFileReference; fileEncoding = 4; lastKnownFileType = sourcecode.c.h; path = ReadmillBook.h; sourceTree = "<group>"; };
		96BEAEF612F06360006028D0 /* ReadmillBook.m */ = {isa = PBXFileReference; fileEncoding = 4; lastKnownFileType = sourcecode.c.objc; path = ReadmillBook.m; sourceTree = "<group>"; };
		96BEAEF712F06360006028D0 /* ReadmillReading.h */ = {isa = PBXFileReference; fileEncoding = 4; lastKnownFileType = sourcecode.c.h; lineEnding = 0; path = ReadmillReading.h; sourceTree = "<group>"; xcLanguageSpecificationIdentifier = xcode.lang.objcpp; };
		96BEAEF812F06360006028D0 /* ReadmillReading.m */ = {isa = PBXFileReference; fileEncoding = 4; lastKnownFileType = sourcecode.c.objc; lineEnding = 0; path = ReadmillReading.m; sourceTree = "<group>"; xcLanguageSpecificationIdentifier = xcode.lang.objc; };
		96BEAEF912F06360006028D0 /* ReadmillReadingSession.h */ = {isa = PBXFileReference; fileEncoding = 4; lastKnownFileType = sourcecode.c.h; lineEnding = 0; path = ReadmillReadingSession.h; sourceTree = "<group>"; xcLanguageSpecificationIdentifier = xcode.lang.objcpp; };
		96BEAEFA12F06360006028D0 /* ReadmillReadingSession.m */ = {isa = PBXFileReference; fileEncoding = 4; lastKnownFileType = sourcecode.c.objc; lineEnding = 0; path = ReadmillReadingSession.m; sourceTree = "<group>"; xcLanguageSpecificationIdentifier = xcode.lang.objc; };
		96BEAEFB12F06360006028D0 /* ReadmillUser.h */ = {isa = PBXFileReference; fileEncoding = 4; lastKnownFileType = sourcecode.c.h; lineEnding = 0; path = ReadmillUser.h; sourceTree = "<group>"; xcLanguageSpecificationIdentifier = xcode.lang.objcpp; };
		96BEAEFC12F06360006028D0 /* ReadmillUser.m */ = {isa = PBXFileReference; fileEncoding = 4; lastKnownFileType = sourcecode.c.objc; lineEnding = 0; path = ReadmillUser.m; sourceTree = "<group>"; xcLanguageSpecificationIdentifier = xcode.lang.objc; };
		96BEAEFE12F06360006028D0 /* ReadmillAPIWrapper.h */ = {isa = PBXFileReference; fileEncoding = 4; lastKnownFileType = sourcecode.c.h; lineEnding = 0; path = ReadmillAPIWrapper.h; sourceTree = "<group>"; xcLanguageSpecificationIdentifier = xcode.lang.objcpp; };
		96BEAEFF12F06360006028D0 /* ReadmillAPIWrapper.m */ = {isa = PBXFileReference; fileEncoding = 4; lastKnownFileType = sourcecode.c.objc; lineEnding = 0; path = ReadmillAPIWrapper.m; sourceTree = "<group>"; xcLanguageSpecificationIdentifier = xcode.lang.objc; };
		96BEAF0012F06360006028D0 /* NSDictionary+ReadmillAdditions.h */ = {isa = PBXFileReference; fileEncoding = 4; lastKnownFileType = sourcecode.c.h; name = "NSDictionary+ReadmillAdditions.h"; path = "../NSDictionary+ReadmillAdditions.h"; sourceTree = "<group>"; };
		96BEAF0112F06360006028D0 /* NSDictionary+ReadmillAdditions.m */ = {isa = PBXFileReference; fileEncoding = 4; lastKnownFileType = sourcecode.c.objc; name = "NSDictionary+ReadmillAdditions.m"; path = "../NSDictionary+ReadmillAdditions.m"; sourceTree = "<group>"; };
		96BEAF0212F06360006028D0 /* NSString+ReadmillAdditions.h */ = {isa = PBXFileReference; fileEncoding = 4; lastKnownFileType = sourcecode.c.h; name = "NSString+ReadmillAdditions.h"; path = "../NSString+ReadmillAdditions.h"; sourceTree = "<group>"; };
		96BEAF0312F06360006028D0 /* NSString+ReadmillAdditions.m */ = {isa = PBXFileReference; fileEncoding = 4; lastKnownFileType = sourcecode.c.objc; name = "NSString+ReadmillAdditions.m"; path = "../NSString+ReadmillAdditions.m"; sourceTree = "<group>"; };
		96E2A90212F192EF00D7D249 /* ReadmillUIPresenter.h */ = {isa = PBXFileReference; fileEncoding = 4; lastKnownFileType = sourcecode.c.h; name = ReadmillUIPresenter.h; path = UI/ReadmillUIPresenter.h; sourceTree = "<group>"; };
		96E2A90312F192EF00D7D249 /* ReadmillUIPresenter.m */ = {isa = PBXFileReference; fileEncoding = 4; lastKnownFileType = sourcecode.c.objc; name = ReadmillUIPresenter.m; path = UI/ReadmillUIPresenter.m; sourceTree = "<group>"; };
		96F0756B12F061C800F6369D /* ReadmillExampleAppDelegate.h */ = {isa = PBXFileReference; fileEncoding = 4; lastKnownFileType = sourcecode.c.h; lineEnding = 0; name = ReadmillExampleAppDelegate.h; path = Classes/ReadmillExampleAppDelegate.h; sourceTree = "<group>"; xcLanguageSpecificationIdentifier = xcode.lang.objcpp; };
		96F0756C12F061C800F6369D /* ReadmillExampleAppDelegate.m */ = {isa = PBXFileReference; fileEncoding = 4; lastKnownFileType = sourcecode.c.objc; name = ReadmillExampleAppDelegate.m; path = Classes/ReadmillExampleAppDelegate.m; sourceTree = "<group>"; };
		96F0757712F0620600F6369D /* ReadmillSignedInViewController.h */ = {isa = PBXFileReference; fileEncoding = 4; lastKnownFileType = sourcecode.c.h; lineEnding = 0; name = ReadmillSignedInViewController.h; path = Classes/ReadmillSignedInViewController.h; sourceTree = "<group>"; xcLanguageSpecificationIdentifier = xcode.lang.objcpp; };
		96F0757812F0620600F6369D /* ReadmillSignedInViewController.m */ = {isa = PBXFileReference; fileEncoding = 4; lastKnownFileType = sourcecode.c.objc; lineEnding = 0; name = ReadmillSignedInViewController.m; path = Classes/ReadmillSignedInViewController.m; sourceTree = "<group>"; xcLanguageSpecificationIdentifier = xcode.lang.objc; };
		96F0757F12F0623400F6369D /* Readmill_Framework-Info.plist */ = {isa = PBXFileReference; fileEncoding = 4; lastKnownFileType = text.plist.xml; path = "Readmill_Framework-Info.plist"; sourceTree = "<group>"; };
		96F0758012F0623400F6369D /* Readmill_Framework-main.m */ = {isa = PBXFileReference; fileEncoding = 4; lastKnownFileType = sourcecode.c.objc; path = "Readmill_Framework-main.m"; sourceTree = "<group>"; };
		96F0758112F0623400F6369D /* Readmill_Framework-Prefix.pch */ = {isa = PBXFileReference; fileEncoding = 4; lastKnownFileType = sourcecode.c.h; path = "Readmill_Framework-Prefix.pch"; sourceTree = "<group>"; };
		96F0758512F0624100F6369D /* en */ = {isa = PBXFileReference; fileEncoding = 4; lastKnownFileType = text.plist.strings; name = en; path = en.lproj/InfoPlist.strings; sourceTree = "<group>"; };
		96F0758812F0624F00F6369D /* en */ = {isa = PBXFileReference; lastKnownFileType = file.xib; name = en; path = en.lproj/MainWindow.xib; sourceTree = "<group>"; };
		96F0758A12F0624F00F6369D /* en */ = {isa = PBXFileReference; lastKnownFileType = file.xib; name = en; path = en.lproj/ReadmillSignedInViewController.xib; sourceTree = "<group>"; };
/* End PBXFileReference section */

/* Begin PBXFrameworksBuildPhase section */
		734A51A0135A1DF5009F9794 /* Frameworks */ = {
			isa = PBXFrameworksBuildPhase;
			buildActionMask = 2147483647;
			files = (
				734A51A4135A1DF5009F9794 /* Foundation.framework in Frameworks */,
			);
			runOnlyForDeploymentPostprocessing = 0;
		};
		734A51A9135A1DF5009F9794 /* Frameworks */ = {
			isa = PBXFrameworksBuildPhase;
			buildActionMask = 2147483647;
			files = (
				33CCB96715613D6A00131265 /* QuartzCore.framework in Frameworks */,
				333BA9AF14C7563600A247BF /* libOCMock.a in Frameworks */,
				734A51AE135A1DF5009F9794 /* UIKit.framework in Frameworks */,
				734A51AF135A1DF5009F9794 /* Foundation.framework in Frameworks */,
				734A51B0135A1DF5009F9794 /* CoreGraphics.framework in Frameworks */,
				734A51B3135A1DF5009F9794 /* libReadmillAPI.a in Frameworks */,
			);
			runOnlyForDeploymentPostprocessing = 0;
		};
		7359F07D1733B7030074B33C /* Frameworks */ = {
			isa = PBXFrameworksBuildPhase;
			buildActionMask = 2147483647;
			files = (
				7359F07E1733B7030074B33C /* Foundation.framework in Frameworks */,
			);
			runOnlyForDeploymentPostprocessing = 0;
		};
		96BEAEC912F05E80006028D0 /* Frameworks */ = {
			isa = PBXFrameworksBuildPhase;
			buildActionMask = 2147483647;
			files = (
				735E41C3135A5C7500855884 /* libReadmillAPI.a in Frameworks */,
				9647F57C12F1A0140088CAA0 /* QuartzCore.framework in Frameworks */,
				96BEAED112F05E80006028D0 /* UIKit.framework in Frameworks */,
				96BEAED312F05E80006028D0 /* Foundation.framework in Frameworks */,
				96BEAED512F05E80006028D0 /* CoreGraphics.framework in Frameworks */,
			);
			runOnlyForDeploymentPostprocessing = 0;
		};
/* End PBXFrameworksBuildPhase section */

/* Begin PBXGroup section */
		333FC83614C717DD00DC62AD /* ReadmillReadingSession */ = {
			isa = PBXGroup;
			children = (
				96BEAEF912F06360006028D0 /* ReadmillReadingSession.h */,
				96BEAEFA12F06360006028D0 /* ReadmillReadingSession.m */,
			);
			name = ReadmillReadingSession;
			sourceTree = "<group>";
		};
		333FC84414C7193400DC62AD /* ReadmillAPIWrapper */ = {
			isa = PBXGroup;
			children = (
				333FC84514C7193D00DC62AD /* Internal */,
				96BEAEFE12F06360006028D0 /* ReadmillAPIWrapper.h */,
				96BEAEFF12F06360006028D0 /* ReadmillAPIWrapper.m */,
			);
			name = ReadmillAPIWrapper;
			sourceTree = "<group>";
		};
		333FC84514C7193D00DC62AD /* Internal */ = {
			isa = PBXGroup;
			children = (
				333FC84814C719F800DC62AD /* ReadmillAPIWrapper+Internal.h */,
				333FC84914C719F800DC62AD /* ReadmillAPIWrapper+Internal.m */,
			);
			name = Internal;
			sourceTree = "<group>";
		};
		33D9B987149BA50D00C6876E /* Products */ = {
			isa = PBXGroup;
			children = (
				33D9B990149BA50D00C6876E /* OCMock.framework */,
				33D9B992149BA50D00C6876E /* OCMockTests.octest */,
				33D9B994149BA50D00C6876E /* libOCMock.a */,
			);
			name = Products;
			sourceTree = "<group>";
		};
		73370FA11341187800880F5B /* Readmill Spinner */ = {
			isa = PBXGroup;
			children = (
				73370FA21341197300880F5B /* ReadmillSpinner.h */,
				73370FA31341197300880F5B /* ReadmillSpinner.m */,
			);
			name = "Readmill Spinner";
			sourceTree = "<group>";
		};
		734A51A5135A1DF5009F9794 /* Other sources */ = {
			isa = PBXGroup;
			children = (
				734A51A7135A1DF5009F9794 /* ReadmillAPI-Prefix.pch */,
			);
			name = "Other sources";
			path = ReadmillAPI;
			sourceTree = "<group>";
		};
		734A51B4135A1DF6009F9794 /* ReadmillAPITests */ = {
			isa = PBXGroup;
			children = (
				73992D721622F7D500C1693C /* ReadmillAPIUserTests.h */,
				73992D731622F7D500C1693C /* ReadmillAPIUserTests.m */,
				734A51BB135A1DF6009F9794 /* ReadmillAPIReadingTests.h */,
				734A51BD135A1DF6009F9794 /* ReadmillAPIReadingTests.m */,
				73992D6D1622E6A000C1693C /* ReadmillAPIBookTests.h */,
				73992D6E1622E6A000C1693C /* ReadmillAPIBookTests.m */,
				33EDA94514C6E2F900733C0A /* ReadmillPingTests.h */,
				33EDA94614C6E2F900733C0A /* ReadmillPingTests.m */,
				3313AEE914C82C910087EABF /* ReadmillHighlightTests.h */,
				3313AEEA14C82C910087EABF /* ReadmillHighlightTests.m */,
				734A51B5135A1DF6009F9794 /* Supporting Files */,
			);
			path = ReadmillAPITests;
			sourceTree = "<group>";
		};
		734A51B5135A1DF6009F9794 /* Supporting Files */ = {
			isa = PBXGroup;
			children = (
				3313AEE314C77C5D0087EABF /* OCMockObject+RMAdditions.h */,
				3313AEE414C77C5D0087EABF /* OCMockObject+RMAdditions.m */,
				734A51B6135A1DF6009F9794 /* ReadmillAPITests-Info.plist */,
				734A51B7135A1DF6009F9794 /* InfoPlist.strings */,
				734A51BA135A1DF6009F9794 /* ReadmillAPITests-Prefix.pch */,
				335E809D149BA94100BC8565 /* reading47783.json */,
				73992D701622E77B00C1693C /* book23.json */,
				73992D751622F85B00C1693C /* user49.json */,
			);
			name = "Supporting Files";
			sourceTree = "<group>";
		};
		735E41D7135A655B00855884 /* Readmill Helper Classes */ = {
			isa = PBXGroup;
			children = (
				735E41D8135A666D00855884 /* ReadmillPing.h */,
				735E41D9135A666D00855884 /* ReadmillPing.m */,
				73370EE71341172C00880F5B /* ReadmillDismissingView.h */,
				73370EE81341172C00880F5B /* ReadmillDismissingView.m */,
				73FA54011470323400CFC589 /* URL Connection */,
			);
			name = "Readmill Helper Classes";
			path = "Object Model";
			sourceTree = "<group>";
		};
		7398587D14713CE2007D42AD /* Documentation */ = {
			isa = PBXGroup;
			children = (
				7398588714713D2D007D42AD /* Images */,
			);
			name = Documentation;
			sourceTree = "<group>";
		};
		7398588714713D2D007D42AD /* Images */ = {
			isa = PBXGroup;
			children = (
				73603EEA1471465900889041 /* rm-overlay-views.png */,
				7398588814713F38007D42AD /* linkwithlibraries.png */,
				7398587E14713CF2007D42AD /* headersearchpaths.png */,
				7398587F14713CF2007D42AD /* otherlinkerflags.png */,
			);
			name = Images;
			path = Documentation/Images;
			sourceTree = "<group>";
		};
		73FA54011470323400CFC589 /* URL Connection */ = {
			isa = PBXGroup;
			children = (
				7318DE72142C94E50002152C /* ReadmillRequestOperation.h */,
				7318DE73142C94E50002152C /* ReadmillRequestOperation.m */,
			);
			name = "URL Connection";
			path = ..;
			sourceTree = "<group>";
		};
		73FA5402147082D700CFC589 /* JSONKit */ = {
			isa = PBXGroup;
			children = (
				735E3E6A13E06E1500930E8C /* JSONKit.h */,
				735E3E6B13E06E1500930E8C /* JSONKit.m */,
			);
			name = JSONKit;
			sourceTree = "<group>";
		};
		966E3E4F12F2F6EB0027E05F /* Linking A Book */ = {
			isa = PBXGroup;
			children = (
				96F0757712F0620600F6369D /* ReadmillSignedInViewController.h */,
				96F0757812F0620600F6369D /* ReadmillSignedInViewController.m */,
				96F0758912F0624F00F6369D /* ReadmillSignedInViewController.xib */,
			);
			name = "Linking A Book";
			sourceTree = "<group>";
		};
		966E3E5012F2F6FB0027E05F /* Authentication */ = {
			isa = PBXGroup;
			children = (
				96F0756B12F061C800F6369D /* ReadmillExampleAppDelegate.h */,
				96F0756C12F061C800F6369D /* ReadmillExampleAppDelegate.m */,
				966E3E5112F2F7290027E05F /* ReadmillSigningInViewController.h */,
				966E3E5212F2F7290027E05F /* ReadmillSigningInViewController.m */,
				966E3E5312F2F7290027E05F /* ReadmillSigningInViewController.xib */,
			);
			name = Authentication;
			sourceTree = "<group>";
		};
		96BEAEC112F05E80006028D0 = {
			isa = PBXGroup;
			children = (
				33D9B986149BA50D00C6876E /* OCMock.xcodeproj */,
				502698D1130C87D300E67974 /* README.md */,
				33B5E0FF152C7F9C00F14440 /* Readmill.bundle */,
				96BEAEF312F06360006028D0 /* ReadmillAPI */,
				96F0757A12F0620B00F6369D /* Example Application */,
				7398587D14713CE2007D42AD /* Documentation */,
				734A51A5135A1DF5009F9794 /* Other sources */,
				734A51B4135A1DF6009F9794 /* ReadmillAPITests */,
				96BEAECF12F05E80006028D0 /* Frameworks */,
				96BEAECD12F05E80006028D0 /* Products */,
			);
			sourceTree = "<group>";
			usesTabs = 0;
		};
		96BEAECD12F05E80006028D0 /* Products */ = {
			isa = PBXGroup;
			children = (
				733291061356FC0B0063FBF4 /* Readmill Example.app */,
				734A51AD135A1DF5009F9794 /* ReadmillAPITests.octest */,
				7359F09A1733B7030074B33C /* libReadmillAPI.a */,
			);
			name = Products;
			sourceTree = "<group>";
		};
		96BEAECF12F05E80006028D0 /* Frameworks */ = {
			isa = PBXGroup;
			children = (
				734A51A3135A1DF5009F9794 /* libReadmillAPI.a */,
				9647F57B12F1A0140088CAA0 /* QuartzCore.framework */,
				96BEAED012F05E80006028D0 /* UIKit.framework */,
				96BEAED212F05E80006028D0 /* Foundation.framework */,
				96BEAED412F05E80006028D0 /* CoreGraphics.framework */,
			);
			name = Frameworks;
			sourceTree = "<group>";
		};
		96BEAEF312F06360006028D0 /* ReadmillAPI */ = {
			isa = PBXGroup;
			children = (
				735EF9D4145EE43F00303F19 /* ReadmillAPI.h */,
				73FA5402147082D700CFC589 /* JSONKit */,
				735E41D7135A655B00855884 /* Readmill Helper Classes */,
				96BEAF3112F0636C006028D0 /* Additions */,
				96BEAEF412F06360006028D0 /* Object Model */,
				96BEAF3612F071D6006028D0 /* iPad UI */,
				73AA294F145EB41300CDBBD6 /* ReadmillAPIConfiguration.h */,
				73AA2950145EB41300CDBBD6 /* ReadmillAPIConfiguration.m */,
				333FC84414C7193400DC62AD /* ReadmillAPIWrapper */,
			);
			name = ReadmillAPI;
			path = Classes/Framework;
			sourceTree = "<group>";
		};
		96BEAEF412F06360006028D0 /* Object Model */ = {
			isa = PBXGroup;
			children = (
				333FC83614C717DD00DC62AD /* ReadmillReadingSession */,
				96BEAEF512F06360006028D0 /* ReadmillBook.h */,
				96BEAEF612F06360006028D0 /* ReadmillBook.m */,
				96BEAEF712F06360006028D0 /* ReadmillReading.h */,
				96BEAEF812F06360006028D0 /* ReadmillReading.m */,
				96BEAEFB12F06360006028D0 /* ReadmillUser.h */,
				96BEAEFC12F06360006028D0 /* ReadmillUser.m */,
				7320894416FC26AD00D1308C /* ReadmillHighlight.h */,
				7320894516FC26AD00D1308C /* ReadmillHighlight.m */,
				7320895316FC8D8000D1308C /* ReadmillComment.h */,
				7320895416FC8D8000D1308C /* ReadmillComment.m */,
			);
			path = "Object Model";
			sourceTree = "<group>";
		};
		96BEAF3112F0636C006028D0 /* Additions */ = {
			isa = PBXGroup;
			children = (
				731471EB1353601200A41B49 /* NSKeyedArchiver+ReadmillAdditions.h */,
				731471EC1353601200A41B49 /* NSKeyedArchiver+ReadmillAdditions.m */,
				731471C7135304F900A41B49 /* NSURL+ReadmillURLParameters.h */,
				731471C8135304F900A41B49 /* NSURL+ReadmillURLParameters.m */,
				96BEAF0012F06360006028D0 /* NSDictionary+ReadmillAdditions.h */,
				96BEAF0112F06360006028D0 /* NSDictionary+ReadmillAdditions.m */,
				96BEAF0212F06360006028D0 /* NSString+ReadmillAdditions.h */,
				96BEAF0312F06360006028D0 /* NSString+ReadmillAdditions.m */,
				736C85DF1459FFAF00C5E6B5 /* NSDate+ReadmillAdditions.h */,
				736C85E01459FFAF00C5E6B5 /* NSDate+ReadmillAdditions.m */,
				7318A469137D294800CBC7A4 /* NSError+ReadmillAdditions.h */,
				7318A46A137D294800CBC7A4 /* NSError+ReadmillAdditions.m */,
				332FD3911489062D00F755CD /* UIApplication+ReadmillNetworkActivity.h */,
				332FD3921489062D00F755CD /* UIApplication+ReadmillNetworkActivity.m */,
				73A3A28D162D6B6200E39AB8 /* NSDateFormatter+ReadmillAdditions.h */,
				73A3A28E162D6B6200E39AB8 /* NSDateFormatter+ReadmillAdditions.m */,
			);
			name = Additions;
			path = "Object Model";
			sourceTree = "<group>";
		};
		96BEAF3612F071D6006028D0 /* iPad UI */ = {
			isa = PBXGroup;
			children = (
				73370FA11341187800880F5B /* Readmill Spinner */,
				96E2A90212F192EF00D7D249 /* ReadmillUIPresenter.h */,
				96E2A90312F192EF00D7D249 /* ReadmillUIPresenter.m */,
			);
			name = "iPad UI";
			sourceTree = "<group>";
		};
		96F0757A12F0620B00F6369D /* Example Application */ = {
			isa = PBXGroup;
			children = (
				966E3E5012F2F6FB0027E05F /* Authentication */,
				966E3E4F12F2F6EB0027E05F /* Linking A Book */,
				96F0758712F0624F00F6369D /* MainWindow.xib */,
				33D9B952149B7D5900C6876E /* Default-Portrait~ipad.png */,
				33D9B94F149B7CE900C6876E /* logo.png */,
				96F0757B12F0622100F6369D /* Supporting Files */,
			);
			name = "Example Application";
			sourceTree = "<group>";
		};
		96F0757B12F0622100F6369D /* Supporting Files */ = {
			isa = PBXGroup;
			children = (
				96F0757F12F0623400F6369D /* Readmill_Framework-Info.plist */,
				96F0758012F0623400F6369D /* Readmill_Framework-main.m */,
				96F0758112F0623400F6369D /* Readmill_Framework-Prefix.pch */,
				96F0758412F0624100F6369D /* InfoPlist.strings */,
			);
			name = "Supporting Files";
			sourceTree = "<group>";
		};
/* End PBXGroup section */

/* Begin PBXHeadersBuildPhase section */
		734A51A1135A1DF5009F9794 /* Headers */ = {
			isa = PBXHeadersBuildPhase;
			buildActionMask = 2147483647;
			files = (
				734A51F2135A1E37009F9794 /* ReadmillBook.h in Headers */,
				734A51F4135A1E37009F9794 /* ReadmillReading.h in Headers */,
				734A51F6135A1E37009F9794 /* ReadmillReadingSession.h in Headers */,
				734A51F8135A1E37009F9794 /* ReadmillUser.h in Headers */,
				734A51FA135A1E3D009F9794 /* ReadmillDismissingView.h in Headers */,
				734A51FC135A1E41009F9794 /* ReadmillUIPresenter.h in Headers */,
				734A5202135A1E41009F9794 /* NSKeyedArchiver+ReadmillAdditions.h in Headers */,
				734A5205135A1E41009F9794 /* ReadmillAPIWrapper.h in Headers */,
				734A5207135A1E46009F9794 /* ReadmillSpinner.h in Headers */,
				7318DE74142C94E50002152C /* ReadmillRequestOperation.h in Headers */,
				734A51D7135A1E10009F9794 /* NSString+ReadmillAdditions.h in Headers */,
				734A51D5135A1E10009F9794 /* NSDictionary+ReadmillAdditions.h in Headers */,
				734A51D3135A1E10009F9794 /* NSURL+ReadmillURLParameters.h in Headers */,
				735E41DA135A666D00855884 /* ReadmillPing.h in Headers */,
				7318A46B137D294800CBC7A4 /* NSError+ReadmillAdditions.h in Headers */,
				736C85E3145A02A900C5E6B5 /* NSDate+ReadmillAdditions.h in Headers */,
				735EF9D5145EE43F00303F19 /* ReadmillAPI.h in Headers */,
				73AA2951145EB41300CDBBD6 /* ReadmillAPIConfiguration.h in Headers */,
				332FD3931489062E00F755CD /* UIApplication+ReadmillNetworkActivity.h in Headers */,
				333FC84A14C719F800DC62AD /* ReadmillAPIWrapper+Internal.h in Headers */,
				73A3A28F162D6B6200E39AB8 /* NSDateFormatter+ReadmillAdditions.h in Headers */,
				7320894916FC350000D1308C /* ReadmillHighlight.h in Headers */,
				7320895816FC9AFF00D1308C /* ReadmillComment.h in Headers */,
			);
			runOnlyForDeploymentPostprocessing = 0;
		};
		7359F07F1733B7030074B33C /* Headers */ = {
			isa = PBXHeadersBuildPhase;
			buildActionMask = 2147483647;
			files = (
				7359F0801733B7030074B33C /* ReadmillBook.h in Headers */,
				7359F0811733B7030074B33C /* ReadmillReading.h in Headers */,
				7359F0821733B7030074B33C /* ReadmillReadingSession.h in Headers */,
				7359F0831733B7030074B33C /* ReadmillUser.h in Headers */,
				7359F0841733B7030074B33C /* ReadmillDismissingView.h in Headers */,
				7359F0851733B7030074B33C /* ReadmillUIPresenter.h in Headers */,
				7359F0861733B7030074B33C /* NSKeyedArchiver+ReadmillAdditions.h in Headers */,
				7359F0871733B7030074B33C /* ReadmillAPIWrapper.h in Headers */,
				7359F0881733B7030074B33C /* ReadmillSpinner.h in Headers */,
				7359F0891733B7030074B33C /* ReadmillRequestOperation.h in Headers */,
				7359F08A1733B7030074B33C /* NSString+ReadmillAdditions.h in Headers */,
				7359F08B1733B7030074B33C /* NSDictionary+ReadmillAdditions.h in Headers */,
				7359F08C1733B7030074B33C /* NSURL+ReadmillURLParameters.h in Headers */,
				7359F08D1733B7030074B33C /* ReadmillPing.h in Headers */,
				7359F08E1733B7030074B33C /* NSError+ReadmillAdditions.h in Headers */,
				7359F08F1733B7030074B33C /* NSDate+ReadmillAdditions.h in Headers */,
				7359F0901733B7030074B33C /* ReadmillAPI.h in Headers */,
				7359F0911733B7030074B33C /* ReadmillAPIConfiguration.h in Headers */,
				7359F0921733B7030074B33C /* UIApplication+ReadmillNetworkActivity.h in Headers */,
				7359F0931733B7030074B33C /* ReadmillAPIWrapper+Internal.h in Headers */,
				7359F0941733B7030074B33C /* NSDateFormatter+ReadmillAdditions.h in Headers */,
				7359F0951733B7030074B33C /* ReadmillHighlight.h in Headers */,
				7359F0961733B7030074B33C /* ReadmillComment.h in Headers */,
			);
			runOnlyForDeploymentPostprocessing = 0;
		};
/* End PBXHeadersBuildPhase section */

/* Begin PBXNativeTarget section */
		734A51A2135A1DF5009F9794 /* ReadmillAPI */ = {
			isa = PBXNativeTarget;
			buildConfigurationList = 734A51BF135A1DF6009F9794 /* Build configuration list for PBXNativeTarget "ReadmillAPI" */;
			buildPhases = (
				734A519F135A1DF5009F9794 /* Sources */,
				734A51A0135A1DF5009F9794 /* Frameworks */,
				734A51A1135A1DF5009F9794 /* Headers */,
			);
			buildRules = (
			);
			dependencies = (
			);
			name = ReadmillAPI;
			productName = ReadmillAPI;
			productReference = 734A51A3135A1DF5009F9794 /* libReadmillAPI.a */;
			productType = "com.apple.product-type.library.static";
		};
		734A51AC135A1DF5009F9794 /* ReadmillAPITests */ = {
			isa = PBXNativeTarget;
			buildConfigurationList = 734A51C3135A1DF6009F9794 /* Build configuration list for PBXNativeTarget "ReadmillAPITests" */;
			buildPhases = (
				734A51A8135A1DF5009F9794 /* Sources */,
				734A51A9135A1DF5009F9794 /* Frameworks */,
				734A51AA135A1DF5009F9794 /* Resources */,
				734A51AB135A1DF5009F9794 /* ShellScript */,
			);
			buildRules = (
			);
			dependencies = (
				333BA9A914C7558900A247BF /* PBXTargetDependency */,
				734A51B2135A1DF5009F9794 /* PBXTargetDependency */,
			);
			name = ReadmillAPITests;
			productName = ReadmillAPITests;
			productReference = 734A51AD135A1DF5009F9794 /* ReadmillAPITests.octest */;
			productType = "com.apple.product-type.bundle";
		};
		7359F0641733B7030074B33C /* ReadmillMacAPI */ = {
			isa = PBXNativeTarget;
			buildConfigurationList = 7359F0971733B7030074B33C /* Build configuration list for PBXNativeTarget "ReadmillMacAPI" */;
			buildPhases = (
				7359F0651733B7030074B33C /* Sources */,
				7359F07D1733B7030074B33C /* Frameworks */,
				7359F07F1733B7030074B33C /* Headers */,
			);
			buildRules = (
			);
			dependencies = (
			);
			name = ReadmillMacAPI;
			productName = ReadmillAPI;
			productReference = 7359F09A1733B7030074B33C /* libReadmillAPI.a */;
			productType = "com.apple.product-type.library.static";
		};
		96BEAECB12F05E80006028D0 /* Readmill Example */ = {
			isa = PBXNativeTarget;
			buildConfigurationList = 96BEAEED12F05E80006028D0 /* Build configuration list for PBXNativeTarget "Readmill Example" */;
			buildPhases = (
				96BEAEC812F05E80006028D0 /* Sources */,
				96BEAEC912F05E80006028D0 /* Frameworks */,
				96BEAECA12F05E80006028D0 /* Resources */,
			);
			buildRules = (
			);
			dependencies = (
				7393DFEA13AB6E72005DF46E /* PBXTargetDependency */,
			);
			name = "Readmill Example";
			productName = "Readmill Framework";
			productReference = 733291061356FC0B0063FBF4 /* Readmill Example.app */;
			productType = "com.apple.product-type.application";
		};
/* End PBXNativeTarget section */

/* Begin PBXProject section */
		96BEAEC312F05E80006028D0 /* Project object */ = {
			isa = PBXProject;
			attributes = {
				LastUpgradeCheck = 0450;
				ORGANIZATIONNAME = "Readmill Network LTD";
			};
			buildConfigurationList = 96BEAEC612F05E80006028D0 /* Build configuration list for PBXProject "ReadmillAPI" */;
			compatibilityVersion = "Xcode 3.2";
			developmentRegion = English;
			hasScannedForEncodings = 0;
			knownRegions = (
				en,
			);
			mainGroup = 96BEAEC112F05E80006028D0;
			productRefGroup = 96BEAECD12F05E80006028D0 /* Products */;
			projectDirPath = "";
			projectReferences = (
				{
					ProductGroup = 33D9B987149BA50D00C6876E /* Products */;
					ProjectRef = 33D9B986149BA50D00C6876E /* OCMock.xcodeproj */;
				},
			);
			projectRoot = "";
			targets = (
				96BEAECB12F05E80006028D0 /* Readmill Example */,
				734A51A2135A1DF5009F9794 /* ReadmillAPI */,
				7359F0641733B7030074B33C /* ReadmillMacAPI */,
				734A51AC135A1DF5009F9794 /* ReadmillAPITests */,
			);
		};
/* End PBXProject section */

/* Begin PBXReferenceProxy section */
		33D9B990149BA50D00C6876E /* OCMock.framework */ = {
			isa = PBXReferenceProxy;
			fileType = wrapper.framework;
			path = OCMock.framework;
			remoteRef = 33D9B98F149BA50D00C6876E /* PBXContainerItemProxy */;
			sourceTree = BUILT_PRODUCTS_DIR;
		};
		33D9B992149BA50D00C6876E /* OCMockTests.octest */ = {
			isa = PBXReferenceProxy;
			fileType = wrapper.cfbundle;
			path = OCMockTests.octest;
			remoteRef = 33D9B991149BA50D00C6876E /* PBXContainerItemProxy */;
			sourceTree = BUILT_PRODUCTS_DIR;
		};
		33D9B994149BA50D00C6876E /* libOCMock.a */ = {
			isa = PBXReferenceProxy;
			fileType = archive.ar;
			path = libOCMock.a;
			remoteRef = 33D9B993149BA50D00C6876E /* PBXContainerItemProxy */;
			sourceTree = BUILT_PRODUCTS_DIR;
		};
/* End PBXReferenceProxy section */

/* Begin PBXResourcesBuildPhase section */
		734A51AA135A1DF5009F9794 /* Resources */ = {
			isa = PBXResourcesBuildPhase;
			buildActionMask = 2147483647;
			files = (
				734A51B9135A1DF6009F9794 /* InfoPlist.strings in Resources */,
				734A51BC135A1DF6009F9794 /* ReadmillAPIReadingTests.h in Resources */,
				335E809E149BA94100BC8565 /* reading47783.json in Resources */,
				73992D711622E77B00C1693C /* book23.json in Resources */,
				73992D761622F85B00C1693C /* user49.json in Resources */,
			);
			runOnlyForDeploymentPostprocessing = 0;
		};
		96BEAECA12F05E80006028D0 /* Resources */ = {
			isa = PBXResourcesBuildPhase;
			buildActionMask = 2147483647;
			files = (
				96F0758612F0624100F6369D /* InfoPlist.strings in Resources */,
				96F0758B12F0624F00F6369D /* MainWindow.xib in Resources */,
				96F0758C12F0624F00F6369D /* ReadmillSignedInViewController.xib in Resources */,
				966E3E5512F2F7290027E05F /* ReadmillSigningInViewController.xib in Resources */,
				502698D2130C87D400E67974 /* README.md in Resources */,
				7398588214713CF2007D42AD /* headersearchpaths.png in Resources */,
				7398588314713CF2007D42AD /* otherlinkerflags.png in Resources */,
				7398588914713F38007D42AD /* linkwithlibraries.png in Resources */,
				73603EEB1471465900889041 /* rm-overlay-views.png in Resources */,
				33D9B950149B7CE900C6876E /* logo.png in Resources */,
				33D9B953149B7D5900C6876E /* Default-Portrait~ipad.png in Resources */,
			);
			runOnlyForDeploymentPostprocessing = 0;
		};
/* End PBXResourcesBuildPhase section */

/* Begin PBXShellScriptBuildPhase section */
		734A51AB135A1DF5009F9794 /* ShellScript */ = {
			isa = PBXShellScriptBuildPhase;
			buildActionMask = 2147483647;
			files = (
			);
			inputPaths = (
			);
			outputPaths = (
			);
			runOnlyForDeploymentPostprocessing = 0;
			shellPath = /bin/sh;
			shellScript = "# Run the unit tests in this test bundle.\n\"${SYSTEM_DEVELOPER_DIR}/Tools/RunUnitTests\"\n";
		};
/* End PBXShellScriptBuildPhase section */

/* Begin PBXSourcesBuildPhase section */
		734A519F135A1DF5009F9794 /* Sources */ = {
			isa = PBXSourcesBuildPhase;
			buildActionMask = 2147483647;
			files = (
				73A3A294162D85A900E39AB8 /* JSONKit.m in Sources */,
				734A51D4135A1E10009F9794 /* NSURL+ReadmillURLParameters.m in Sources */,
				734A51D6135A1E10009F9794 /* NSDictionary+ReadmillAdditions.m in Sources */,
				734A51F3135A1E37009F9794 /* ReadmillBook.m in Sources */,
				734A51F5135A1E37009F9794 /* ReadmillReading.m in Sources */,
				734A51F7135A1E37009F9794 /* ReadmillReadingSession.m in Sources */,
				734A51F9135A1E37009F9794 /* ReadmillUser.m in Sources */,
				734A51FB135A1E3D009F9794 /* ReadmillDismissingView.m in Sources */,
				734A51FD135A1E41009F9794 /* ReadmillUIPresenter.m in Sources */,
				734A5203135A1E41009F9794 /* NSKeyedArchiver+ReadmillAdditions.m in Sources */,
				734A5206135A1E41009F9794 /* ReadmillAPIWrapper.m in Sources */,
				735E41DB135A666D00855884 /* ReadmillPing.m in Sources */,
				7318A46C137D294800CBC7A4 /* NSError+ReadmillAdditions.m in Sources */,
				7318DE76142C94E50002152C /* ReadmillRequestOperation.m in Sources */,
				736C85E4145A964C00C5E6B5 /* NSDate+ReadmillAdditions.m in Sources */,
				73AA2952145EB41300CDBBD6 /* ReadmillAPIConfiguration.m in Sources */,
				73FA5403147085F900CFC589 /* NSString+ReadmillAdditions.m in Sources */,
				735F50D11470898E0069A553 /* ReadmillSpinner.m in Sources */,
				332FD3941489062E00F755CD /* UIApplication+ReadmillNetworkActivity.m in Sources */,
				333FC84B14C719F800DC62AD /* ReadmillAPIWrapper+Internal.m in Sources */,
				73A3A290162D6B6200E39AB8 /* NSDateFormatter+ReadmillAdditions.m in Sources */,
				7320894A16FC350A00D1308C /* ReadmillHighlight.m in Sources */,
				7320895916FC9B0200D1308C /* ReadmillComment.m in Sources */,
			);
			runOnlyForDeploymentPostprocessing = 0;
		};
		734A51A8135A1DF5009F9794 /* Sources */ = {
			isa = PBXSourcesBuildPhase;
			buildActionMask = 2147483647;
			files = (
				734A51BE135A1DF6009F9794 /* ReadmillAPIReadingTests.m in Sources */,
				3313AEE514C77C5D0087EABF /* OCMockObject+RMAdditions.m in Sources */,
				33028E8514CD582100257CA6 /* ReadmillPingTests.m in Sources */,
				33028E8914CD582400257CA6 /* ReadmillHighlightTests.m in Sources */,
				73992D6F1622E6A000C1693C /* ReadmillAPIBookTests.m in Sources */,
				73992D741622F7D500C1693C /* ReadmillAPIUserTests.m in Sources */,
			);
			runOnlyForDeploymentPostprocessing = 0;
		};
		7359F0651733B7030074B33C /* Sources */ = {
			isa = PBXSourcesBuildPhase;
			buildActionMask = 2147483647;
			files = (
				7359F0661733B7030074B33C /* JSONKit.m in Sources */,
				7359F0671733B7030074B33C /* NSURL+ReadmillURLParameters.m in Sources */,
				7359F0681733B7030074B33C /* NSDictionary+ReadmillAdditions.m in Sources */,
				7359F0691733B7030074B33C /* ReadmillBook.m in Sources */,
				7359F06A1733B7030074B33C /* ReadmillReading.m in Sources */,
				7359F06B1733B7030074B33C /* ReadmillReadingSession.m in Sources */,
				7359F06C1733B7030074B33C /* ReadmillUser.m in Sources */,
				7359F06F1733B7030074B33C /* NSKeyedArchiver+ReadmillAdditions.m in Sources */,
				7359F0701733B7030074B33C /* ReadmillAPIWrapper.m in Sources */,
				7359F0711733B7030074B33C /* ReadmillPing.m in Sources */,
				7359F0721733B7030074B33C /* NSError+ReadmillAdditions.m in Sources */,
				7359F0731733B7030074B33C /* ReadmillRequestOperation.m in Sources */,
				7359F0741733B7030074B33C /* NSDate+ReadmillAdditions.m in Sources */,
				7359F0751733B7030074B33C /* ReadmillAPIConfiguration.m in Sources */,
				7359F0761733B7030074B33C /* NSString+ReadmillAdditions.m in Sources */,
				7359F0791733B7030074B33C /* ReadmillAPIWrapper+Internal.m in Sources */,
				7359F07A1733B7030074B33C /* NSDateFormatter+ReadmillAdditions.m in Sources */,
				7359F07B1733B7030074B33C /* ReadmillHighlight.m in Sources */,
				7359F07C1733B7030074B33C /* ReadmillComment.m in Sources */,
			);
			runOnlyForDeploymentPostprocessing = 0;
		};
		96BEAEC812F05E80006028D0 /* Sources */ = {
			isa = PBXSourcesBuildPhase;
			buildActionMask = 2147483647;
			files = (
				96F0756D12F061C800F6369D /* ReadmillExampleAppDelegate.m in Sources */,
				96F0757912F0620600F6369D /* ReadmillSignedInViewController.m in Sources */,
				96F0758312F0623400F6369D /* Readmill_Framework-main.m in Sources */,
				966E3E5412F2F7290027E05F /* ReadmillSigningInViewController.m in Sources */,
			);
			runOnlyForDeploymentPostprocessing = 0;
		};
/* End PBXSourcesBuildPhase section */

/* Begin PBXTargetDependency section */
		333BA9A914C7558900A247BF /* PBXTargetDependency */ = {
			isa = PBXTargetDependency;
			name = OCMockLib;
			targetProxy = 333BA9A814C7558900A247BF /* PBXContainerItemProxy */;
		};
		734A51B2135A1DF5009F9794 /* PBXTargetDependency */ = {
			isa = PBXTargetDependency;
			target = 734A51A2135A1DF5009F9794 /* ReadmillAPI */;
			targetProxy = 734A51B1135A1DF5009F9794 /* PBXContainerItemProxy */;
		};
		7393DFEA13AB6E72005DF46E /* PBXTargetDependency */ = {
			isa = PBXTargetDependency;
			target = 734A51A2135A1DF5009F9794 /* ReadmillAPI */;
			targetProxy = 7393DFE913AB6E72005DF46E /* PBXContainerItemProxy */;
		};
/* End PBXTargetDependency section */

/* Begin PBXVariantGroup section */
		734A51B7135A1DF6009F9794 /* InfoPlist.strings */ = {
			isa = PBXVariantGroup;
			children = (
				734A51B8135A1DF6009F9794 /* en */,
			);
			name = InfoPlist.strings;
			sourceTree = "<group>";
		};
		96F0758412F0624100F6369D /* InfoPlist.strings */ = {
			isa = PBXVariantGroup;
			children = (
				96F0758512F0624100F6369D /* en */,
			);
			name = InfoPlist.strings;
			sourceTree = "<group>";
		};
		96F0758712F0624F00F6369D /* MainWindow.xib */ = {
			isa = PBXVariantGroup;
			children = (
				96F0758812F0624F00F6369D /* en */,
			);
			name = MainWindow.xib;
			sourceTree = "<group>";
		};
		96F0758912F0624F00F6369D /* ReadmillSignedInViewController.xib */ = {
			isa = PBXVariantGroup;
			children = (
				96F0758A12F0624F00F6369D /* en */,
			);
			name = ReadmillSignedInViewController.xib;
			sourceTree = "<group>";
		};
/* End PBXVariantGroup section */

/* Begin XCBuildConfiguration section */
		734A51C0135A1DF6009F9794 /* Debug */ = {
			isa = XCBuildConfiguration;
			buildSettings = {
				ARCHS = "$(ARCHS_STANDARD_32_BIT)";
				GCC_PRECOMPILE_PREFIX_HEADER = YES;
				GCC_PREFIX_HEADER = "ReadmillAPI/ReadmillAPI-Prefix.pch";
				GCC_SYMBOLS_PRIVATE_EXTERN = NO;
				IPHONEOS_DEPLOYMENT_TARGET = 5.0;
				PRODUCT_NAME = ReadmillAPI;
				PUBLIC_HEADERS_FOLDER_PATH = ReadmillAPI;
				SKIP_INSTALL = YES;
				SUPPORTED_PLATFORMS = "iphonesimulator iphoneos";
			};
			name = Debug;
		};
		734A51C1135A1DF6009F9794 /* Release */ = {
			isa = XCBuildConfiguration;
			buildSettings = {
				ARCHS = "$(ARCHS_STANDARD_32_BIT)";
				GCC_PRECOMPILE_PREFIX_HEADER = YES;
				GCC_PREFIX_HEADER = "ReadmillAPI/ReadmillAPI-Prefix.pch";
				IPHONEOS_DEPLOYMENT_TARGET = 5.0;
				PRODUCT_NAME = ReadmillAPI;
				PUBLIC_HEADERS_FOLDER_PATH = ReadmillAPI;
				SKIP_INSTALL = YES;
				SUPPORTED_PLATFORMS = "iphonesimulator iphoneos";
			};
			name = Release;
		};
		734A51C4135A1DF6009F9794 /* Debug */ = {
			isa = XCBuildConfiguration;
			buildSettings = {
				FRAMEWORK_SEARCH_PATHS = (
					"$(SDKROOT)/Developer/Library/Frameworks",
					"$(DEVELOPER_LIBRARY_DIR)/Frameworks",
				);
				GCC_PRECOMPILE_PREFIX_HEADER = YES;
				GCC_PREFIX_HEADER = "ReadmillAPITests/ReadmillAPITests-Prefix.pch";
				GCC_SYMBOLS_PRIVATE_EXTERN = NO;
				HEADER_SEARCH_PATHS = "$(PROJECT_DIR)/Libraries/Headers/**";
				INFOPLIST_FILE = "ReadmillAPITests/ReadmillAPITests-Info.plist";
				IPHONEOS_DEPLOYMENT_TARGET = 4.3;
				LIBRARY_SEARCH_PATHS = (
					"$(inherited)",
					"$(PROJECT_DIR)/Libraries",
				);
				OTHER_LDFLAGS = (
					"-framework",
					SenTestingKit,
					"-all_load",
					"-ObjC",
				);
				PRODUCT_NAME = "$(TARGET_NAME)";
				USER_HEADER_SEARCH_PATHS = "$(PROJECT_DIR)/Library/Headers";
				WRAPPER_EXTENSION = octest;
			};
			name = Debug;
		};
		734A51C5135A1DF6009F9794 /* Release */ = {
			isa = XCBuildConfiguration;
			buildSettings = {
				FRAMEWORK_SEARCH_PATHS = (
					"$(SDKROOT)/Developer/Library/Frameworks",
					"$(DEVELOPER_LIBRARY_DIR)/Frameworks",
				);
				GCC_PRECOMPILE_PREFIX_HEADER = YES;
				GCC_PREFIX_HEADER = "ReadmillAPITests/ReadmillAPITests-Prefix.pch";
				HEADER_SEARCH_PATHS = "$(PROJECT_DIR)/Libraries/Headers/**";
				INFOPLIST_FILE = "ReadmillAPITests/ReadmillAPITests-Info.plist";
				IPHONEOS_DEPLOYMENT_TARGET = 4.3;
				LIBRARY_SEARCH_PATHS = (
					"$(inherited)",
					"$(PROJECT_DIR)/Libraries",
				);
				OTHER_LDFLAGS = (
					"-framework",
					SenTestingKit,
					"-all_load",
					"-ObjC",
				);
				PRODUCT_NAME = "$(TARGET_NAME)";
				USER_HEADER_SEARCH_PATHS = "$(PROJECT_DIR)/Library/Headers";
				WRAPPER_EXTENSION = octest;
			};
			name = Release;
		};
		7359F0981733B7030074B33C /* Debug */ = {
			isa = XCBuildConfiguration;
			buildSettings = {
				ARCHS = "$(NATIVE_ARCH_ACTUAL)";
				GCC_PRECOMPILE_PREFIX_HEADER = YES;
				GCC_PREFIX_HEADER = "ReadmillAPI/ReadmillAPI-Prefix.pch";
				GCC_SYMBOLS_PRIVATE_EXTERN = NO;
				IPHONEOS_DEPLOYMENT_TARGET = 5.0;
				PRODUCT_NAME = ReadmillAPI;
				PUBLIC_HEADERS_FOLDER_PATH = ReadmillAPI;
				SDKROOT = macosx;
				SKIP_INSTALL = YES;
				SUPPORTED_PLATFORMS = macosx;
			};
			name = Debug;
		};
		7359F0991733B7030074B33C /* Release */ = {
			isa = XCBuildConfiguration;
			buildSettings = {
				ARCHS = "$(NATIVE_ARCH_ACTUAL)";
				GCC_PRECOMPILE_PREFIX_HEADER = YES;
				GCC_PREFIX_HEADER = "ReadmillAPI/ReadmillAPI-Prefix.pch";
				IPHONEOS_DEPLOYMENT_TARGET = 5.0;
				PRODUCT_NAME = ReadmillAPI;
				PUBLIC_HEADERS_FOLDER_PATH = ReadmillAPI;
				SDKROOT = macosx;
				SKIP_INSTALL = YES;
				SUPPORTED_PLATFORMS = macosx;
			};
			name = Release;
		};
		96BEAEEB12F05E80006028D0 /* Debug */ = {
			isa = XCBuildConfiguration;
			buildSettings = {
				GCC_C_LANGUAGE_STANDARD = gnu99;
				GCC_OPTIMIZATION_LEVEL = 0;
				GCC_PREPROCESSOR_DEFINITIONS = DEBUG;
				IPHONEOS_DEPLOYMENT_TARGET = 4.2;
				SDKROOT = iphoneos;
				TARGETED_DEVICE_FAMILY = 2;
			};
			name = Debug;
		};
		96BEAEEC12F05E80006028D0 /* Release */ = {
			isa = XCBuildConfiguration;
			buildSettings = {
				GCC_C_LANGUAGE_STANDARD = gnu99;
				IPHONEOS_DEPLOYMENT_TARGET = 4.2;
				OTHER_CFLAGS = "-DNS_BLOCK_ASSERTIONS=1";
				SDKROOT = iphoneos;
				TARGETED_DEVICE_FAMILY = 2;
			};
			name = Release;
		};
		96BEAEEE12F05E80006028D0 /* Debug */ = {
			isa = XCBuildConfiguration;
			buildSettings = {
				CODE_SIGN_IDENTITY = "iPhone Developer";
				COPY_PHASE_STRIP = NO;
				GCC_DYNAMIC_NO_PIC = NO;
				GCC_PRECOMPILE_PREFIX_HEADER = YES;
				GCC_PREFIX_HEADER = "Readmill_Framework-Prefix.pch";
				INFOPLIST_FILE = "Readmill_Framework-Info.plist";
				LIBRARY_SEARCH_PATHS = "$(inherited)";
				OTHER_LDFLAGS = (
					"-ObjC",
					"-all_load",
				);
				PRODUCT_NAME = "Readmill Example";
				PROVISIONING_PROFILE = "";
				RUN_CLANG_STATIC_ANALYZER = YES;
			};
			name = Debug;
		};
		96BEAEEF12F05E80006028D0 /* Release */ = {
			isa = XCBuildConfiguration;
			buildSettings = {
				CODE_SIGN_IDENTITY = "iPhone Developer";
				COPY_PHASE_STRIP = YES;
				GCC_PRECOMPILE_PREFIX_HEADER = YES;
				GCC_PREFIX_HEADER = "Readmill_Framework-Prefix.pch";
				INFOPLIST_FILE = "Readmill_Framework-Info.plist";
				LIBRARY_SEARCH_PATHS = "$(inherited)";
				OTHER_LDFLAGS = (
					"-ObjC",
					"-all_load",
				);
				PRODUCT_NAME = "Readmill Example";
				PROVISIONING_PROFILE = "";
				RUN_CLANG_STATIC_ANALYZER = YES;
			};
			name = Release;
		};
/* End XCBuildConfiguration section */

/* Begin XCConfigurationList section */
		734A51BF135A1DF6009F9794 /* Build configuration list for PBXNativeTarget "ReadmillAPI" */ = {
			isa = XCConfigurationList;
			buildConfigurations = (
				734A51C0135A1DF6009F9794 /* Debug */,
				734A51C1135A1DF6009F9794 /* Release */,
			);
			defaultConfigurationIsVisible = 0;
			defaultConfigurationName = Release;
		};
		734A51C3135A1DF6009F9794 /* Build configuration list for PBXNativeTarget "ReadmillAPITests" */ = {
			isa = XCConfigurationList;
			buildConfigurations = (
				734A51C4135A1DF6009F9794 /* Debug */,
				734A51C5135A1DF6009F9794 /* Release */,
			);
			defaultConfigurationIsVisible = 0;
			defaultConfigurationName = Release;
		};
		7359F0971733B7030074B33C /* Build configuration list for PBXNativeTarget "ReadmillMacAPI" */ = {
			isa = XCConfigurationList;
			buildConfigurations = (
				7359F0981733B7030074B33C /* Debug */,
				7359F0991733B7030074B33C /* Release */,
			);
			defaultConfigurationIsVisible = 0;
			defaultConfigurationName = Release;
		};
		96BEAEC612F05E80006028D0 /* Build configuration list for PBXProject "ReadmillAPI" */ = {
			isa = XCConfigurationList;
			buildConfigurations = (
				96BEAEEB12F05E80006028D0 /* Debug */,
				96BEAEEC12F05E80006028D0 /* Release */,
			);
			defaultConfigurationIsVisible = 0;
			defaultConfigurationName = Release;
		};
		96BEAEED12F05E80006028D0 /* Build configuration list for PBXNativeTarget "Readmill Example" */ = {
			isa = XCConfigurationList;
			buildConfigurations = (
				96BEAEEE12F05E80006028D0 /* Debug */,
				96BEAEEF12F05E80006028D0 /* Release */,
			);
			defaultConfigurationIsVisible = 0;
			defaultConfigurationName = Release;
		};
/* End XCConfigurationList section */
	};
	rootObject = 96BEAEC312F05E80006028D0 /* Project object */;
}
